
Microsoft Visual Studio Solution File, Format Version 11.00
# Visual Studio 2010
Project("{FAE04EC0-301F-11D3-BF4B-00C04F79EFBC}") = "DemoConfig", "DemoConfig\DemoConfig.csproj", "{4F8F6A4A-8381-40D8-8AC5-FCF3BA96A866}"
EndProject
Project("{FAE04EC0-301F-11D3-BF4B-00C04F79EFBC}") = "SharpMapProvider", "SharpMapProvider\SharpMapProvider.csproj", "{55A31E36-4EA3-42EE-BCAC-2735AA082457}"
EndProject
Project("{FAE04EC0-301F-11D3-BF4B-00C04F79EFBC}") = "Mapsui.Forms", "Mapsui.Forms\Mapsui.Forms.csproj", "{4E40E824-96B8-4F98-A0F8-2DBDF9D3DCE5}"
EndProject
Project("{FAE04EC0-301F-11D3-BF4B-00C04F79EFBC}") = "Mapsui.WinForms", "Mapsui.WinForms\Mapsui.WinForms.csproj", "{DB2276E9-C6BB-4335-9D23-AC26A74E0F08}"
EndProject
Project("{FAE04EC0-301F-11D3-BF4B-00C04F79EFBC}") = "Mapsui.Windows", "Mapsui.Windows\Mapsui.Windows.csproj", "{9142A5C9-38F9-42DF-8E9A-79E5A919151F}"
EndProject
Project("{FAE04EC0-301F-11D3-BF4B-00C04F79EFBC}") = "Mapsui.Wpf", "Mapsui.Wpf\Mapsui.Wpf.csproj", "{90014F5A-11D6-4FE5-B9CF-47E810A5AF90}"
EndProject
Project("{FAE04EC0-301F-11D3-BF4B-00C04F79EFBC}") = "GdiRendering", "GdiRendering\GdiRendering.csproj", "{B7ADBCD6-71AA-48E5-AD04-54649B73773C}"
EndProject
Project("{FAE04EC0-301F-11D3-BF4B-00C04F79EFBC}") = "SharpMap", "SharpMapCore\SharpMap.csproj", "{65A23C7B-E21D-40D7-A8AF-2E72A01E9A5B}"
EndProject
Project("{FAE04EC0-301F-11D3-BF4B-00C04F79EFBC}") = "SilverlightRendering", "SilverlightRendering\SilverlightRendering.csproj", "{612450F3-5EF0-4648-9542-2B3578583243}"
EndProject
Project("{FAE04EC0-301F-11D3-BF4B-00C04F79EFBC}") = "SharpMap.Providers", "SharpMap.Providers\SharpMap.Providers.csproj", "{3E99181D-B701-493F-AFAE-109D023935F7}"
EndProject
Project("{FAE04EC0-301F-11D3-BF4B-00C04F79EFBC}") = "SharpMap.Samples", "SharpMap.Samples\SharpMap.Samples.csproj", "{036B6E0A-C34C-4EE6-A359-C467D7E9D1EF}"
EndProject
Project("{FAE04EC0-301F-11D3-BF4B-00C04F79EFBC}") = "SharpMap.WmsServer", "SharpMap.WmsServer\SharpMap.WmsServer.csproj", "{4F0D111C-87B6-4F86-B160-35E0E321D728}"
EndProject
Global
	GlobalSection(SolutionConfigurationPlatforms) = preSolution
		Addins debug|Any CPU = Addins debug|Any CPU
		Debug|Any CPU = Debug|Any CPU
		Release|Any CPU = Release|Any CPU
	EndGlobalSection
	GlobalSection(ProjectConfigurationPlatforms) = postSolution
		{4F8F6A4A-8381-40D8-8AC5-FCF3BA96A866}.Addins debug|Any CPU.ActiveCfg = Release|Any CPU
		{4F8F6A4A-8381-40D8-8AC5-FCF3BA96A866}.Addins debug|Any CPU.Build.0 = Release|Any CPU
		{4F8F6A4A-8381-40D8-8AC5-FCF3BA96A866}.Debug|Any CPU.ActiveCfg = Debug|Any CPU
		{4F8F6A4A-8381-40D8-8AC5-FCF3BA96A866}.Debug|Any CPU.Build.0 = Debug|Any CPU
		{4F8F6A4A-8381-40D8-8AC5-FCF3BA96A866}.Release|Any CPU.ActiveCfg = Release|Any CPU
		{4F8F6A4A-8381-40D8-8AC5-FCF3BA96A866}.Release|Any CPU.Build.0 = Release|Any CPU
		{55A31E36-4EA3-42EE-BCAC-2735AA082457}.Addins debug|Any CPU.ActiveCfg = Release|Any CPU
		{55A31E36-4EA3-42EE-BCAC-2735AA082457}.Addins debug|Any CPU.Build.0 = Release|Any CPU
		{55A31E36-4EA3-42EE-BCAC-2735AA082457}.Debug|Any CPU.ActiveCfg = Debug|Any CPU
		{55A31E36-4EA3-42EE-BCAC-2735AA082457}.Debug|Any CPU.Build.0 = Debug|Any CPU
		{55A31E36-4EA3-42EE-BCAC-2735AA082457}.Release|Any CPU.ActiveCfg = Release|Any CPU
		{55A31E36-4EA3-42EE-BCAC-2735AA082457}.Release|Any CPU.Build.0 = Release|Any CPU
		{4E40E824-96B8-4F98-A0F8-2DBDF9D3DCE5}.Addins debug|Any CPU.ActiveCfg = Release|Any CPU
		{4E40E824-96B8-4F98-A0F8-2DBDF9D3DCE5}.Addins debug|Any CPU.Build.0 = Release|Any CPU
		{4E40E824-96B8-4F98-A0F8-2DBDF9D3DCE5}.Debug|Any CPU.ActiveCfg = Debug|Any CPU
		{4E40E824-96B8-4F98-A0F8-2DBDF9D3DCE5}.Debug|Any CPU.Build.0 = Debug|Any CPU
		{4E40E824-96B8-4F98-A0F8-2DBDF9D3DCE5}.Release|Any CPU.ActiveCfg = Release|Any CPU
		{4E40E824-96B8-4F98-A0F8-2DBDF9D3DCE5}.Release|Any CPU.Build.0 = Release|Any CPU
		{DB2276E9-C6BB-4335-9D23-AC26A74E0F08}.Addins debug|Any CPU.ActiveCfg = Release|Any CPU
		{DB2276E9-C6BB-4335-9D23-AC26A74E0F08}.Addins debug|Any CPU.Build.0 = Release|Any CPU
		{DB2276E9-C6BB-4335-9D23-AC26A74E0F08}.Debug|Any CPU.ActiveCfg = Debug|Any CPU
		{DB2276E9-C6BB-4335-9D23-AC26A74E0F08}.Debug|Any CPU.Build.0 = Debug|Any CPU
		{DB2276E9-C6BB-4335-9D23-AC26A74E0F08}.Release|Any CPU.ActiveCfg = Release|Any CPU
		{DB2276E9-C6BB-4335-9D23-AC26A74E0F08}.Release|Any CPU.Build.0 = Release|Any CPU
		{9142A5C9-38F9-42DF-8E9A-79E5A919151F}.Addins debug|Any CPU.ActiveCfg = Release|Any CPU
		{9142A5C9-38F9-42DF-8E9A-79E5A919151F}.Addins debug|Any CPU.Build.0 = Release|Any CPU
		{9142A5C9-38F9-42DF-8E9A-79E5A919151F}.Debug|Any CPU.ActiveCfg = Debug|Any CPU
		{9142A5C9-38F9-42DF-8E9A-79E5A919151F}.Debug|Any CPU.Build.0 = Debug|Any CPU
		{9142A5C9-38F9-42DF-8E9A-79E5A919151F}.Release|Any CPU.ActiveCfg = Release|Any CPU
		{9142A5C9-38F9-42DF-8E9A-79E5A919151F}.Release|Any CPU.Build.0 = Release|Any CPU
		{90014F5A-11D6-4FE5-B9CF-47E810A5AF90}.Addins debug|Any CPU.ActiveCfg = Release|Any CPU
		{90014F5A-11D6-4FE5-B9CF-47E810A5AF90}.Addins debug|Any CPU.Build.0 = Release|Any CPU
		{90014F5A-11D6-4FE5-B9CF-47E810A5AF90}.Debug|Any CPU.ActiveCfg = Debug|Any CPU
		{90014F5A-11D6-4FE5-B9CF-47E810A5AF90}.Debug|Any CPU.Build.0 = Debug|Any CPU
		{90014F5A-11D6-4FE5-B9CF-47E810A5AF90}.Release|Any CPU.ActiveCfg = Release|Any CPU
		{90014F5A-11D6-4FE5-B9CF-47E810A5AF90}.Release|Any CPU.Build.0 = Release|Any CPU
		{B7ADBCD6-71AA-48E5-AD04-54649B73773C}.Addins debug|Any CPU.ActiveCfg = Release|Any CPU
		{B7ADBCD6-71AA-48E5-AD04-54649B73773C}.Addins debug|Any CPU.Build.0 = Release|Any CPU
		{B7ADBCD6-71AA-48E5-AD04-54649B73773C}.Debug|Any CPU.ActiveCfg = Debug|Any CPU
		{B7ADBCD6-71AA-48E5-AD04-54649B73773C}.Debug|Any CPU.Build.0 = Debug|Any CPU
		{B7ADBCD6-71AA-48E5-AD04-54649B73773C}.Release|Any CPU.ActiveCfg = Release|Any CPU
		{B7ADBCD6-71AA-48E5-AD04-54649B73773C}.Release|Any CPU.Build.0 = Release|Any CPU
		{65A23C7B-E21D-40D7-A8AF-2E72A01E9A5B}.Addins debug|Any CPU.ActiveCfg = Release|Any CPU
		{65A23C7B-E21D-40D7-A8AF-2E72A01E9A5B}.Addins debug|Any CPU.Build.0 = Release|Any CPU
		{65A23C7B-E21D-40D7-A8AF-2E72A01E9A5B}.Debug|Any CPU.ActiveCfg = Debug|Any CPU
		{65A23C7B-E21D-40D7-A8AF-2E72A01E9A5B}.Debug|Any CPU.Build.0 = Debug|Any CPU
		{65A23C7B-E21D-40D7-A8AF-2E72A01E9A5B}.Release|Any CPU.ActiveCfg = Release|Any CPU
		{65A23C7B-E21D-40D7-A8AF-2E72A01E9A5B}.Release|Any CPU.Build.0 = Release|Any CPU
		{612450F3-5EF0-4648-9542-2B3578583243}.Addins debug|Any CPU.ActiveCfg = Release|Any CPU
		{612450F3-5EF0-4648-9542-2B3578583243}.Addins debug|Any CPU.Build.0 = Release|Any CPU
		{612450F3-5EF0-4648-9542-2B3578583243}.Debug|Any CPU.ActiveCfg = Debug|Any CPU
		{612450F3-5EF0-4648-9542-2B3578583243}.Debug|Any CPU.Build.0 = Debug|Any CPU
		{612450F3-5EF0-4648-9542-2B3578583243}.Release|Any CPU.ActiveCfg = Release|Any CPU
		{612450F3-5EF0-4648-9542-2B3578583243}.Release|Any CPU.Build.0 = Release|Any CPU
		{3E99181D-B701-493F-AFAE-109D023935F7}.Addins debug|Any CPU.ActiveCfg = Release|Any CPU
		{3E99181D-B701-493F-AFAE-109D023935F7}.Addins debug|Any CPU.Build.0 = Release|Any CPU
		{3E99181D-B701-493F-AFAE-109D023935F7}.Debug|Any CPU.ActiveCfg = Debug|Any CPU
		{3E99181D-B701-493F-AFAE-109D023935F7}.Debug|Any CPU.Build.0 = Debug|Any CPU
		{3E99181D-B701-493F-AFAE-109D023935F7}.Release|Any CPU.ActiveCfg = Release|Any CPU
		{3E99181D-B701-493F-AFAE-109D023935F7}.Release|Any CPU.Build.0 = Release|Any CPU
		{036B6E0A-C34C-4EE6-A359-C467D7E9D1EF}.Addins debug|Any CPU.ActiveCfg = Release|Any CPU
		{036B6E0A-C34C-4EE6-A359-C467D7E9D1EF}.Addins debug|Any CPU.Build.0 = Release|Any CPU
		{036B6E0A-C34C-4EE6-A359-C467D7E9D1EF}.Debug|Any CPU.ActiveCfg = Debug|Any CPU
		{036B6E0A-C34C-4EE6-A359-C467D7E9D1EF}.Debug|Any CPU.Build.0 = Debug|Any CPU
		{036B6E0A-C34C-4EE6-A359-C467D7E9D1EF}.Release|Any CPU.ActiveCfg = Release|Any CPU
		{036B6E0A-C34C-4EE6-A359-C467D7E9D1EF}.Release|Any CPU.Build.0 = Release|Any CPU
		{4F0D111C-87B6-4F86-B160-35E0E321D728}.Addins debug|Any CPU.ActiveCfg = Release|Any CPU
		{4F0D111C-87B6-4F86-B160-35E0E321D728}.Addins debug|Any CPU.Build.0 = Release|Any CPU
		{4F0D111C-87B6-4F86-B160-35E0E321D728}.Debug|Any CPU.ActiveCfg = Debug|Any CPU
		{4F0D111C-87B6-4F86-B160-35E0E321D728}.Debug|Any CPU.Build.0 = Debug|Any CPU
		{4F0D111C-87B6-4F86-B160-35E0E321D728}.Release|Any CPU.ActiveCfg = Release|Any CPU
		{4F0D111C-87B6-4F86-B160-35E0E321D728}.Release|Any CPU.Build.0 = Release|Any CPU
	EndGlobalSection
	GlobalSection(SolutionProperties) = preSolution
		HideSolutionNode = FALSE
	EndGlobalSection
EndGlobal
