
Microsoft Visual Studio Solution File, Format Version 12.00
# Visual Studio 15
VisualStudioVersion = 15.0.27130.2036
MinimumVisualStudioVersion = 10.0.40219.1
Project("{9A19103F-16F7-4668-BE54-9A1E7A4F7556}") = "Mapsui", "Mapsui\Mapsui.csproj", "{D74C052A-C07E-4B37-A898-134218ACA5C9}"
EndProject
Project("{2150E333-8FDC-42A3-9474-1A3956D46DE8}") = "Samples", "Samples", "{969DB691-49FB-4785-98F4-2112CC1BA7C4}"
EndProject
Project("{9A19103F-16F7-4668-BE54-9A1E7A4F7556}") = "Mapsui.Samples.Common", "Samples\Mapsui.Samples.Common\Mapsui.Samples.Common.csproj", "{508AE811-A03A-4138-8CCC-ABDE03C67010}"
EndProject
Project("{9A19103F-16F7-4668-BE54-9A1E7A4F7556}") = "Mapsui.Samples.Common.Desktop", "Samples\Mapsui.Samples.Common.Desktop\Mapsui.Samples.Common.Desktop.csproj", "{086F5A3A-7D9A-4125-8E67-0EBC72AAB246}"
EndProject
Project("{FAE04EC0-301F-11D3-BF4B-00C04F79EFBC}") = "Mapsui.Samples.Wpf", "Samples\Mapsui.Samples.Wpf\Mapsui.Samples.Wpf.csproj", "{B83B1717-4AFA-4DD8-AB3C-A713C7963271}"
EndProject
Project("{2150E333-8FDC-42A3-9474-1A3956D46DE8}") = "Tests", "Tests", "{F7130D3D-4E62-4EB3-B74C-1E819E017048}"
EndProject
Project("{FAE04EC0-301F-11D3-BF4B-00C04F79EFBC}") = "Mapsui.Tests", "Tests\Mapsui.Tests\Mapsui.Tests.csproj", "{512DB2DB-61A0-4723-A6AC-E9AE23243283}"
EndProject
Project("{FAE04EC0-301F-11D3-BF4B-00C04F79EFBC}") = "Mapsui.Rendering.Xaml.Tests", "Tests\Mapsui.Rendering.Xaml.Tests\Mapsui.Rendering.Xaml.Tests.csproj", "{3F5F1E88-DA00-40C3-9F19-8582B5D516D7}"
EndProject
Project("{9A19103F-16F7-4668-BE54-9A1E7A4F7556}") = "Mapsui.Tests.Common", "Tests\Mapsui.Tests.Common\Mapsui.Tests.Common.csproj", "{81BB36D2-4D01-44E3-9024-E7CBD10DA316}"
EndProject
Project("{9A19103F-16F7-4668-BE54-9A1E7A4F7556}") = "Mapsui.Desktop", "Mapsui.Desktop\Mapsui.Desktop.csproj", "{8BD54487-8DB9-431A-9596-2DFD744887A1}"
EndProject
Project("{FAE04EC0-301F-11D3-BF4B-00C04F79EFBC}") = "Mapsui.UI.Android", "Mapsui.UI.Android\Mapsui.UI.Android.csproj", "{A9ED0AA7-B6F0-4946-8A08-7C531E5CFA9B}"
EndProject
Project("{FAE04EC0-301F-11D3-BF4B-00C04F79EFBC}") = "Mapsui.Rendering.Xaml", "Mapsui.Rendering.Xaml\Mapsui.Rendering.Xaml.csproj", "{5DC32B05-0B6E-478F-A9FB-57762AA2F814}"
EndProject
Project("{9A19103F-16F7-4668-BE54-9A1E7A4F7556}") = "Mapsui.Geometries", "Mapsui.Geometries\Mapsui.Geometries.csproj", "{EE55B62D-FFA2-4C24-A4AD-7A47ACE55CE5}"
EndProject
Project("{2150E333-8FDC-42A3-9474-1A3956D46DE8}") = "Scripts", "Scripts", "{B2DB6CAC-1C30-42C9-B628-BACEBF790AB9}"
	ProjectSection(SolutionItems) = preProject
		appveyor-docs.yml = appveyor-docs.yml
		appveyor.yml = appveyor.yml
		Scripts\buildpack.bat = Scripts\buildpack.bat
		Scripts\buildpackpush.bat = Scripts\buildpackpush.bat
		Scripts\readme.txt = Scripts\readme.txt
		Scripts\rename.ps1 = Scripts\rename.ps1
		Scripts\test-image-copier.cmd = Scripts\test-image-copier.cmd
		Scripts\updateversionnumber.proj = Scripts\updateversionnumber.proj
	EndProjectSection
EndProject
Project("{FAE04EC0-301F-11D3-BF4B-00C04F79EFBC}") = "Mapsui.Rendering.Skia.Tests", "Tests\Mapsui.Rendering.Skia.Tests\Mapsui.Rendering.Skia.Tests.csproj", "{53A4E033-F814-46CC-8105-DAC289524455}"
EndProject
Project("{2150E333-8FDC-42A3-9474-1A3956D46DE8}") = "Solution Items", "Solution Items", "{45FC7141-9D40-43F2-8EE2-2BF3B37F7557}"
	ProjectSection(SolutionItems) = preProject
		.bumpyconfig = .bumpyconfig
		.clabot = .clabot
		.gitattributes = .gitattributes
		.gitignore = .gitignore
		appveyor-docs.yml = appveyor-docs.yml
		appveyor.yml = appveyor.yml
		licence.txt = licence.txt
		Mapsui.Common.props = Mapsui.Common.props
		Mapsui.ncrunchsolution = Mapsui.ncrunchsolution
		Mapsui.sln.DotSettings = Mapsui.sln.DotSettings
		README.md = README.md
	EndProjectSection
EndProject
Project("{FAE04EC0-301F-11D3-BF4B-00C04F79EFBC}") = "Mapsui.Samples.iOS", "Samples\Mapsui.Samples.iOS\Mapsui.Samples.iOS.csproj", "{5C1F0E76-BF98-4C6E-8AAB-CDB7E3735A9C}"
EndProject
Project("{FAE04EC0-301F-11D3-BF4B-00C04F79EFBC}") = "Mapsui.Desktop.Tests", "Tests\Mapsui.Desktop.Tests\Mapsui.Desktop.Tests.csproj", "{FF1A03F0-8C0C-4FAB-A229-42AD625B5456}"
EndProject
Project("{9A19103F-16F7-4668-BE54-9A1E7A4F7556}") = "Mapsui.UI.Wpf", "Mapsui.UI.Wpf\Mapsui.UI.Wpf.csproj", "{AE693902-FEDA-4034-A7C5-9AA9872F7878}"
EndProject
Project("{FAE04EC0-301F-11D3-BF4B-00C04F79EFBC}") = "Mapsui.Geometries.Tests", "Tests\Mapsui.Geometries.Tests\Mapsui.Geometries.Tests.csproj", "{46519792-2F00-4FB7-99EF-1465AC7B8994}"
EndProject
Project("{2150E333-8FDC-42A3-9474-1A3956D46DE8}") = "NuSpec", "NuSpec", "{D90027DD-A6D6-4C32-91DC-237B55141EB8}"
	ProjectSection(SolutionItems) = preProject
		NuSpec\Mapsui.nuspec = NuSpec\Mapsui.nuspec
	EndProjectSection
EndProject
Project("{2150E333-8FDC-42A3-9474-1A3956D46DE8}") = "Tools", "Tools", "{CB6BE9F9-5ECF-471B-9D93-605E2BD6825D}"
EndProject
Project("{FAE04EC0-301F-11D3-BF4B-00C04F79EFBC}") = "VersionUpdater", "Tools\VersionUpdater\VersionUpdater.csproj", "{A6D5A694-454C-432B-BB24-AB784876E8E1}"
EndProject
Project("{D954291E-2A0B-460D-934E-DC6B0785DB48}") = "Mapsui.UI.Shared", "Mapsui.UI.Shared\Mapsui.UI.Shared.shproj", "{239F2B0D-13CB-4BCF-83BF-F52D696A47B7}"
EndProject
Project("{FAE04EC0-301F-11D3-BF4B-00C04F79EFBC}") = "Mapsui.UI.Uwp", "Mapsui.UI.Uwp\Mapsui.UI.Uwp.csproj", "{29E628D1-8E8A-49C5-B0F9-555C0F68572A}"
EndProject
Project("{FAE04EC0-301F-11D3-BF4B-00C04F79EFBC}") = "Mapsui.Samples.Uwp", "Samples\Mapsui.Samples.Uwp\Mapsui.Samples.Uwp.csproj", "{CA0C7AF3-03ED-42D0-A001-001E8EE095E6}"
EndProject
Project("{FAE04EC0-301F-11D3-BF4B-00C04F79EFBC}") = "Mapsui.Samples.Wpf.Editing", "Samples\Mapsui.Samples.Wpf.Editing\Mapsui.Samples.Wpf.Editing.csproj", "{16D71D4F-1D3F-483E-9C6C-A3A25B6A20A9}"
EndProject
Project("{9A19103F-16F7-4668-BE54-9A1E7A4F7556}") = "Mapsui.Rendering.Skia", "Mapsui.Rendering.Skia\Mapsui.Rendering.Skia.csproj", "{AE632270-38CA-4203-93A5-8612629CD944}"
EndProject
Project("{FAE04EC0-301F-11D3-BF4B-00C04F79EFBC}") = "Mapsui.UI.iOS", "Mapsui.UI.iOS\Mapsui.UI.iOS.csproj", "{E71F3053-056C-4381-9638-048ED73BDFF6}"
EndProject
Project("{2150E333-8FDC-42A3-9474-1A3956D46DE8}") = "docfx", "docfx", "{97458DE1-C297-4DED-AECB-5FEFED2B5610}"
	ProjectSection(SolutionItems) = preProject
		docfx\build-site.cmd = docfx\build-site.cmd
		docfx\docfx.json = docfx\docfx.json
		docfx\index.md = docfx\index.md
		docfx\metadata.json = docfx\metadata.json
		docfx\toc.yml = docfx\toc.yml
	EndProjectSection
EndProject
Project("{2150E333-8FDC-42A3-9474-1A3956D46DE8}") = "documentation", "documentation", "{7D976D37-0542-4A0D-99E6-6BAA180E7011}"
	ProjectSection(SolutionItems) = preProject
		docfx\documentation\Async-Fetching.md = docfx\documentation\Async-Fetching.md
		docfx\documentation\Contributors-Guidelines.md = docfx\documentation\Contributors-Guidelines.md
		docfx\documentation\Development-constraints.md = docfx\documentation\Development-constraints.md
		docfx\documentation\documentation.md = docfx\documentation\documentation.md
		docfx\documentation\getting-started-android.md = docfx\documentation\getting-started-android.md
		docfx\documentation\getting-started-wpf.md = docfx\documentation\getting-started-wpf.md
		docfx\documentation\Home.md = docfx\documentation\Home.md
		docfx\documentation\How-to-work-with-Mapsui.md = docfx\documentation\How-to-work-with-Mapsui.md
		docfx\documentation\Mapsui-2.0.md = docfx\documentation\Mapsui-2.0.md
		docfx\documentation\Mapsui-Components.md = docfx\documentation\Mapsui-Components.md
		docfx\documentation\NuGet-of-latest-build.md = docfx\documentation\NuGet-of-latest-build.md
		docfx\documentation\projections.md = docfx\documentation\projections.md
		docfx\documentation\Renderers.md = docfx\documentation\Renderers.md
		docfx\documentation\Rendering-Tests.md = docfx\documentation\Rendering-Tests.md
		docfx\documentation\Roadmap.md = docfx\documentation\Roadmap.md
		docfx\documentation\samples.md = docfx\documentation\samples.md
		docfx\documentation\skia-scale.md = docfx\documentation\skia-scale.md
		docfx\documentation\toc.md = docfx\documentation\toc.md
	EndProjectSection
EndProject
Project("{2150E333-8FDC-42A3-9474-1A3956D46DE8}") = "images", "images", "{52C84C7C-1D60-454E-804A-1F9691BD61A3}"
	ProjectSection(SolutionItems) = preProject
		docfx\documentation\images\brutile_fetcher.png = docfx\documentation\images\brutile_fetcher.png
	EndProjectSection
EndProject
Project("{2150E333-8FDC-42A3-9474-1A3956D46DE8}") = "api", "api", "{5BB9C8BA-0FF4-40E7-BC36-8D671A951C82}"
EndProject
Project("{FAE04EC0-301F-11D3-BF4B-00C04F79EFBC}") = "Mapsui.Samples.Droid", "Samples\Mapsui.Samples.Droid\Mapsui.Samples.Droid.csproj", "{3BC0AC7E-3B3B-4D3F-9CC0-B2BDECC460A6}"
EndProject
Project("{FAE04EC0-301F-11D3-BF4B-00C04F79EFBC}") = "Mapsui.Samples.CustomWidget", "Sample\Mapsui.Samples.CustomWidget\Mapsui.Samples.CustomWidget.csproj", "{BA6ECDB7-674E-42CB-9E56-56C55FED269B}"
EndProject
Global
	GlobalSection(SharedMSBuildProjectFiles) = preSolution
		Mapsui.UI.Shared\Mapsui.UI.Shared.projitems*{239f2b0d-13cb-4bcf-83bf-f52d696a47b7}*SharedItemsImports = 13
		Mapsui.UI.Shared\Mapsui.UI.Shared.projitems*{29e628d1-8e8a-49c5-b0f9-555c0f68572a}*SharedItemsImports = 4
		Mapsui.UI.Shared\Mapsui.UI.Shared.projitems*{a9ed0aa7-b6f0-4946-8a08-7c531e5cfa9b}*SharedItemsImports = 4
		Mapsui.UI.Shared\Mapsui.UI.Shared.projitems*{ae693902-feda-4034-a7c5-9aa9872f7878}*SharedItemsImports = 4
		Mapsui.UI.Shared\Mapsui.UI.Shared.projitems*{e71f3053-056c-4381-9638-048ed73bdff6}*SharedItemsImports = 4
	EndGlobalSection
	GlobalSection(SolutionConfigurationPlatforms) = preSolution
		Debug|AnyCPU = Debug|AnyCPU
		Debug|x64 = Debug|x64
		Debug|x86 = Debug|x86
		Release|AnyCPU = Release|AnyCPU
		Release|x64 = Release|x64
		Release|x86 = Release|x86
	EndGlobalSection
	GlobalSection(ProjectConfigurationPlatforms) = postSolution
		{D74C052A-C07E-4B37-A898-134218ACA5C9}.Debug|AnyCPU.ActiveCfg = Debug|Any CPU
		{D74C052A-C07E-4B37-A898-134218ACA5C9}.Debug|AnyCPU.Build.0 = Debug|Any CPU
		{D74C052A-C07E-4B37-A898-134218ACA5C9}.Debug|x64.ActiveCfg = Debug|Any CPU
		{D74C052A-C07E-4B37-A898-134218ACA5C9}.Debug|x64.Build.0 = Debug|Any CPU
		{D74C052A-C07E-4B37-A898-134218ACA5C9}.Debug|x86.ActiveCfg = Debug|Any CPU
		{D74C052A-C07E-4B37-A898-134218ACA5C9}.Debug|x86.Build.0 = Debug|Any CPU
		{D74C052A-C07E-4B37-A898-134218ACA5C9}.Release|AnyCPU.ActiveCfg = Release|Any CPU
		{D74C052A-C07E-4B37-A898-134218ACA5C9}.Release|AnyCPU.Build.0 = Release|Any CPU
		{D74C052A-C07E-4B37-A898-134218ACA5C9}.Release|x64.ActiveCfg = Release|Any CPU
		{D74C052A-C07E-4B37-A898-134218ACA5C9}.Release|x64.Build.0 = Release|Any CPU
		{D74C052A-C07E-4B37-A898-134218ACA5C9}.Release|x86.ActiveCfg = Release|Any CPU
		{D74C052A-C07E-4B37-A898-134218ACA5C9}.Release|x86.Build.0 = Release|Any CPU
		{508AE811-A03A-4138-8CCC-ABDE03C67010}.Debug|AnyCPU.ActiveCfg = Debug|Any CPU
		{508AE811-A03A-4138-8CCC-ABDE03C67010}.Debug|AnyCPU.Build.0 = Debug|Any CPU
		{508AE811-A03A-4138-8CCC-ABDE03C67010}.Debug|x64.ActiveCfg = Debug|Any CPU
		{508AE811-A03A-4138-8CCC-ABDE03C67010}.Debug|x64.Build.0 = Debug|Any CPU
		{508AE811-A03A-4138-8CCC-ABDE03C67010}.Debug|x86.ActiveCfg = Debug|Any CPU
		{508AE811-A03A-4138-8CCC-ABDE03C67010}.Debug|x86.Build.0 = Debug|Any CPU
		{508AE811-A03A-4138-8CCC-ABDE03C67010}.Release|AnyCPU.ActiveCfg = Release|Any CPU
		{508AE811-A03A-4138-8CCC-ABDE03C67010}.Release|AnyCPU.Build.0 = Release|Any CPU
		{508AE811-A03A-4138-8CCC-ABDE03C67010}.Release|x64.ActiveCfg = Release|Any CPU
		{508AE811-A03A-4138-8CCC-ABDE03C67010}.Release|x64.Build.0 = Release|Any CPU
		{508AE811-A03A-4138-8CCC-ABDE03C67010}.Release|x86.ActiveCfg = Release|Any CPU
		{508AE811-A03A-4138-8CCC-ABDE03C67010}.Release|x86.Build.0 = Release|Any CPU
		{086F5A3A-7D9A-4125-8E67-0EBC72AAB246}.Debug|AnyCPU.ActiveCfg = Debug|Any CPU
		{086F5A3A-7D9A-4125-8E67-0EBC72AAB246}.Debug|AnyCPU.Build.0 = Debug|Any CPU
		{086F5A3A-7D9A-4125-8E67-0EBC72AAB246}.Debug|x64.ActiveCfg = Debug|Any CPU
		{086F5A3A-7D9A-4125-8E67-0EBC72AAB246}.Debug|x64.Build.0 = Debug|Any CPU
		{086F5A3A-7D9A-4125-8E67-0EBC72AAB246}.Debug|x86.ActiveCfg = Debug|Any CPU
		{086F5A3A-7D9A-4125-8E67-0EBC72AAB246}.Debug|x86.Build.0 = Debug|Any CPU
		{086F5A3A-7D9A-4125-8E67-0EBC72AAB246}.Release|AnyCPU.ActiveCfg = Release|Any CPU
		{086F5A3A-7D9A-4125-8E67-0EBC72AAB246}.Release|AnyCPU.Build.0 = Release|Any CPU
		{086F5A3A-7D9A-4125-8E67-0EBC72AAB246}.Release|x64.ActiveCfg = Release|Any CPU
		{086F5A3A-7D9A-4125-8E67-0EBC72AAB246}.Release|x64.Build.0 = Release|Any CPU
		{086F5A3A-7D9A-4125-8E67-0EBC72AAB246}.Release|x86.ActiveCfg = Release|Any CPU
		{086F5A3A-7D9A-4125-8E67-0EBC72AAB246}.Release|x86.Build.0 = Release|Any CPU
		{B83B1717-4AFA-4DD8-AB3C-A713C7963271}.Debug|AnyCPU.ActiveCfg = Debug|Any CPU
		{B83B1717-4AFA-4DD8-AB3C-A713C7963271}.Debug|AnyCPU.Build.0 = Debug|Any CPU
		{B83B1717-4AFA-4DD8-AB3C-A713C7963271}.Debug|x64.ActiveCfg = Debug|x64
		{B83B1717-4AFA-4DD8-AB3C-A713C7963271}.Debug|x64.Build.0 = Debug|x64
		{B83B1717-4AFA-4DD8-AB3C-A713C7963271}.Debug|x86.ActiveCfg = Debug|x86
		{B83B1717-4AFA-4DD8-AB3C-A713C7963271}.Debug|x86.Build.0 = Debug|x86
		{B83B1717-4AFA-4DD8-AB3C-A713C7963271}.Release|AnyCPU.ActiveCfg = Release|Any CPU
		{B83B1717-4AFA-4DD8-AB3C-A713C7963271}.Release|AnyCPU.Build.0 = Release|Any CPU
		{B83B1717-4AFA-4DD8-AB3C-A713C7963271}.Release|x64.ActiveCfg = Release|x64
		{B83B1717-4AFA-4DD8-AB3C-A713C7963271}.Release|x64.Build.0 = Release|x64
		{B83B1717-4AFA-4DD8-AB3C-A713C7963271}.Release|x86.ActiveCfg = Release|x86
		{B83B1717-4AFA-4DD8-AB3C-A713C7963271}.Release|x86.Build.0 = Release|x86
		{512DB2DB-61A0-4723-A6AC-E9AE23243283}.Debug|AnyCPU.ActiveCfg = Debug|Any CPU
		{512DB2DB-61A0-4723-A6AC-E9AE23243283}.Debug|AnyCPU.Build.0 = Debug|Any CPU
		{512DB2DB-61A0-4723-A6AC-E9AE23243283}.Debug|x64.ActiveCfg = Debug|Any CPU
		{512DB2DB-61A0-4723-A6AC-E9AE23243283}.Debug|x64.Build.0 = Debug|Any CPU
		{512DB2DB-61A0-4723-A6AC-E9AE23243283}.Debug|x86.ActiveCfg = Debug|Any CPU
		{512DB2DB-61A0-4723-A6AC-E9AE23243283}.Debug|x86.Build.0 = Debug|Any CPU
		{512DB2DB-61A0-4723-A6AC-E9AE23243283}.Release|AnyCPU.ActiveCfg = Release|Any CPU
		{512DB2DB-61A0-4723-A6AC-E9AE23243283}.Release|AnyCPU.Build.0 = Release|Any CPU
		{512DB2DB-61A0-4723-A6AC-E9AE23243283}.Release|x64.ActiveCfg = Release|Any CPU
		{512DB2DB-61A0-4723-A6AC-E9AE23243283}.Release|x64.Build.0 = Release|Any CPU
		{512DB2DB-61A0-4723-A6AC-E9AE23243283}.Release|x86.ActiveCfg = Release|Any CPU
		{512DB2DB-61A0-4723-A6AC-E9AE23243283}.Release|x86.Build.0 = Release|Any CPU
		{3F5F1E88-DA00-40C3-9F19-8582B5D516D7}.Debug|AnyCPU.ActiveCfg = Debug|Any CPU
		{3F5F1E88-DA00-40C3-9F19-8582B5D516D7}.Debug|AnyCPU.Build.0 = Debug|Any CPU
		{3F5F1E88-DA00-40C3-9F19-8582B5D516D7}.Debug|x64.ActiveCfg = Debug|Any CPU
		{3F5F1E88-DA00-40C3-9F19-8582B5D516D7}.Debug|x64.Build.0 = Debug|Any CPU
		{3F5F1E88-DA00-40C3-9F19-8582B5D516D7}.Debug|x86.ActiveCfg = Debug|Any CPU
		{3F5F1E88-DA00-40C3-9F19-8582B5D516D7}.Debug|x86.Build.0 = Debug|Any CPU
		{3F5F1E88-DA00-40C3-9F19-8582B5D516D7}.Release|AnyCPU.ActiveCfg = Release|Any CPU
		{3F5F1E88-DA00-40C3-9F19-8582B5D516D7}.Release|AnyCPU.Build.0 = Release|Any CPU
		{3F5F1E88-DA00-40C3-9F19-8582B5D516D7}.Release|x64.ActiveCfg = Release|Any CPU
		{3F5F1E88-DA00-40C3-9F19-8582B5D516D7}.Release|x64.Build.0 = Release|Any CPU
		{3F5F1E88-DA00-40C3-9F19-8582B5D516D7}.Release|x86.ActiveCfg = Release|Any CPU
		{3F5F1E88-DA00-40C3-9F19-8582B5D516D7}.Release|x86.Build.0 = Release|Any CPU
		{81BB36D2-4D01-44E3-9024-E7CBD10DA316}.Debug|AnyCPU.ActiveCfg = Debug|Any CPU
		{81BB36D2-4D01-44E3-9024-E7CBD10DA316}.Debug|AnyCPU.Build.0 = Debug|Any CPU
		{81BB36D2-4D01-44E3-9024-E7CBD10DA316}.Debug|x64.ActiveCfg = Debug|Any CPU
		{81BB36D2-4D01-44E3-9024-E7CBD10DA316}.Debug|x64.Build.0 = Debug|Any CPU
		{81BB36D2-4D01-44E3-9024-E7CBD10DA316}.Debug|x86.ActiveCfg = Debug|Any CPU
		{81BB36D2-4D01-44E3-9024-E7CBD10DA316}.Debug|x86.Build.0 = Debug|Any CPU
		{81BB36D2-4D01-44E3-9024-E7CBD10DA316}.Release|AnyCPU.ActiveCfg = Release|Any CPU
		{81BB36D2-4D01-44E3-9024-E7CBD10DA316}.Release|AnyCPU.Build.0 = Release|Any CPU
		{81BB36D2-4D01-44E3-9024-E7CBD10DA316}.Release|x64.ActiveCfg = Release|Any CPU
		{81BB36D2-4D01-44E3-9024-E7CBD10DA316}.Release|x64.Build.0 = Release|Any CPU
		{81BB36D2-4D01-44E3-9024-E7CBD10DA316}.Release|x86.ActiveCfg = Release|Any CPU
		{81BB36D2-4D01-44E3-9024-E7CBD10DA316}.Release|x86.Build.0 = Release|Any CPU
		{8BD54487-8DB9-431A-9596-2DFD744887A1}.Debug|AnyCPU.ActiveCfg = Debug|Any CPU
		{8BD54487-8DB9-431A-9596-2DFD744887A1}.Debug|AnyCPU.Build.0 = Debug|Any CPU
		{8BD54487-8DB9-431A-9596-2DFD744887A1}.Debug|x64.ActiveCfg = Debug|Any CPU
		{8BD54487-8DB9-431A-9596-2DFD744887A1}.Debug|x64.Build.0 = Debug|Any CPU
		{8BD54487-8DB9-431A-9596-2DFD744887A1}.Debug|x86.ActiveCfg = Debug|Any CPU
		{8BD54487-8DB9-431A-9596-2DFD744887A1}.Debug|x86.Build.0 = Debug|Any CPU
		{8BD54487-8DB9-431A-9596-2DFD744887A1}.Release|AnyCPU.ActiveCfg = Release|Any CPU
		{8BD54487-8DB9-431A-9596-2DFD744887A1}.Release|AnyCPU.Build.0 = Release|Any CPU
		{8BD54487-8DB9-431A-9596-2DFD744887A1}.Release|x64.ActiveCfg = Release|Any CPU
		{8BD54487-8DB9-431A-9596-2DFD744887A1}.Release|x64.Build.0 = Release|Any CPU
		{8BD54487-8DB9-431A-9596-2DFD744887A1}.Release|x86.ActiveCfg = Release|Any CPU
		{8BD54487-8DB9-431A-9596-2DFD744887A1}.Release|x86.Build.0 = Release|Any CPU
		{A9ED0AA7-B6F0-4946-8A08-7C531E5CFA9B}.Debug|AnyCPU.ActiveCfg = Debug|Any CPU
		{A9ED0AA7-B6F0-4946-8A08-7C531E5CFA9B}.Debug|AnyCPU.Build.0 = Debug|Any CPU
		{A9ED0AA7-B6F0-4946-8A08-7C531E5CFA9B}.Debug|x64.ActiveCfg = Debug|Any CPU
		{A9ED0AA7-B6F0-4946-8A08-7C531E5CFA9B}.Debug|x64.Build.0 = Debug|Any CPU
		{A9ED0AA7-B6F0-4946-8A08-7C531E5CFA9B}.Debug|x86.ActiveCfg = Debug|Any CPU
		{A9ED0AA7-B6F0-4946-8A08-7C531E5CFA9B}.Debug|x86.Build.0 = Debug|Any CPU
		{A9ED0AA7-B6F0-4946-8A08-7C531E5CFA9B}.Release|AnyCPU.ActiveCfg = Release|Any CPU
		{A9ED0AA7-B6F0-4946-8A08-7C531E5CFA9B}.Release|AnyCPU.Build.0 = Release|Any CPU
		{A9ED0AA7-B6F0-4946-8A08-7C531E5CFA9B}.Release|x64.ActiveCfg = Release|Any CPU
		{A9ED0AA7-B6F0-4946-8A08-7C531E5CFA9B}.Release|x64.Build.0 = Release|Any CPU
		{A9ED0AA7-B6F0-4946-8A08-7C531E5CFA9B}.Release|x86.ActiveCfg = Release|Any CPU
		{A9ED0AA7-B6F0-4946-8A08-7C531E5CFA9B}.Release|x86.Build.0 = Release|Any CPU
		{5DC32B05-0B6E-478F-A9FB-57762AA2F814}.Debug|AnyCPU.ActiveCfg = Debug|Any CPU
		{5DC32B05-0B6E-478F-A9FB-57762AA2F814}.Debug|AnyCPU.Build.0 = Debug|Any CPU
		{5DC32B05-0B6E-478F-A9FB-57762AA2F814}.Debug|x64.ActiveCfg = Debug|Any CPU
		{5DC32B05-0B6E-478F-A9FB-57762AA2F814}.Debug|x64.Build.0 = Debug|Any CPU
		{5DC32B05-0B6E-478F-A9FB-57762AA2F814}.Debug|x86.ActiveCfg = Debug|Any CPU
		{5DC32B05-0B6E-478F-A9FB-57762AA2F814}.Debug|x86.Build.0 = Debug|Any CPU
		{5DC32B05-0B6E-478F-A9FB-57762AA2F814}.Release|AnyCPU.ActiveCfg = Release|Any CPU
		{5DC32B05-0B6E-478F-A9FB-57762AA2F814}.Release|AnyCPU.Build.0 = Release|Any CPU
		{5DC32B05-0B6E-478F-A9FB-57762AA2F814}.Release|x64.ActiveCfg = Release|Any CPU
		{5DC32B05-0B6E-478F-A9FB-57762AA2F814}.Release|x64.Build.0 = Release|Any CPU
		{5DC32B05-0B6E-478F-A9FB-57762AA2F814}.Release|x86.ActiveCfg = Release|Any CPU
		{5DC32B05-0B6E-478F-A9FB-57762AA2F814}.Release|x86.Build.0 = Release|Any CPU
		{EE55B62D-FFA2-4C24-A4AD-7A47ACE55CE5}.Debug|AnyCPU.ActiveCfg = Debug|Any CPU
		{EE55B62D-FFA2-4C24-A4AD-7A47ACE55CE5}.Debug|AnyCPU.Build.0 = Debug|Any CPU
		{EE55B62D-FFA2-4C24-A4AD-7A47ACE55CE5}.Debug|x64.ActiveCfg = Debug|Any CPU
		{EE55B62D-FFA2-4C24-A4AD-7A47ACE55CE5}.Debug|x64.Build.0 = Debug|Any CPU
		{EE55B62D-FFA2-4C24-A4AD-7A47ACE55CE5}.Debug|x86.ActiveCfg = Debug|Any CPU
		{EE55B62D-FFA2-4C24-A4AD-7A47ACE55CE5}.Debug|x86.Build.0 = Debug|Any CPU
		{EE55B62D-FFA2-4C24-A4AD-7A47ACE55CE5}.Release|AnyCPU.ActiveCfg = Release|Any CPU
		{EE55B62D-FFA2-4C24-A4AD-7A47ACE55CE5}.Release|AnyCPU.Build.0 = Release|Any CPU
		{EE55B62D-FFA2-4C24-A4AD-7A47ACE55CE5}.Release|x64.ActiveCfg = Release|Any CPU
		{EE55B62D-FFA2-4C24-A4AD-7A47ACE55CE5}.Release|x64.Build.0 = Release|Any CPU
		{EE55B62D-FFA2-4C24-A4AD-7A47ACE55CE5}.Release|x86.ActiveCfg = Release|Any CPU
		{EE55B62D-FFA2-4C24-A4AD-7A47ACE55CE5}.Release|x86.Build.0 = Release|Any CPU
		{53A4E033-F814-46CC-8105-DAC289524455}.Debug|AnyCPU.ActiveCfg = Debug|Any CPU
		{53A4E033-F814-46CC-8105-DAC289524455}.Debug|AnyCPU.Build.0 = Debug|Any CPU
		{53A4E033-F814-46CC-8105-DAC289524455}.Debug|x64.ActiveCfg = Debug|x64
		{53A4E033-F814-46CC-8105-DAC289524455}.Debug|x64.Build.0 = Debug|x64
		{53A4E033-F814-46CC-8105-DAC289524455}.Debug|x86.ActiveCfg = Debug|x86
		{53A4E033-F814-46CC-8105-DAC289524455}.Debug|x86.Build.0 = Debug|x86
		{53A4E033-F814-46CC-8105-DAC289524455}.Release|AnyCPU.ActiveCfg = Release|Any CPU
		{53A4E033-F814-46CC-8105-DAC289524455}.Release|AnyCPU.Build.0 = Release|Any CPU
		{53A4E033-F814-46CC-8105-DAC289524455}.Release|x64.ActiveCfg = Release|x64
		{53A4E033-F814-46CC-8105-DAC289524455}.Release|x64.Build.0 = Release|x64
		{53A4E033-F814-46CC-8105-DAC289524455}.Release|x86.ActiveCfg = Release|x86
		{53A4E033-F814-46CC-8105-DAC289524455}.Release|x86.Build.0 = Release|x86
		{5C1F0E76-BF98-4C6E-8AAB-CDB7E3735A9C}.Debug|AnyCPU.ActiveCfg = Debug|iPhone
		{5C1F0E76-BF98-4C6E-8AAB-CDB7E3735A9C}.Debug|AnyCPU.Build.0 = Debug|iPhone
		{5C1F0E76-BF98-4C6E-8AAB-CDB7E3735A9C}.Debug|x64.ActiveCfg = Debug|Any CPU
		{5C1F0E76-BF98-4C6E-8AAB-CDB7E3735A9C}.Debug|x64.Build.0 = Debug|Any CPU
		{5C1F0E76-BF98-4C6E-8AAB-CDB7E3735A9C}.Debug|x86.ActiveCfg = Debug|Any CPU
		{5C1F0E76-BF98-4C6E-8AAB-CDB7E3735A9C}.Debug|x86.Build.0 = Debug|Any CPU
		{5C1F0E76-BF98-4C6E-8AAB-CDB7E3735A9C}.Release|AnyCPU.ActiveCfg = Release|iPhone
		{5C1F0E76-BF98-4C6E-8AAB-CDB7E3735A9C}.Release|AnyCPU.Build.0 = Release|iPhone
		{5C1F0E76-BF98-4C6E-8AAB-CDB7E3735A9C}.Release|x64.ActiveCfg = Release|iPhone
		{5C1F0E76-BF98-4C6E-8AAB-CDB7E3735A9C}.Release|x64.Build.0 = Release|iPhone
		{5C1F0E76-BF98-4C6E-8AAB-CDB7E3735A9C}.Release|x86.ActiveCfg = Release|Any CPU
		{5C1F0E76-BF98-4C6E-8AAB-CDB7E3735A9C}.Release|x86.Build.0 = Release|Any CPU
		{FF1A03F0-8C0C-4FAB-A229-42AD625B5456}.Debug|AnyCPU.ActiveCfg = Debug|Any CPU
		{FF1A03F0-8C0C-4FAB-A229-42AD625B5456}.Debug|AnyCPU.Build.0 = Debug|Any CPU
		{FF1A03F0-8C0C-4FAB-A229-42AD625B5456}.Debug|x64.ActiveCfg = Debug|Any CPU
		{FF1A03F0-8C0C-4FAB-A229-42AD625B5456}.Debug|x64.Build.0 = Debug|Any CPU
		{FF1A03F0-8C0C-4FAB-A229-42AD625B5456}.Debug|x86.ActiveCfg = Debug|Any CPU
		{FF1A03F0-8C0C-4FAB-A229-42AD625B5456}.Debug|x86.Build.0 = Debug|Any CPU
		{FF1A03F0-8C0C-4FAB-A229-42AD625B5456}.Release|AnyCPU.ActiveCfg = Release|Any CPU
		{FF1A03F0-8C0C-4FAB-A229-42AD625B5456}.Release|AnyCPU.Build.0 = Release|Any CPU
		{FF1A03F0-8C0C-4FAB-A229-42AD625B5456}.Release|x64.ActiveCfg = Release|Any CPU
		{FF1A03F0-8C0C-4FAB-A229-42AD625B5456}.Release|x64.Build.0 = Release|Any CPU
		{FF1A03F0-8C0C-4FAB-A229-42AD625B5456}.Release|x86.ActiveCfg = Release|Any CPU
		{FF1A03F0-8C0C-4FAB-A229-42AD625B5456}.Release|x86.Build.0 = Release|Any CPU
		{AE693902-FEDA-4034-A7C5-9AA9872F7878}.Debug|AnyCPU.ActiveCfg = Debug|Any CPU
		{AE693902-FEDA-4034-A7C5-9AA9872F7878}.Debug|AnyCPU.Build.0 = Debug|Any CPU
		{AE693902-FEDA-4034-A7C5-9AA9872F7878}.Debug|x64.ActiveCfg = Debug|Any CPU
		{AE693902-FEDA-4034-A7C5-9AA9872F7878}.Debug|x64.Build.0 = Debug|Any CPU
		{AE693902-FEDA-4034-A7C5-9AA9872F7878}.Debug|x86.ActiveCfg = Debug|Any CPU
		{AE693902-FEDA-4034-A7C5-9AA9872F7878}.Debug|x86.Build.0 = Debug|Any CPU
		{AE693902-FEDA-4034-A7C5-9AA9872F7878}.Release|AnyCPU.ActiveCfg = Release|Any CPU
		{AE693902-FEDA-4034-A7C5-9AA9872F7878}.Release|AnyCPU.Build.0 = Release|Any CPU
		{AE693902-FEDA-4034-A7C5-9AA9872F7878}.Release|x64.ActiveCfg = Release|Any CPU
		{AE693902-FEDA-4034-A7C5-9AA9872F7878}.Release|x64.Build.0 = Release|Any CPU
		{AE693902-FEDA-4034-A7C5-9AA9872F7878}.Release|x86.ActiveCfg = Release|Any CPU
		{AE693902-FEDA-4034-A7C5-9AA9872F7878}.Release|x86.Build.0 = Release|Any CPU
		{46519792-2F00-4FB7-99EF-1465AC7B8994}.Debug|AnyCPU.ActiveCfg = Debug|Any CPU
		{46519792-2F00-4FB7-99EF-1465AC7B8994}.Debug|AnyCPU.Build.0 = Debug|Any CPU
		{46519792-2F00-4FB7-99EF-1465AC7B8994}.Debug|x64.ActiveCfg = Debug|Any CPU
		{46519792-2F00-4FB7-99EF-1465AC7B8994}.Debug|x64.Build.0 = Debug|Any CPU
		{46519792-2F00-4FB7-99EF-1465AC7B8994}.Debug|x86.ActiveCfg = Debug|Any CPU
		{46519792-2F00-4FB7-99EF-1465AC7B8994}.Debug|x86.Build.0 = Debug|Any CPU
		{46519792-2F00-4FB7-99EF-1465AC7B8994}.Release|AnyCPU.ActiveCfg = Release|Any CPU
		{46519792-2F00-4FB7-99EF-1465AC7B8994}.Release|AnyCPU.Build.0 = Release|Any CPU
		{46519792-2F00-4FB7-99EF-1465AC7B8994}.Release|x64.ActiveCfg = Release|Any CPU
		{46519792-2F00-4FB7-99EF-1465AC7B8994}.Release|x64.Build.0 = Release|Any CPU
		{46519792-2F00-4FB7-99EF-1465AC7B8994}.Release|x86.ActiveCfg = Release|Any CPU
		{46519792-2F00-4FB7-99EF-1465AC7B8994}.Release|x86.Build.0 = Release|Any CPU
		{A6D5A694-454C-432B-BB24-AB784876E8E1}.Debug|AnyCPU.ActiveCfg = Debug|Any CPU
		{A6D5A694-454C-432B-BB24-AB784876E8E1}.Debug|AnyCPU.Build.0 = Debug|Any CPU
		{A6D5A694-454C-432B-BB24-AB784876E8E1}.Debug|x64.ActiveCfg = Debug|Any CPU
		{A6D5A694-454C-432B-BB24-AB784876E8E1}.Debug|x64.Build.0 = Debug|Any CPU
		{A6D5A694-454C-432B-BB24-AB784876E8E1}.Debug|x86.ActiveCfg = Debug|Any CPU
		{A6D5A694-454C-432B-BB24-AB784876E8E1}.Debug|x86.Build.0 = Debug|Any CPU
		{A6D5A694-454C-432B-BB24-AB784876E8E1}.Release|AnyCPU.ActiveCfg = Release|Any CPU
		{A6D5A694-454C-432B-BB24-AB784876E8E1}.Release|AnyCPU.Build.0 = Release|Any CPU
		{A6D5A694-454C-432B-BB24-AB784876E8E1}.Release|x64.ActiveCfg = Release|Any CPU
		{A6D5A694-454C-432B-BB24-AB784876E8E1}.Release|x64.Build.0 = Release|Any CPU
		{A6D5A694-454C-432B-BB24-AB784876E8E1}.Release|x86.ActiveCfg = Release|Any CPU
		{A6D5A694-454C-432B-BB24-AB784876E8E1}.Release|x86.Build.0 = Release|Any CPU
		{29E628D1-8E8A-49C5-B0F9-555C0F68572A}.Debug|AnyCPU.ActiveCfg = Debug|Any CPU
		{29E628D1-8E8A-49C5-B0F9-555C0F68572A}.Debug|AnyCPU.Build.0 = Debug|Any CPU
		{29E628D1-8E8A-49C5-B0F9-555C0F68572A}.Debug|x64.ActiveCfg = Debug|x64
		{29E628D1-8E8A-49C5-B0F9-555C0F68572A}.Debug|x64.Build.0 = Debug|x64
		{29E628D1-8E8A-49C5-B0F9-555C0F68572A}.Debug|x86.ActiveCfg = Debug|x86
		{29E628D1-8E8A-49C5-B0F9-555C0F68572A}.Debug|x86.Build.0 = Debug|x86
		{29E628D1-8E8A-49C5-B0F9-555C0F68572A}.Release|AnyCPU.ActiveCfg = Release|Any CPU
		{29E628D1-8E8A-49C5-B0F9-555C0F68572A}.Release|AnyCPU.Build.0 = Release|Any CPU
		{29E628D1-8E8A-49C5-B0F9-555C0F68572A}.Release|x64.ActiveCfg = Release|x64
		{29E628D1-8E8A-49C5-B0F9-555C0F68572A}.Release|x64.Build.0 = Release|x64
		{29E628D1-8E8A-49C5-B0F9-555C0F68572A}.Release|x86.ActiveCfg = Release|x86
		{29E628D1-8E8A-49C5-B0F9-555C0F68572A}.Release|x86.Build.0 = Release|x86
		{CA0C7AF3-03ED-42D0-A001-001E8EE095E6}.Debug|AnyCPU.ActiveCfg = Debug|x86
		{CA0C7AF3-03ED-42D0-A001-001E8EE095E6}.Debug|x64.ActiveCfg = Debug|x64
		{CA0C7AF3-03ED-42D0-A001-001E8EE095E6}.Debug|x64.Build.0 = Debug|x64
		{CA0C7AF3-03ED-42D0-A001-001E8EE095E6}.Debug|x64.Deploy.0 = Debug|x64
		{CA0C7AF3-03ED-42D0-A001-001E8EE095E6}.Debug|x86.ActiveCfg = Debug|x86
		{CA0C7AF3-03ED-42D0-A001-001E8EE095E6}.Debug|x86.Build.0 = Debug|x86
		{CA0C7AF3-03ED-42D0-A001-001E8EE095E6}.Debug|x86.Deploy.0 = Debug|x86
		{CA0C7AF3-03ED-42D0-A001-001E8EE095E6}.Release|AnyCPU.ActiveCfg = Release|x86
		{CA0C7AF3-03ED-42D0-A001-001E8EE095E6}.Release|AnyCPU.Build.0 = Release|x86
		{CA0C7AF3-03ED-42D0-A001-001E8EE095E6}.Release|AnyCPU.Deploy.0 = Release|x86
		{CA0C7AF3-03ED-42D0-A001-001E8EE095E6}.Release|x64.ActiveCfg = Release|x64
		{CA0C7AF3-03ED-42D0-A001-001E8EE095E6}.Release|x64.Build.0 = Release|x64
		{CA0C7AF3-03ED-42D0-A001-001E8EE095E6}.Release|x64.Deploy.0 = Release|x64
		{CA0C7AF3-03ED-42D0-A001-001E8EE095E6}.Release|x86.ActiveCfg = Release|x86
		{CA0C7AF3-03ED-42D0-A001-001E8EE095E6}.Release|x86.Build.0 = Release|x86
		{CA0C7AF3-03ED-42D0-A001-001E8EE095E6}.Release|x86.Deploy.0 = Release|x86
		{16D71D4F-1D3F-483E-9C6C-A3A25B6A20A9}.Debug|AnyCPU.ActiveCfg = Debug|Any CPU
		{16D71D4F-1D3F-483E-9C6C-A3A25B6A20A9}.Debug|AnyCPU.Build.0 = Debug|Any CPU
		{16D71D4F-1D3F-483E-9C6C-A3A25B6A20A9}.Debug|x64.ActiveCfg = Debug|Any CPU
		{16D71D4F-1D3F-483E-9C6C-A3A25B6A20A9}.Debug|x64.Build.0 = Debug|Any CPU
		{16D71D4F-1D3F-483E-9C6C-A3A25B6A20A9}.Debug|x86.ActiveCfg = Debug|Any CPU
		{16D71D4F-1D3F-483E-9C6C-A3A25B6A20A9}.Debug|x86.Build.0 = Debug|Any CPU
		{16D71D4F-1D3F-483E-9C6C-A3A25B6A20A9}.Release|AnyCPU.ActiveCfg = Release|Any CPU
		{16D71D4F-1D3F-483E-9C6C-A3A25B6A20A9}.Release|AnyCPU.Build.0 = Release|Any CPU
		{16D71D4F-1D3F-483E-9C6C-A3A25B6A20A9}.Release|x64.ActiveCfg = Release|Any CPU
		{16D71D4F-1D3F-483E-9C6C-A3A25B6A20A9}.Release|x64.Build.0 = Release|Any CPU
		{16D71D4F-1D3F-483E-9C6C-A3A25B6A20A9}.Release|x86.ActiveCfg = Release|Any CPU
		{16D71D4F-1D3F-483E-9C6C-A3A25B6A20A9}.Release|x86.Build.0 = Release|Any CPU
		{AE632270-38CA-4203-93A5-8612629CD944}.Debug|AnyCPU.ActiveCfg = Debug|Any CPU
		{AE632270-38CA-4203-93A5-8612629CD944}.Debug|AnyCPU.Build.0 = Debug|Any CPU
		{AE632270-38CA-4203-93A5-8612629CD944}.Debug|x64.ActiveCfg = Debug|Any CPU
		{AE632270-38CA-4203-93A5-8612629CD944}.Debug|x64.Build.0 = Debug|Any CPU
		{AE632270-38CA-4203-93A5-8612629CD944}.Debug|x86.ActiveCfg = Debug|Any CPU
		{AE632270-38CA-4203-93A5-8612629CD944}.Debug|x86.Build.0 = Debug|Any CPU
		{AE632270-38CA-4203-93A5-8612629CD944}.Release|AnyCPU.ActiveCfg = Release|Any CPU
		{AE632270-38CA-4203-93A5-8612629CD944}.Release|AnyCPU.Build.0 = Release|Any CPU
		{AE632270-38CA-4203-93A5-8612629CD944}.Release|x64.ActiveCfg = Release|Any CPU
		{AE632270-38CA-4203-93A5-8612629CD944}.Release|x64.Build.0 = Release|Any CPU
		{AE632270-38CA-4203-93A5-8612629CD944}.Release|x86.ActiveCfg = Release|Any CPU
		{AE632270-38CA-4203-93A5-8612629CD944}.Release|x86.Build.0 = Release|Any CPU
		{E71F3053-056C-4381-9638-048ED73BDFF6}.Debug|AnyCPU.ActiveCfg = Debug|Any CPU
		{E71F3053-056C-4381-9638-048ED73BDFF6}.Debug|AnyCPU.Build.0 = Debug|Any CPU
		{E71F3053-056C-4381-9638-048ED73BDFF6}.Debug|x64.ActiveCfg = Debug|Any CPU
		{E71F3053-056C-4381-9638-048ED73BDFF6}.Debug|x64.Build.0 = Debug|Any CPU
		{E71F3053-056C-4381-9638-048ED73BDFF6}.Debug|x86.ActiveCfg = Debug|Any CPU
		{E71F3053-056C-4381-9638-048ED73BDFF6}.Debug|x86.Build.0 = Debug|Any CPU
		{E71F3053-056C-4381-9638-048ED73BDFF6}.Release|AnyCPU.ActiveCfg = Release|Any CPU
		{E71F3053-056C-4381-9638-048ED73BDFF6}.Release|AnyCPU.Build.0 = Release|Any CPU
		{E71F3053-056C-4381-9638-048ED73BDFF6}.Release|x64.ActiveCfg = Release|Any CPU
		{E71F3053-056C-4381-9638-048ED73BDFF6}.Release|x64.Build.0 = Release|Any CPU
		{E71F3053-056C-4381-9638-048ED73BDFF6}.Release|x86.ActiveCfg = Release|Any CPU
		{E71F3053-056C-4381-9638-048ED73BDFF6}.Release|x86.Build.0 = Release|Any CPU
		{3BC0AC7E-3B3B-4D3F-9CC0-B2BDECC460A6}.Debug|AnyCPU.ActiveCfg = Debug|Any CPU
		{3BC0AC7E-3B3B-4D3F-9CC0-B2BDECC460A6}.Debug|AnyCPU.Build.0 = Debug|Any CPU
		{3BC0AC7E-3B3B-4D3F-9CC0-B2BDECC460A6}.Debug|AnyCPU.Deploy.0 = Debug|Any CPU
		{3BC0AC7E-3B3B-4D3F-9CC0-B2BDECC460A6}.Debug|x64.ActiveCfg = Debug|Any CPU
		{3BC0AC7E-3B3B-4D3F-9CC0-B2BDECC460A6}.Debug|x64.Build.0 = Debug|Any CPU
		{3BC0AC7E-3B3B-4D3F-9CC0-B2BDECC460A6}.Debug|x64.Deploy.0 = Debug|Any CPU
		{3BC0AC7E-3B3B-4D3F-9CC0-B2BDECC460A6}.Debug|x86.ActiveCfg = Debug|Any CPU
		{3BC0AC7E-3B3B-4D3F-9CC0-B2BDECC460A6}.Debug|x86.Build.0 = Debug|Any CPU
		{3BC0AC7E-3B3B-4D3F-9CC0-B2BDECC460A6}.Debug|x86.Deploy.0 = Debug|Any CPU
		{3BC0AC7E-3B3B-4D3F-9CC0-B2BDECC460A6}.Release|AnyCPU.ActiveCfg = Release|Any CPU
		{3BC0AC7E-3B3B-4D3F-9CC0-B2BDECC460A6}.Release|AnyCPU.Build.0 = Release|Any CPU
		{3BC0AC7E-3B3B-4D3F-9CC0-B2BDECC460A6}.Release|AnyCPU.Deploy.0 = Release|Any CPU
		{3BC0AC7E-3B3B-4D3F-9CC0-B2BDECC460A6}.Release|x64.ActiveCfg = Release|Any CPU
		{3BC0AC7E-3B3B-4D3F-9CC0-B2BDECC460A6}.Release|x64.Build.0 = Release|Any CPU
		{3BC0AC7E-3B3B-4D3F-9CC0-B2BDECC460A6}.Release|x64.Deploy.0 = Release|Any CPU
		{3BC0AC7E-3B3B-4D3F-9CC0-B2BDECC460A6}.Release|x86.ActiveCfg = Release|Any CPU
		{3BC0AC7E-3B3B-4D3F-9CC0-B2BDECC460A6}.Release|x86.Build.0 = Release|Any CPU
		{3BC0AC7E-3B3B-4D3F-9CC0-B2BDECC460A6}.Release|x86.Deploy.0 = Release|Any CPU
		{BA6ECDB7-674E-42CB-9E56-56C55FED269B}.Debug|AnyCPU.ActiveCfg = Debug|Any CPU
		{BA6ECDB7-674E-42CB-9E56-56C55FED269B}.Debug|AnyCPU.Build.0 = Debug|Any CPU
		{BA6ECDB7-674E-42CB-9E56-56C55FED269B}.Debug|x64.ActiveCfg = Debug|Any CPU
		{BA6ECDB7-674E-42CB-9E56-56C55FED269B}.Debug|x64.Build.0 = Debug|Any CPU
		{BA6ECDB7-674E-42CB-9E56-56C55FED269B}.Debug|x86.ActiveCfg = Debug|Any CPU
		{BA6ECDB7-674E-42CB-9E56-56C55FED269B}.Debug|x86.Build.0 = Debug|Any CPU
		{BA6ECDB7-674E-42CB-9E56-56C55FED269B}.Release|AnyCPU.ActiveCfg = Release|Any CPU
		{BA6ECDB7-674E-42CB-9E56-56C55FED269B}.Release|AnyCPU.Build.0 = Release|Any CPU
		{BA6ECDB7-674E-42CB-9E56-56C55FED269B}.Release|x64.ActiveCfg = Release|Any CPU
		{BA6ECDB7-674E-42CB-9E56-56C55FED269B}.Release|x64.Build.0 = Release|Any CPU
		{BA6ECDB7-674E-42CB-9E56-56C55FED269B}.Release|x86.ActiveCfg = Release|Any CPU
		{BA6ECDB7-674E-42CB-9E56-56C55FED269B}.Release|x86.Build.0 = Release|Any CPU
	EndGlobalSection
	GlobalSection(SolutionProperties) = preSolution
		HideSolutionNode = FALSE
	EndGlobalSection
	GlobalSection(NestedProjects) = preSolution
		{508AE811-A03A-4138-8CCC-ABDE03C67010} = {969DB691-49FB-4785-98F4-2112CC1BA7C4}
		{086F5A3A-7D9A-4125-8E67-0EBC72AAB246} = {969DB691-49FB-4785-98F4-2112CC1BA7C4}
		{B83B1717-4AFA-4DD8-AB3C-A713C7963271} = {969DB691-49FB-4785-98F4-2112CC1BA7C4}
		{512DB2DB-61A0-4723-A6AC-E9AE23243283} = {F7130D3D-4E62-4EB3-B74C-1E819E017048}
		{3F5F1E88-DA00-40C3-9F19-8582B5D516D7} = {F7130D3D-4E62-4EB3-B74C-1E819E017048}
		{81BB36D2-4D01-44E3-9024-E7CBD10DA316} = {F7130D3D-4E62-4EB3-B74C-1E819E017048}
		{53A4E033-F814-46CC-8105-DAC289524455} = {F7130D3D-4E62-4EB3-B74C-1E819E017048}
		{5C1F0E76-BF98-4C6E-8AAB-CDB7E3735A9C} = {969DB691-49FB-4785-98F4-2112CC1BA7C4}
		{FF1A03F0-8C0C-4FAB-A229-42AD625B5456} = {F7130D3D-4E62-4EB3-B74C-1E819E017048}
		{46519792-2F00-4FB7-99EF-1465AC7B8994} = {F7130D3D-4E62-4EB3-B74C-1E819E017048}
		{A6D5A694-454C-432B-BB24-AB784876E8E1} = {CB6BE9F9-5ECF-471B-9D93-605E2BD6825D}
		{CA0C7AF3-03ED-42D0-A001-001E8EE095E6} = {969DB691-49FB-4785-98F4-2112CC1BA7C4}
		{16D71D4F-1D3F-483E-9C6C-A3A25B6A20A9} = {969DB691-49FB-4785-98F4-2112CC1BA7C4}
		{7D976D37-0542-4A0D-99E6-6BAA180E7011} = {97458DE1-C297-4DED-AECB-5FEFED2B5610}
		{52C84C7C-1D60-454E-804A-1F9691BD61A3} = {7D976D37-0542-4A0D-99E6-6BAA180E7011}
		{5BB9C8BA-0FF4-40E7-BC36-8D671A951C82} = {97458DE1-C297-4DED-AECB-5FEFED2B5610}
		{3BC0AC7E-3B3B-4D3F-9CC0-B2BDECC460A6} = {969DB691-49FB-4785-98F4-2112CC1BA7C4}
		{BA6ECDB7-674E-42CB-9E56-56C55FED269B} = {969DB691-49FB-4785-98F4-2112CC1BA7C4}
	EndGlobalSection
	GlobalSection(ExtensibilityGlobals) = postSolution
		SolutionGuid = {22D684C3-0BD3-4D8A-AB23-748FB5527F6F}
	EndGlobalSection
	GlobalSection(Performance) = preSolution
		HasPerformanceSessions = true
	EndGlobalSection
	GlobalSection(MonoDevelopProperties) = preSolution
		Policies = $0
		$0.DotNetNamingPolicy = $1
		$1.DirectoryNamespaceAssociation = None
		$1.ResourceNamePolicy = FileFormatDefault
		$0.StandardHeader = $2
		$2.Text = 
		$2.IncludeInNewFiles = True
		$0.NameConventionPolicy = $3
		$3.Rules = $4
		$4.NamingRule = $5
		$5.AffectedEntity = None
		$5.VisibilityMask = VisibilityMask
		$5.NamingStyle = None
		$5.IncludeInstanceMembers = True
		$5.IncludeStaticEntities = True
	EndGlobalSection
EndGlobal
