
Microsoft Visual Studio Solution File, Format Version 12.00
# Visual Studio 2012
Project("{FAE04EC0-301F-11D3-BF4B-00C04F79EFBC}") = "Mapsui.Forms", "Mapsui.Forms\Mapsui.Forms.csproj", "{4E40E824-96B8-4F98-A0F8-2DBDF9D3DCE5}"
EndProject
Project("{FAE04EC0-301F-11D3-BF4B-00C04F79EFBC}") = "Mapsui.Windows", "Mapsui.Windows\Mapsui.Windows.csproj", "{9142A5C9-38F9-42DF-8E9A-79E5A919151F}"
EndProject
Project("{FAE04EC0-301F-11D3-BF4B-00C04F79EFBC}") = "GdiRendering", "GdiRendering\GdiRendering.csproj", "{B7ADBCD6-71AA-48E5-AD04-54649B73773C}"
EndProject
Project("{FAE04EC0-301F-11D3-BF4B-00C04F79EFBC}") = "SilverlightRendering", "SilverlightRendering\SilverlightRendering.csproj", "{612450F3-5EF0-4648-9542-2B3578583243}"
EndProject
Project("{FAE04EC0-301F-11D3-BF4B-00C04F79EFBC}") = "SharpMap.Providers", "SharpMap.Providers\SharpMap.Providers.csproj", "{3E99181D-B701-493F-AFAE-109D023935F7}"
EndProject
Project("{2150E333-8FDC-42A3-9474-1A3956D46DE8}") = ".nuget", ".nuget", "{96F20EF6-F145-47CE-960D-C8899049DFB0}"
	ProjectSection(SolutionItems) = preProject
		.nuget\NuGet.exe = .nuget\NuGet.exe
		.nuget\NuGet.targets = .nuget\NuGet.targets
	EndProjectSection
EndProject
Project("{FAE04EC0-301F-11D3-BF4B-00C04F79EFBC}") = "WbxRendering", "WbxRendering\WbxRendering.csproj", "{585D8355-0D05-4738-B8AF-AA4B5DFC40A0}"
EndProject
Project("{FAE04EC0-301F-11D3-BF4B-00C04F79EFBC}") = "Mapsui", "Mapsui\Mapsui.csproj", "{D74C052A-C07E-4B37-A898-134218ACA5C9}"
EndProject
Project("{2150E333-8FDC-42A3-9474-1A3956D46DE8}") = "Samples", "Samples", "{969DB691-49FB-4785-98F4-2112CC1BA7C4}"
EndProject
Project("{2150E333-8FDC-42A3-9474-1A3956D46DE8}") = "Tests", "Tests", "{F7130D3D-4E62-4EB3-B74C-1E819E017048}"
EndProject
Project("{FAE04EC0-301F-11D3-BF4B-00C04F79EFBC}") = "DemoConfig", "Samples\DemoConfig\DemoConfig.csproj", "{8FB95293-E18B-4B99-9FEB-A24DD3FCBBC5}"
EndProject
Project("{FAE04EC0-301F-11D3-BF4B-00C04F79EFBC}") = "Mapsui.WinForms", "Samples\Mapsui.WinForms\Mapsui.WinForms.csproj", "{6AE03941-7AD0-4022-A641-B137B9CD2B0F}"
EndProject
Project("{FAE04EC0-301F-11D3-BF4B-00C04F79EFBC}") = "Mapsui.Wpf", "Samples\Mapsui.Wpf\Mapsui.Wpf.csproj", "{B83B1717-4AFA-4DD8-AB3C-A713C7963271}"
EndProject
Project("{FAE04EC0-301F-11D3-BF4B-00C04F79EFBC}") = "WindowsFormsSample", "Samples\WindowsFormsSample\WindowsFormsSample.csproj", "{6EEDF770-D05C-441E-A523-7C97F620B9BB}"
EndProject
Project("{FAE04EC0-301F-11D3-BF4B-00C04F79EFBC}") = "WinFormsSample", "Samples\WinFormsSample\WinFormsSample.csproj", "{40E99E58-0877-4FA3-BBD1-13F3A190BA94}"
EndProject
Project("{FAE04EC0-301F-11D3-BF4B-00C04F79EFBC}") = "WpfSample", "Samples\WpfSample\WpfSample.csproj", "{95379DA2-7651-4949-B4B7-6ADEDDB14B65}"
EndProject
Project("{FAE04EC0-301F-11D3-BF4B-00C04F79EFBC}") = "SharpMapTests", "Tests\SharpMapTests\SharpMapTests.csproj", "{D6BE6ADA-CE9F-45FF-AB64-AAD128EDF9AA}"
EndProject
Project("{FAE04EC0-301F-11D3-BF4B-00C04F79EFBC}") = "SharpMap.Providers.Tests", "Tests\SharpMap.Providers.Tests\SharpMap.Providers.Tests.csproj", "{1576D346-9FEA-47FB-B917-A4B34682684A}"
EndProject
Project("{FAE04EC0-301F-11D3-BF4B-00C04F79EFBC}") = "SharpMap.Samples", "Samples\SharpMap.Samples\SharpMap.Samples.csproj", "{036B6E0A-C34C-4EE6-A359-C467D7E9D1EF}"
EndProject
Global
	GlobalSection(SolutionConfigurationPlatforms) = preSolution
		Addins debug|Any CPU = Addins debug|Any CPU
		Debug|Any CPU = Debug|Any CPU
		Release|Any CPU = Release|Any CPU
	EndGlobalSection
	GlobalSection(ProjectConfigurationPlatforms) = postSolution
		{4E40E824-96B8-4F98-A0F8-2DBDF9D3DCE5}.Addins debug|Any CPU.ActiveCfg = Release|Any CPU
		{4E40E824-96B8-4F98-A0F8-2DBDF9D3DCE5}.Addins debug|Any CPU.Build.0 = Release|Any CPU
		{4E40E824-96B8-4F98-A0F8-2DBDF9D3DCE5}.Debug|Any CPU.ActiveCfg = Debug|Any CPU
		{4E40E824-96B8-4F98-A0F8-2DBDF9D3DCE5}.Debug|Any CPU.Build.0 = Debug|Any CPU
		{4E40E824-96B8-4F98-A0F8-2DBDF9D3DCE5}.Release|Any CPU.ActiveCfg = Release|Any CPU
		{4E40E824-96B8-4F98-A0F8-2DBDF9D3DCE5}.Release|Any CPU.Build.0 = Release|Any CPU
		{9142A5C9-38F9-42DF-8E9A-79E5A919151F}.Addins debug|Any CPU.ActiveCfg = Release|Any CPU
		{9142A5C9-38F9-42DF-8E9A-79E5A919151F}.Addins debug|Any CPU.Build.0 = Release|Any CPU
		{9142A5C9-38F9-42DF-8E9A-79E5A919151F}.Debug|Any CPU.ActiveCfg = Debug|Any CPU
		{9142A5C9-38F9-42DF-8E9A-79E5A919151F}.Debug|Any CPU.Build.0 = Debug|Any CPU
		{9142A5C9-38F9-42DF-8E9A-79E5A919151F}.Release|Any CPU.ActiveCfg = Release|Any CPU
		{9142A5C9-38F9-42DF-8E9A-79E5A919151F}.Release|Any CPU.Build.0 = Release|Any CPU
		{B7ADBCD6-71AA-48E5-AD04-54649B73773C}.Addins debug|Any CPU.ActiveCfg = Release|Any CPU
		{B7ADBCD6-71AA-48E5-AD04-54649B73773C}.Addins debug|Any CPU.Build.0 = Release|Any CPU
		{B7ADBCD6-71AA-48E5-AD04-54649B73773C}.Debug|Any CPU.ActiveCfg = Debug|Any CPU
		{B7ADBCD6-71AA-48E5-AD04-54649B73773C}.Debug|Any CPU.Build.0 = Debug|Any CPU
		{B7ADBCD6-71AA-48E5-AD04-54649B73773C}.Release|Any CPU.ActiveCfg = Release|Any CPU
		{B7ADBCD6-71AA-48E5-AD04-54649B73773C}.Release|Any CPU.Build.0 = Release|Any CPU
		{612450F3-5EF0-4648-9542-2B3578583243}.Addins debug|Any CPU.ActiveCfg = Release|Any CPU
		{612450F3-5EF0-4648-9542-2B3578583243}.Addins debug|Any CPU.Build.0 = Release|Any CPU
		{612450F3-5EF0-4648-9542-2B3578583243}.Debug|Any CPU.ActiveCfg = Debug|Any CPU
		{612450F3-5EF0-4648-9542-2B3578583243}.Debug|Any CPU.Build.0 = Debug|Any CPU
		{612450F3-5EF0-4648-9542-2B3578583243}.Release|Any CPU.ActiveCfg = Release|Any CPU
		{612450F3-5EF0-4648-9542-2B3578583243}.Release|Any CPU.Build.0 = Release|Any CPU
		{3E99181D-B701-493F-AFAE-109D023935F7}.Addins debug|Any CPU.ActiveCfg = Release|Any CPU
		{3E99181D-B701-493F-AFAE-109D023935F7}.Addins debug|Any CPU.Build.0 = Release|Any CPU
		{3E99181D-B701-493F-AFAE-109D023935F7}.Debug|Any CPU.ActiveCfg = Debug|Any CPU
		{3E99181D-B701-493F-AFAE-109D023935F7}.Debug|Any CPU.Build.0 = Debug|Any CPU
		{3E99181D-B701-493F-AFAE-109D023935F7}.Release|Any CPU.ActiveCfg = Release|Any CPU
		{3E99181D-B701-493F-AFAE-109D023935F7}.Release|Any CPU.Build.0 = Release|Any CPU
		{585D8355-0D05-4738-B8AF-AA4B5DFC40A0}.Addins debug|Any CPU.ActiveCfg = Release|Any CPU
		{585D8355-0D05-4738-B8AF-AA4B5DFC40A0}.Addins debug|Any CPU.Build.0 = Release|Any CPU
		{585D8355-0D05-4738-B8AF-AA4B5DFC40A0}.Debug|Any CPU.ActiveCfg = Debug|Any CPU
		{585D8355-0D05-4738-B8AF-AA4B5DFC40A0}.Debug|Any CPU.Build.0 = Debug|Any CPU
		{585D8355-0D05-4738-B8AF-AA4B5DFC40A0}.Release|Any CPU.ActiveCfg = Release|Any CPU
		{585D8355-0D05-4738-B8AF-AA4B5DFC40A0}.Release|Any CPU.Build.0 = Release|Any CPU
		{D74C052A-C07E-4B37-A898-134218ACA5C9}.Addins debug|Any CPU.ActiveCfg = Release|Any CPU
		{D74C052A-C07E-4B37-A898-134218ACA5C9}.Addins debug|Any CPU.Build.0 = Release|Any CPU
		{D74C052A-C07E-4B37-A898-134218ACA5C9}.Debug|Any CPU.ActiveCfg = Debug|Any CPU
		{D74C052A-C07E-4B37-A898-134218ACA5C9}.Debug|Any CPU.Build.0 = Debug|Any CPU
		{D74C052A-C07E-4B37-A898-134218ACA5C9}.Release|Any CPU.ActiveCfg = Release|Any CPU
		{D74C052A-C07E-4B37-A898-134218ACA5C9}.Release|Any CPU.Build.0 = Release|Any CPU
		{8FB95293-E18B-4B99-9FEB-A24DD3FCBBC5}.Addins debug|Any CPU.ActiveCfg = Release|Any CPU
		{8FB95293-E18B-4B99-9FEB-A24DD3FCBBC5}.Addins debug|Any CPU.Build.0 = Release|Any CPU
		{8FB95293-E18B-4B99-9FEB-A24DD3FCBBC5}.Debug|Any CPU.ActiveCfg = Debug|Any CPU
		{8FB95293-E18B-4B99-9FEB-A24DD3FCBBC5}.Debug|Any CPU.Build.0 = Debug|Any CPU
		{8FB95293-E18B-4B99-9FEB-A24DD3FCBBC5}.Release|Any CPU.ActiveCfg = Release|Any CPU
		{8FB95293-E18B-4B99-9FEB-A24DD3FCBBC5}.Release|Any CPU.Build.0 = Release|Any CPU
		{6AE03941-7AD0-4022-A641-B137B9CD2B0F}.Addins debug|Any CPU.ActiveCfg = Release|Any CPU
		{6AE03941-7AD0-4022-A641-B137B9CD2B0F}.Addins debug|Any CPU.Build.0 = Release|Any CPU
		{6AE03941-7AD0-4022-A641-B137B9CD2B0F}.Debug|Any CPU.ActiveCfg = Debug|Any CPU
		{6AE03941-7AD0-4022-A641-B137B9CD2B0F}.Debug|Any CPU.Build.0 = Debug|Any CPU
		{6AE03941-7AD0-4022-A641-B137B9CD2B0F}.Release|Any CPU.ActiveCfg = Release|Any CPU
		{6AE03941-7AD0-4022-A641-B137B9CD2B0F}.Release|Any CPU.Build.0 = Release|Any CPU
		{B83B1717-4AFA-4DD8-AB3C-A713C7963271}.Addins debug|Any CPU.ActiveCfg = Release|Any CPU
		{B83B1717-4AFA-4DD8-AB3C-A713C7963271}.Addins debug|Any CPU.Build.0 = Release|Any CPU
		{B83B1717-4AFA-4DD8-AB3C-A713C7963271}.Debug|Any CPU.ActiveCfg = Debug|Any CPU
		{B83B1717-4AFA-4DD8-AB3C-A713C7963271}.Debug|Any CPU.Build.0 = Debug|Any CPU
		{B83B1717-4AFA-4DD8-AB3C-A713C7963271}.Release|Any CPU.ActiveCfg = Release|Any CPU
		{B83B1717-4AFA-4DD8-AB3C-A713C7963271}.Release|Any CPU.Build.0 = Release|Any CPU
		{6EEDF770-D05C-441E-A523-7C97F620B9BB}.Addins debug|Any CPU.ActiveCfg = Release|Any CPU
		{6EEDF770-D05C-441E-A523-7C97F620B9BB}.Addins debug|Any CPU.Build.0 = Release|Any CPU
		{6EEDF770-D05C-441E-A523-7C97F620B9BB}.Debug|Any CPU.ActiveCfg = Debug|Any CPU
		{6EEDF770-D05C-441E-A523-7C97F620B9BB}.Debug|Any CPU.Build.0 = Debug|Any CPU
		{6EEDF770-D05C-441E-A523-7C97F620B9BB}.Release|Any CPU.ActiveCfg = Release|Any CPU
		{6EEDF770-D05C-441E-A523-7C97F620B9BB}.Release|Any CPU.Build.0 = Release|Any CPU
		{40E99E58-0877-4FA3-BBD1-13F3A190BA94}.Addins debug|Any CPU.ActiveCfg = Release|Any CPU
		{40E99E58-0877-4FA3-BBD1-13F3A190BA94}.Addins debug|Any CPU.Build.0 = Release|Any CPU
		{40E99E58-0877-4FA3-BBD1-13F3A190BA94}.Debug|Any CPU.ActiveCfg = Debug|Any CPU
		{40E99E58-0877-4FA3-BBD1-13F3A190BA94}.Debug|Any CPU.Build.0 = Debug|Any CPU
		{40E99E58-0877-4FA3-BBD1-13F3A190BA94}.Release|Any CPU.ActiveCfg = Release|Any CPU
		{40E99E58-0877-4FA3-BBD1-13F3A190BA94}.Release|Any CPU.Build.0 = Release|Any CPU
		{95379DA2-7651-4949-B4B7-6ADEDDB14B65}.Addins debug|Any CPU.ActiveCfg = Release|Any CPU
		{95379DA2-7651-4949-B4B7-6ADEDDB14B65}.Addins debug|Any CPU.Build.0 = Release|Any CPU
		{95379DA2-7651-4949-B4B7-6ADEDDB14B65}.Debug|Any CPU.ActiveCfg = Debug|Any CPU
		{95379DA2-7651-4949-B4B7-6ADEDDB14B65}.Debug|Any CPU.Build.0 = Debug|Any CPU
		{95379DA2-7651-4949-B4B7-6ADEDDB14B65}.Release|Any CPU.ActiveCfg = Release|Any CPU
		{95379DA2-7651-4949-B4B7-6ADEDDB14B65}.Release|Any CPU.Build.0 = Release|Any CPU
		{D6BE6ADA-CE9F-45FF-AB64-AAD128EDF9AA}.Addins debug|Any CPU.ActiveCfg = Release|Any CPU
		{D6BE6ADA-CE9F-45FF-AB64-AAD128EDF9AA}.Addins debug|Any CPU.Build.0 = Release|Any CPU
		{D6BE6ADA-CE9F-45FF-AB64-AAD128EDF9AA}.Debug|Any CPU.ActiveCfg = Debug|Any CPU
		{D6BE6ADA-CE9F-45FF-AB64-AAD128EDF9AA}.Debug|Any CPU.Build.0 = Debug|Any CPU
		{D6BE6ADA-CE9F-45FF-AB64-AAD128EDF9AA}.Release|Any CPU.ActiveCfg = Release|Any CPU
		{D6BE6ADA-CE9F-45FF-AB64-AAD128EDF9AA}.Release|Any CPU.Build.0 = Release|Any CPU
		{1576D346-9FEA-47FB-B917-A4B34682684A}.Addins debug|Any CPU.ActiveCfg = Release|Any CPU
		{1576D346-9FEA-47FB-B917-A4B34682684A}.Addins debug|Any CPU.Build.0 = Release|Any CPU
		{1576D346-9FEA-47FB-B917-A4B34682684A}.Debug|Any CPU.ActiveCfg = Debug|Any CPU
		{1576D346-9FEA-47FB-B917-A4B34682684A}.Debug|Any CPU.Build.0 = Debug|Any CPU
		{1576D346-9FEA-47FB-B917-A4B34682684A}.Release|Any CPU.ActiveCfg = Release|Any CPU
		{1576D346-9FEA-47FB-B917-A4B34682684A}.Release|Any CPU.Build.0 = Release|Any CPU
		{036B6E0A-C34C-4EE6-A359-C467D7E9D1EF}.Addins debug|Any CPU.ActiveCfg = Release|Any CPU
		{036B6E0A-C34C-4EE6-A359-C467D7E9D1EF}.Addins debug|Any CPU.Build.0 = Release|Any CPU
		{036B6E0A-C34C-4EE6-A359-C467D7E9D1EF}.Debug|Any CPU.ActiveCfg = Debug|Any CPU
		{036B6E0A-C34C-4EE6-A359-C467D7E9D1EF}.Debug|Any CPU.Build.0 = Debug|Any CPU
		{036B6E0A-C34C-4EE6-A359-C467D7E9D1EF}.Release|Any CPU.ActiveCfg = Release|Any CPU
		{036B6E0A-C34C-4EE6-A359-C467D7E9D1EF}.Release|Any CPU.Build.0 = Release|Any CPU
	EndGlobalSection
	GlobalSection(SolutionProperties) = preSolution
		HideSolutionNode = FALSE
	EndGlobalSection
	GlobalSection(NestedProjects) = preSolution
		{8FB95293-E18B-4B99-9FEB-A24DD3FCBBC5} = {969DB691-49FB-4785-98F4-2112CC1BA7C4}
		{6AE03941-7AD0-4022-A641-B137B9CD2B0F} = {969DB691-49FB-4785-98F4-2112CC1BA7C4}
		{B83B1717-4AFA-4DD8-AB3C-A713C7963271} = {969DB691-49FB-4785-98F4-2112CC1BA7C4}
		{6EEDF770-D05C-441E-A523-7C97F620B9BB} = {969DB691-49FB-4785-98F4-2112CC1BA7C4}
		{40E99E58-0877-4FA3-BBD1-13F3A190BA94} = {969DB691-49FB-4785-98F4-2112CC1BA7C4}
		{95379DA2-7651-4949-B4B7-6ADEDDB14B65} = {969DB691-49FB-4785-98F4-2112CC1BA7C4}
		{036B6E0A-C34C-4EE6-A359-C467D7E9D1EF} = {969DB691-49FB-4785-98F4-2112CC1BA7C4}
		{D6BE6ADA-CE9F-45FF-AB64-AAD128EDF9AA} = {F7130D3D-4E62-4EB3-B74C-1E819E017048}
		{1576D346-9FEA-47FB-B917-A4B34682684A} = {F7130D3D-4E62-4EB3-B74C-1E819E017048}
	EndGlobalSection
EndGlobal
