
Microsoft Visual Studio Solution File, Format Version 12.00
# Visual Studio 2012
Project("{FAE04EC0-301F-11D3-BF4B-00C04F79EFBC}") = "Mapsui.Forms", "Mapsui.Forms\Mapsui.Forms.csproj", "{4E40E824-96B8-4F98-A0F8-2DBDF9D3DCE5}"
EndProject
Project("{FAE04EC0-301F-11D3-BF4B-00C04F79EFBC}") = "Mapsui.Windows", "Mapsui.Windows\Mapsui.Windows.csproj", "{9142A5C9-38F9-42DF-8E9A-79E5A919151F}"
EndProject
Project("{2150E333-8FDC-42A3-9474-1A3956D46DE8}") = ".nuget", ".nuget", "{96F20EF6-F145-47CE-960D-C8899049DFB0}"
	ProjectSection(SolutionItems) = preProject
		.nuget\NuGet.exe = .nuget\NuGet.exe
		.nuget\NuGet.targets = .nuget\NuGet.targets
	EndProjectSection
EndProject
Project("{FAE04EC0-301F-11D3-BF4B-00C04F79EFBC}") = "Mapsui", "Mapsui\Mapsui.csproj", "{D74C052A-C07E-4B37-A898-134218ACA5C9}"
EndProject
Project("{2150E333-8FDC-42A3-9474-1A3956D46DE8}") = "Samples", "Samples", "{969DB691-49FB-4785-98F4-2112CC1BA7C4}"
EndProject
Project("{2150E333-8FDC-42A3-9474-1A3956D46DE8}") = "Tests", "Tests", "{F7130D3D-4E62-4EB3-B74C-1E819E017048}"
EndProject
Project("{FAE04EC0-301F-11D3-BF4B-00C04F79EFBC}") = "Mapsui.WinForms", "Samples\Mapsui.WinForms\Mapsui.WinForms.csproj", "{6AE03941-7AD0-4022-A641-B137B9CD2B0F}"
EndProject
Project("{FAE04EC0-301F-11D3-BF4B-00C04F79EFBC}") = "Mapsui.Wpf", "Samples\Mapsui.Wpf\Mapsui.Wpf.csproj", "{B83B1717-4AFA-4DD8-AB3C-A713C7963271}"
EndProject
Project("{FAE04EC0-301F-11D3-BF4B-00C04F79EFBC}") = "WindowsFormsSample", "Samples\WindowsFormsSample\WindowsFormsSample.csproj", "{6EEDF770-D05C-441E-A523-7C97F620B9BB}"
EndProject
Project("{FAE04EC0-301F-11D3-BF4B-00C04F79EFBC}") = "SharpMap.Samples", "Samples\SharpMap.Samples\SharpMap.Samples.csproj", "{036B6E0A-C34C-4EE6-A359-C467D7E9D1EF}"
EndProject
Project("{FAE04EC0-301F-11D3-BF4B-00C04F79EFBC}") = "Mapsui.Rendering.GdiRendering", "Mapsui.Rendering.GdiRendering\Mapsui.Rendering.GdiRendering.csproj", "{AAA56FF5-D130-461E-91F4-53100B686665}"
EndProject
Project("{FAE04EC0-301F-11D3-BF4B-00C04F79EFBC}") = "Mapsui.Rendering.WbxRendering", "Mapsui.Rendering.WbxRendering\Mapsui.Rendering.WbxRendering.csproj", "{C52338C0-CD0A-49D5-8062-2DC106ECDD5D}"
EndProject
Project("{FAE04EC0-301F-11D3-BF4B-00C04F79EFBC}") = "Mapsui.Providers", "Mapsui.Providers\Mapsui.Providers.csproj", "{8BD54487-8DB9-431A-9596-2DFD744887A1}"
EndProject
Project("{FAE04EC0-301F-11D3-BF4B-00C04F79EFBC}") = "Mapsui.Rendering.XamlRendering-SL", "Mapsui.Rendering.XamlRendering-SL\Mapsui.Rendering.XamlRendering-SL.csproj", "{74A0BDF2-E6AF-4BAB-AA7E-73E68936F1F2}"
EndProject
Project("{FAE04EC0-301F-11D3-BF4B-00C04F79EFBC}") = "Mapsui.Rendering.XamlRendering", "Mapsui.Rendering.XamlRendering\Mapsui.Rendering.XamlRendering.csproj", "{860D6C33-291C-4449-B7CB-720390E6FD0E}"
EndProject
Project("{FAE04EC0-301F-11D3-BF4B-00C04F79EFBC}") = "Mapsui.Windows-SL", "Mapsui.Windows-SL\Mapsui.Windows-SL.csproj", "{451FB089-5B7F-4394-98CE-01B75A1505BA}"
EndProject
Project("{FAE04EC0-301F-11D3-BF4B-00C04F79EFBC}") = "Mapsui.Silverlight", "Samples\Mapsui.Silverlight\Mapsui.Silverlight.csproj", "{066B11A1-B05D-4DD4-B372-1CCEDF929962}"
EndProject
Project("{FAE04EC0-301F-11D3-BF4B-00C04F79EFBC}") = "Mapsui.Silverlight.Web", "Samples\Mapsui.Silverlight.Web\Mapsui.Silverlight.Web.csproj", "{07D1F6C6-F490-4AA5-B000-0173DEACF572}"
EndProject
Project("{FAE04EC0-301F-11D3-BF4B-00C04F79EFBC}") = "Mapsui.Providers.Tests", "Tests\Mapsui.Providers.Tests\Mapsui.Providers.Tests.csproj", "{4CF721F2-0E6E-4140-9AB3-12D003759747}"
EndProject
Project("{FAE04EC0-301F-11D3-BF4B-00C04F79EFBC}") = "Mapsui.Tests", "Tests\Mapsui.Tests\Mapsui.Tests.csproj", "{512DB2DB-61A0-4723-A6AC-E9AE23243283}"
EndProject
Project("{FAE04EC0-301F-11D3-BF4B-00C04F79EFBC}") = "Mapsui.Rendering.XamlRendering.Tests", "Tests\Mapsui.Rendering.XamlRendering.Tests\Mapsui.Rendering.XamlRendering.Tests.csproj", "{3F5F1E88-DA00-40C3-9F19-8582B5D516D7}"
EndProject
Project("{FAE04EC0-301F-11D3-BF4B-00C04F79EFBC}") = "Mapsui.Samples.Common", "Samples\Mapsui.Samples.Common\Mapsui.Samples.Common.csproj", "{508AE811-A03A-4138-8CCC-ABDE03C67010}"
EndProject
Project("{FAE04EC0-301F-11D3-BF4B-00C04F79EFBC}") = "Mapsui.Windows-W8", "Mapsui.Windows-W8\Mapsui.Windows-W8.csproj", "{EC7DF5B3-7912-4848-AFA1-E68E0E860101}"
EndProject
Project("{FAE04EC0-301F-11D3-BF4B-00C04F79EFBC}") = "Mapsui.Rendering.XamlRendering-W8", "Mapsui.Rendering.XamlRendering-W8\Mapsui.Rendering.XamlRendering-W8.csproj", "{A676FF74-1EC6-4B36-96D7-F3FAA313F0FE}"
EndProject
Project("{FAE04EC0-301F-11D3-BF4B-00C04F79EFBC}") = "Mapsui.Samples.Metro", "Samples\Mapsui.Samples.Metro\Mapsui.Samples.Metro.csproj", "{5A164ABA-F62B-491D-B9A8-9E567C3B6F8E}"
EndProject
Global
	GlobalSection(SolutionConfigurationPlatforms) = preSolution
		Addins debug|Any CPU = Addins debug|Any CPU
		Addins debug|ARM = Addins debug|ARM
		Addins debug|x64 = Addins debug|x64
		Addins debug|x86 = Addins debug|x86
		Debug|Any CPU = Debug|Any CPU
		Debug|ARM = Debug|ARM
		Debug|x64 = Debug|x64
		Debug|x86 = Debug|x86
		Release|Any CPU = Release|Any CPU
		Release|ARM = Release|ARM
		Release|x64 = Release|x64
		Release|x86 = Release|x86
	EndGlobalSection
	GlobalSection(ProjectConfigurationPlatforms) = postSolution
		{4E40E824-96B8-4F98-A0F8-2DBDF9D3DCE5}.Addins debug|Any CPU.ActiveCfg = Release|Any CPU
		{4E40E824-96B8-4F98-A0F8-2DBDF9D3DCE5}.Addins debug|Any CPU.Build.0 = Release|Any CPU
		{4E40E824-96B8-4F98-A0F8-2DBDF9D3DCE5}.Addins debug|ARM.ActiveCfg = Debug|Any CPU
		{4E40E824-96B8-4F98-A0F8-2DBDF9D3DCE5}.Addins debug|x64.ActiveCfg = Debug|Any CPU
		{4E40E824-96B8-4F98-A0F8-2DBDF9D3DCE5}.Addins debug|x86.ActiveCfg = Debug|Any CPU
		{4E40E824-96B8-4F98-A0F8-2DBDF9D3DCE5}.Debug|Any CPU.ActiveCfg = Debug|Any CPU
		{4E40E824-96B8-4F98-A0F8-2DBDF9D3DCE5}.Debug|Any CPU.Build.0 = Debug|Any CPU
		{4E40E824-96B8-4F98-A0F8-2DBDF9D3DCE5}.Debug|ARM.ActiveCfg = Debug|Any CPU
		{4E40E824-96B8-4F98-A0F8-2DBDF9D3DCE5}.Debug|x64.ActiveCfg = Debug|Any CPU
		{4E40E824-96B8-4F98-A0F8-2DBDF9D3DCE5}.Debug|x86.ActiveCfg = Debug|Any CPU
		{4E40E824-96B8-4F98-A0F8-2DBDF9D3DCE5}.Release|Any CPU.ActiveCfg = Release|Any CPU
		{4E40E824-96B8-4F98-A0F8-2DBDF9D3DCE5}.Release|Any CPU.Build.0 = Release|Any CPU
		{4E40E824-96B8-4F98-A0F8-2DBDF9D3DCE5}.Release|ARM.ActiveCfg = Release|Any CPU
		{4E40E824-96B8-4F98-A0F8-2DBDF9D3DCE5}.Release|x64.ActiveCfg = Release|Any CPU
		{4E40E824-96B8-4F98-A0F8-2DBDF9D3DCE5}.Release|x86.ActiveCfg = Release|Any CPU
		{9142A5C9-38F9-42DF-8E9A-79E5A919151F}.Addins debug|Any CPU.ActiveCfg = Release|Any CPU
		{9142A5C9-38F9-42DF-8E9A-79E5A919151F}.Addins debug|Any CPU.Build.0 = Release|Any CPU
		{9142A5C9-38F9-42DF-8E9A-79E5A919151F}.Addins debug|ARM.ActiveCfg = Debug|Any CPU
		{9142A5C9-38F9-42DF-8E9A-79E5A919151F}.Addins debug|x64.ActiveCfg = Debug|Any CPU
		{9142A5C9-38F9-42DF-8E9A-79E5A919151F}.Addins debug|x86.ActiveCfg = Debug|Any CPU
		{9142A5C9-38F9-42DF-8E9A-79E5A919151F}.Debug|Any CPU.ActiveCfg = Debug|Any CPU
		{9142A5C9-38F9-42DF-8E9A-79E5A919151F}.Debug|Any CPU.Build.0 = Debug|Any CPU
		{9142A5C9-38F9-42DF-8E9A-79E5A919151F}.Debug|ARM.ActiveCfg = Debug|Any CPU
		{9142A5C9-38F9-42DF-8E9A-79E5A919151F}.Debug|x64.ActiveCfg = Debug|Any CPU
		{9142A5C9-38F9-42DF-8E9A-79E5A919151F}.Debug|x86.ActiveCfg = Debug|Any CPU
		{9142A5C9-38F9-42DF-8E9A-79E5A919151F}.Release|Any CPU.ActiveCfg = Release|Any CPU
		{9142A5C9-38F9-42DF-8E9A-79E5A919151F}.Release|Any CPU.Build.0 = Release|Any CPU
		{9142A5C9-38F9-42DF-8E9A-79E5A919151F}.Release|ARM.ActiveCfg = Release|Any CPU
		{9142A5C9-38F9-42DF-8E9A-79E5A919151F}.Release|x64.ActiveCfg = Release|Any CPU
		{9142A5C9-38F9-42DF-8E9A-79E5A919151F}.Release|x86.ActiveCfg = Release|Any CPU
		{D74C052A-C07E-4B37-A898-134218ACA5C9}.Addins debug|Any CPU.ActiveCfg = Release|Any CPU
		{D74C052A-C07E-4B37-A898-134218ACA5C9}.Addins debug|Any CPU.Build.0 = Release|Any CPU
		{D74C052A-C07E-4B37-A898-134218ACA5C9}.Addins debug|ARM.ActiveCfg = Debug|Any CPU
		{D74C052A-C07E-4B37-A898-134218ACA5C9}.Addins debug|x64.ActiveCfg = Debug|Any CPU
		{D74C052A-C07E-4B37-A898-134218ACA5C9}.Addins debug|x86.ActiveCfg = Debug|Any CPU
		{D74C052A-C07E-4B37-A898-134218ACA5C9}.Debug|Any CPU.ActiveCfg = Debug|Any CPU
		{D74C052A-C07E-4B37-A898-134218ACA5C9}.Debug|Any CPU.Build.0 = Debug|Any CPU
		{D74C052A-C07E-4B37-A898-134218ACA5C9}.Debug|ARM.ActiveCfg = Debug|Any CPU
		{D74C052A-C07E-4B37-A898-134218ACA5C9}.Debug|x64.ActiveCfg = Debug|Any CPU
		{D74C052A-C07E-4B37-A898-134218ACA5C9}.Debug|x86.ActiveCfg = Debug|Any CPU
		{D74C052A-C07E-4B37-A898-134218ACA5C9}.Release|Any CPU.ActiveCfg = Release|Any CPU
		{D74C052A-C07E-4B37-A898-134218ACA5C9}.Release|Any CPU.Build.0 = Release|Any CPU
		{D74C052A-C07E-4B37-A898-134218ACA5C9}.Release|ARM.ActiveCfg = Release|Any CPU
		{D74C052A-C07E-4B37-A898-134218ACA5C9}.Release|x64.ActiveCfg = Release|Any CPU
		{D74C052A-C07E-4B37-A898-134218ACA5C9}.Release|x86.ActiveCfg = Release|Any CPU
		{6AE03941-7AD0-4022-A641-B137B9CD2B0F}.Addins debug|Any CPU.ActiveCfg = Release|Any CPU
		{6AE03941-7AD0-4022-A641-B137B9CD2B0F}.Addins debug|Any CPU.Build.0 = Release|Any CPU
		{6AE03941-7AD0-4022-A641-B137B9CD2B0F}.Addins debug|ARM.ActiveCfg = Debug|Any CPU
		{6AE03941-7AD0-4022-A641-B137B9CD2B0F}.Addins debug|x64.ActiveCfg = Debug|Any CPU
		{6AE03941-7AD0-4022-A641-B137B9CD2B0F}.Addins debug|x86.ActiveCfg = Debug|Any CPU
		{6AE03941-7AD0-4022-A641-B137B9CD2B0F}.Debug|Any CPU.ActiveCfg = Debug|Any CPU
		{6AE03941-7AD0-4022-A641-B137B9CD2B0F}.Debug|Any CPU.Build.0 = Debug|Any CPU
		{6AE03941-7AD0-4022-A641-B137B9CD2B0F}.Debug|ARM.ActiveCfg = Debug|Any CPU
		{6AE03941-7AD0-4022-A641-B137B9CD2B0F}.Debug|x64.ActiveCfg = Debug|Any CPU
		{6AE03941-7AD0-4022-A641-B137B9CD2B0F}.Debug|x86.ActiveCfg = Debug|Any CPU
		{6AE03941-7AD0-4022-A641-B137B9CD2B0F}.Release|Any CPU.ActiveCfg = Release|Any CPU
		{6AE03941-7AD0-4022-A641-B137B9CD2B0F}.Release|Any CPU.Build.0 = Release|Any CPU
		{6AE03941-7AD0-4022-A641-B137B9CD2B0F}.Release|ARM.ActiveCfg = Release|Any CPU
		{6AE03941-7AD0-4022-A641-B137B9CD2B0F}.Release|x64.ActiveCfg = Release|Any CPU
		{6AE03941-7AD0-4022-A641-B137B9CD2B0F}.Release|x86.ActiveCfg = Release|Any CPU
		{B83B1717-4AFA-4DD8-AB3C-A713C7963271}.Addins debug|Any CPU.ActiveCfg = Release|Any CPU
		{B83B1717-4AFA-4DD8-AB3C-A713C7963271}.Addins debug|Any CPU.Build.0 = Release|Any CPU
		{B83B1717-4AFA-4DD8-AB3C-A713C7963271}.Addins debug|ARM.ActiveCfg = Debug|Any CPU
		{B83B1717-4AFA-4DD8-AB3C-A713C7963271}.Addins debug|x64.ActiveCfg = Debug|Any CPU
		{B83B1717-4AFA-4DD8-AB3C-A713C7963271}.Addins debug|x86.ActiveCfg = Debug|Any CPU
		{B83B1717-4AFA-4DD8-AB3C-A713C7963271}.Debug|Any CPU.ActiveCfg = Debug|Any CPU
		{B83B1717-4AFA-4DD8-AB3C-A713C7963271}.Debug|Any CPU.Build.0 = Debug|Any CPU
		{B83B1717-4AFA-4DD8-AB3C-A713C7963271}.Debug|ARM.ActiveCfg = Debug|Any CPU
		{B83B1717-4AFA-4DD8-AB3C-A713C7963271}.Debug|x64.ActiveCfg = Debug|Any CPU
		{B83B1717-4AFA-4DD8-AB3C-A713C7963271}.Debug|x86.ActiveCfg = Debug|Any CPU
		{B83B1717-4AFA-4DD8-AB3C-A713C7963271}.Release|Any CPU.ActiveCfg = Release|Any CPU
		{B83B1717-4AFA-4DD8-AB3C-A713C7963271}.Release|Any CPU.Build.0 = Release|Any CPU
		{B83B1717-4AFA-4DD8-AB3C-A713C7963271}.Release|ARM.ActiveCfg = Release|Any CPU
		{B83B1717-4AFA-4DD8-AB3C-A713C7963271}.Release|x64.ActiveCfg = Release|Any CPU
		{B83B1717-4AFA-4DD8-AB3C-A713C7963271}.Release|x86.ActiveCfg = Release|Any CPU
		{6EEDF770-D05C-441E-A523-7C97F620B9BB}.Addins debug|Any CPU.ActiveCfg = Release|Any CPU
		{6EEDF770-D05C-441E-A523-7C97F620B9BB}.Addins debug|Any CPU.Build.0 = Release|Any CPU
		{6EEDF770-D05C-441E-A523-7C97F620B9BB}.Addins debug|ARM.ActiveCfg = Debug|Any CPU
		{6EEDF770-D05C-441E-A523-7C97F620B9BB}.Addins debug|x64.ActiveCfg = Debug|Any CPU
		{6EEDF770-D05C-441E-A523-7C97F620B9BB}.Addins debug|x86.ActiveCfg = Debug|Any CPU
		{6EEDF770-D05C-441E-A523-7C97F620B9BB}.Debug|Any CPU.ActiveCfg = Debug|Any CPU
		{6EEDF770-D05C-441E-A523-7C97F620B9BB}.Debug|Any CPU.Build.0 = Debug|Any CPU
		{6EEDF770-D05C-441E-A523-7C97F620B9BB}.Debug|ARM.ActiveCfg = Debug|Any CPU
		{6EEDF770-D05C-441E-A523-7C97F620B9BB}.Debug|x64.ActiveCfg = Debug|Any CPU
		{6EEDF770-D05C-441E-A523-7C97F620B9BB}.Debug|x86.ActiveCfg = Debug|Any CPU
		{6EEDF770-D05C-441E-A523-7C97F620B9BB}.Release|Any CPU.ActiveCfg = Release|Any CPU
		{6EEDF770-D05C-441E-A523-7C97F620B9BB}.Release|Any CPU.Build.0 = Release|Any CPU
		{6EEDF770-D05C-441E-A523-7C97F620B9BB}.Release|ARM.ActiveCfg = Release|Any CPU
		{6EEDF770-D05C-441E-A523-7C97F620B9BB}.Release|x64.ActiveCfg = Release|Any CPU
		{6EEDF770-D05C-441E-A523-7C97F620B9BB}.Release|x86.ActiveCfg = Release|Any CPU
		{036B6E0A-C34C-4EE6-A359-C467D7E9D1EF}.Addins debug|Any CPU.ActiveCfg = Release|Any CPU
		{036B6E0A-C34C-4EE6-A359-C467D7E9D1EF}.Addins debug|Any CPU.Build.0 = Release|Any CPU
		{036B6E0A-C34C-4EE6-A359-C467D7E9D1EF}.Addins debug|ARM.ActiveCfg = Debug|Any CPU
		{036B6E0A-C34C-4EE6-A359-C467D7E9D1EF}.Addins debug|x64.ActiveCfg = Debug|Any CPU
		{036B6E0A-C34C-4EE6-A359-C467D7E9D1EF}.Addins debug|x86.ActiveCfg = Debug|Any CPU
		{036B6E0A-C34C-4EE6-A359-C467D7E9D1EF}.Debug|Any CPU.ActiveCfg = Debug|Any CPU
		{036B6E0A-C34C-4EE6-A359-C467D7E9D1EF}.Debug|Any CPU.Build.0 = Debug|Any CPU
		{036B6E0A-C34C-4EE6-A359-C467D7E9D1EF}.Debug|ARM.ActiveCfg = Debug|Any CPU
		{036B6E0A-C34C-4EE6-A359-C467D7E9D1EF}.Debug|x64.ActiveCfg = Debug|Any CPU
		{036B6E0A-C34C-4EE6-A359-C467D7E9D1EF}.Debug|x86.ActiveCfg = Debug|Any CPU
		{036B6E0A-C34C-4EE6-A359-C467D7E9D1EF}.Release|Any CPU.ActiveCfg = Release|Any CPU
		{036B6E0A-C34C-4EE6-A359-C467D7E9D1EF}.Release|Any CPU.Build.0 = Release|Any CPU
		{036B6E0A-C34C-4EE6-A359-C467D7E9D1EF}.Release|ARM.ActiveCfg = Release|Any CPU
		{036B6E0A-C34C-4EE6-A359-C467D7E9D1EF}.Release|x64.ActiveCfg = Release|Any CPU
		{036B6E0A-C34C-4EE6-A359-C467D7E9D1EF}.Release|x86.ActiveCfg = Release|Any CPU
		{AAA56FF5-D130-461E-91F4-53100B686665}.Addins debug|Any CPU.ActiveCfg = Release|Any CPU
		{AAA56FF5-D130-461E-91F4-53100B686665}.Addins debug|Any CPU.Build.0 = Release|Any CPU
		{AAA56FF5-D130-461E-91F4-53100B686665}.Addins debug|ARM.ActiveCfg = Debug|Any CPU
		{AAA56FF5-D130-461E-91F4-53100B686665}.Addins debug|x64.ActiveCfg = Debug|Any CPU
		{AAA56FF5-D130-461E-91F4-53100B686665}.Addins debug|x86.ActiveCfg = Debug|Any CPU
		{AAA56FF5-D130-461E-91F4-53100B686665}.Debug|Any CPU.ActiveCfg = Debug|Any CPU
		{AAA56FF5-D130-461E-91F4-53100B686665}.Debug|Any CPU.Build.0 = Debug|Any CPU
		{AAA56FF5-D130-461E-91F4-53100B686665}.Debug|ARM.ActiveCfg = Debug|Any CPU
		{AAA56FF5-D130-461E-91F4-53100B686665}.Debug|x64.ActiveCfg = Debug|Any CPU
		{AAA56FF5-D130-461E-91F4-53100B686665}.Debug|x86.ActiveCfg = Debug|Any CPU
		{AAA56FF5-D130-461E-91F4-53100B686665}.Release|Any CPU.ActiveCfg = Release|Any CPU
		{AAA56FF5-D130-461E-91F4-53100B686665}.Release|Any CPU.Build.0 = Release|Any CPU
		{AAA56FF5-D130-461E-91F4-53100B686665}.Release|ARM.ActiveCfg = Release|Any CPU
		{AAA56FF5-D130-461E-91F4-53100B686665}.Release|x64.ActiveCfg = Release|Any CPU
		{AAA56FF5-D130-461E-91F4-53100B686665}.Release|x86.ActiveCfg = Release|Any CPU
		{C52338C0-CD0A-49D5-8062-2DC106ECDD5D}.Addins debug|Any CPU.ActiveCfg = Release|Any CPU
		{C52338C0-CD0A-49D5-8062-2DC106ECDD5D}.Addins debug|Any CPU.Build.0 = Release|Any CPU
		{C52338C0-CD0A-49D5-8062-2DC106ECDD5D}.Addins debug|ARM.ActiveCfg = Debug|Any CPU
		{C52338C0-CD0A-49D5-8062-2DC106ECDD5D}.Addins debug|x64.ActiveCfg = Debug|Any CPU
		{C52338C0-CD0A-49D5-8062-2DC106ECDD5D}.Addins debug|x86.ActiveCfg = Debug|Any CPU
		{C52338C0-CD0A-49D5-8062-2DC106ECDD5D}.Debug|Any CPU.ActiveCfg = Debug|Any CPU
		{C52338C0-CD0A-49D5-8062-2DC106ECDD5D}.Debug|Any CPU.Build.0 = Debug|Any CPU
		{C52338C0-CD0A-49D5-8062-2DC106ECDD5D}.Debug|ARM.ActiveCfg = Debug|Any CPU
		{C52338C0-CD0A-49D5-8062-2DC106ECDD5D}.Debug|x64.ActiveCfg = Debug|Any CPU
		{C52338C0-CD0A-49D5-8062-2DC106ECDD5D}.Debug|x86.ActiveCfg = Debug|Any CPU
		{C52338C0-CD0A-49D5-8062-2DC106ECDD5D}.Release|Any CPU.ActiveCfg = Release|Any CPU
		{C52338C0-CD0A-49D5-8062-2DC106ECDD5D}.Release|Any CPU.Build.0 = Release|Any CPU
		{C52338C0-CD0A-49D5-8062-2DC106ECDD5D}.Release|ARM.ActiveCfg = Release|Any CPU
		{C52338C0-CD0A-49D5-8062-2DC106ECDD5D}.Release|x64.ActiveCfg = Release|Any CPU
		{C52338C0-CD0A-49D5-8062-2DC106ECDD5D}.Release|x86.ActiveCfg = Release|Any CPU
		{8BD54487-8DB9-431A-9596-2DFD744887A1}.Addins debug|Any CPU.ActiveCfg = Release|Any CPU
		{8BD54487-8DB9-431A-9596-2DFD744887A1}.Addins debug|Any CPU.Build.0 = Release|Any CPU
		{8BD54487-8DB9-431A-9596-2DFD744887A1}.Addins debug|ARM.ActiveCfg = Debug|Any CPU
		{8BD54487-8DB9-431A-9596-2DFD744887A1}.Addins debug|x64.ActiveCfg = Debug|Any CPU
		{8BD54487-8DB9-431A-9596-2DFD744887A1}.Addins debug|x86.ActiveCfg = Debug|Any CPU
		{8BD54487-8DB9-431A-9596-2DFD744887A1}.Debug|Any CPU.ActiveCfg = Debug|Any CPU
		{8BD54487-8DB9-431A-9596-2DFD744887A1}.Debug|Any CPU.Build.0 = Debug|Any CPU
		{8BD54487-8DB9-431A-9596-2DFD744887A1}.Debug|ARM.ActiveCfg = Debug|Any CPU
		{8BD54487-8DB9-431A-9596-2DFD744887A1}.Debug|x64.ActiveCfg = Debug|Any CPU
		{8BD54487-8DB9-431A-9596-2DFD744887A1}.Debug|x86.ActiveCfg = Debug|Any CPU
		{8BD54487-8DB9-431A-9596-2DFD744887A1}.Release|Any CPU.ActiveCfg = Release|Any CPU
		{8BD54487-8DB9-431A-9596-2DFD744887A1}.Release|Any CPU.Build.0 = Release|Any CPU
		{8BD54487-8DB9-431A-9596-2DFD744887A1}.Release|ARM.ActiveCfg = Release|Any CPU
		{8BD54487-8DB9-431A-9596-2DFD744887A1}.Release|x64.ActiveCfg = Release|Any CPU
		{8BD54487-8DB9-431A-9596-2DFD744887A1}.Release|x86.ActiveCfg = Release|Any CPU
		{74A0BDF2-E6AF-4BAB-AA7E-73E68936F1F2}.Addins debug|Any CPU.ActiveCfg = Release|Any CPU
		{74A0BDF2-E6AF-4BAB-AA7E-73E68936F1F2}.Addins debug|Any CPU.Build.0 = Release|Any CPU
		{74A0BDF2-E6AF-4BAB-AA7E-73E68936F1F2}.Addins debug|ARM.ActiveCfg = Debug|Any CPU
		{74A0BDF2-E6AF-4BAB-AA7E-73E68936F1F2}.Addins debug|x64.ActiveCfg = Debug|Any CPU
		{74A0BDF2-E6AF-4BAB-AA7E-73E68936F1F2}.Addins debug|x86.ActiveCfg = Debug|Any CPU
		{74A0BDF2-E6AF-4BAB-AA7E-73E68936F1F2}.Debug|Any CPU.ActiveCfg = Debug|Any CPU
		{74A0BDF2-E6AF-4BAB-AA7E-73E68936F1F2}.Debug|Any CPU.Build.0 = Debug|Any CPU
		{74A0BDF2-E6AF-4BAB-AA7E-73E68936F1F2}.Debug|ARM.ActiveCfg = Debug|Any CPU
		{74A0BDF2-E6AF-4BAB-AA7E-73E68936F1F2}.Debug|x64.ActiveCfg = Debug|Any CPU
		{74A0BDF2-E6AF-4BAB-AA7E-73E68936F1F2}.Debug|x86.ActiveCfg = Debug|Any CPU
		{74A0BDF2-E6AF-4BAB-AA7E-73E68936F1F2}.Release|Any CPU.ActiveCfg = Release|Any CPU
		{74A0BDF2-E6AF-4BAB-AA7E-73E68936F1F2}.Release|Any CPU.Build.0 = Release|Any CPU
		{74A0BDF2-E6AF-4BAB-AA7E-73E68936F1F2}.Release|ARM.ActiveCfg = Release|Any CPU
		{74A0BDF2-E6AF-4BAB-AA7E-73E68936F1F2}.Release|x64.ActiveCfg = Release|Any CPU
		{74A0BDF2-E6AF-4BAB-AA7E-73E68936F1F2}.Release|x86.ActiveCfg = Release|Any CPU
		{860D6C33-291C-4449-B7CB-720390E6FD0E}.Addins debug|Any CPU.ActiveCfg = Release|Any CPU
		{860D6C33-291C-4449-B7CB-720390E6FD0E}.Addins debug|Any CPU.Build.0 = Release|Any CPU
		{860D6C33-291C-4449-B7CB-720390E6FD0E}.Addins debug|ARM.ActiveCfg = Debug|Any CPU
		{860D6C33-291C-4449-B7CB-720390E6FD0E}.Addins debug|x64.ActiveCfg = Debug|Any CPU
		{860D6C33-291C-4449-B7CB-720390E6FD0E}.Addins debug|x86.ActiveCfg = Debug|Any CPU
		{860D6C33-291C-4449-B7CB-720390E6FD0E}.Debug|Any CPU.ActiveCfg = Debug|Any CPU
		{860D6C33-291C-4449-B7CB-720390E6FD0E}.Debug|Any CPU.Build.0 = Debug|Any CPU
		{860D6C33-291C-4449-B7CB-720390E6FD0E}.Debug|ARM.ActiveCfg = Debug|Any CPU
		{860D6C33-291C-4449-B7CB-720390E6FD0E}.Debug|x64.ActiveCfg = Debug|Any CPU
		{860D6C33-291C-4449-B7CB-720390E6FD0E}.Debug|x86.ActiveCfg = Debug|Any CPU
		{860D6C33-291C-4449-B7CB-720390E6FD0E}.Release|Any CPU.ActiveCfg = Release|Any CPU
		{860D6C33-291C-4449-B7CB-720390E6FD0E}.Release|Any CPU.Build.0 = Release|Any CPU
		{860D6C33-291C-4449-B7CB-720390E6FD0E}.Release|ARM.ActiveCfg = Release|Any CPU
		{860D6C33-291C-4449-B7CB-720390E6FD0E}.Release|x64.ActiveCfg = Release|Any CPU
		{860D6C33-291C-4449-B7CB-720390E6FD0E}.Release|x86.ActiveCfg = Release|Any CPU
		{451FB089-5B7F-4394-98CE-01B75A1505BA}.Addins debug|Any CPU.ActiveCfg = Release|Any CPU
		{451FB089-5B7F-4394-98CE-01B75A1505BA}.Addins debug|Any CPU.Build.0 = Release|Any CPU
		{451FB089-5B7F-4394-98CE-01B75A1505BA}.Addins debug|ARM.ActiveCfg = Debug|Any CPU
		{451FB089-5B7F-4394-98CE-01B75A1505BA}.Addins debug|x64.ActiveCfg = Debug|Any CPU
		{451FB089-5B7F-4394-98CE-01B75A1505BA}.Addins debug|x86.ActiveCfg = Debug|Any CPU
		{451FB089-5B7F-4394-98CE-01B75A1505BA}.Debug|Any CPU.ActiveCfg = Debug|Any CPU
		{451FB089-5B7F-4394-98CE-01B75A1505BA}.Debug|Any CPU.Build.0 = Debug|Any CPU
		{451FB089-5B7F-4394-98CE-01B75A1505BA}.Debug|ARM.ActiveCfg = Debug|Any CPU
		{451FB089-5B7F-4394-98CE-01B75A1505BA}.Debug|x64.ActiveCfg = Debug|Any CPU
		{451FB089-5B7F-4394-98CE-01B75A1505BA}.Debug|x86.ActiveCfg = Debug|Any CPU
		{451FB089-5B7F-4394-98CE-01B75A1505BA}.Release|Any CPU.ActiveCfg = Release|Any CPU
		{451FB089-5B7F-4394-98CE-01B75A1505BA}.Release|Any CPU.Build.0 = Release|Any CPU
		{451FB089-5B7F-4394-98CE-01B75A1505BA}.Release|ARM.ActiveCfg = Release|Any CPU
		{451FB089-5B7F-4394-98CE-01B75A1505BA}.Release|x64.ActiveCfg = Release|Any CPU
		{451FB089-5B7F-4394-98CE-01B75A1505BA}.Release|x86.ActiveCfg = Release|Any CPU
		{066B11A1-B05D-4DD4-B372-1CCEDF929962}.Addins debug|Any CPU.ActiveCfg = Release|Any CPU
		{066B11A1-B05D-4DD4-B372-1CCEDF929962}.Addins debug|Any CPU.Build.0 = Release|Any CPU
		{066B11A1-B05D-4DD4-B372-1CCEDF929962}.Addins debug|ARM.ActiveCfg = Debug|Any CPU
		{066B11A1-B05D-4DD4-B372-1CCEDF929962}.Addins debug|x64.ActiveCfg = Debug|Any CPU
		{066B11A1-B05D-4DD4-B372-1CCEDF929962}.Addins debug|x86.ActiveCfg = Debug|Any CPU
		{066B11A1-B05D-4DD4-B372-1CCEDF929962}.Debug|Any CPU.ActiveCfg = Debug|Any CPU
		{066B11A1-B05D-4DD4-B372-1CCEDF929962}.Debug|Any CPU.Build.0 = Debug|Any CPU
		{066B11A1-B05D-4DD4-B372-1CCEDF929962}.Debug|ARM.ActiveCfg = Debug|Any CPU
		{066B11A1-B05D-4DD4-B372-1CCEDF929962}.Debug|x64.ActiveCfg = Debug|Any CPU
		{066B11A1-B05D-4DD4-B372-1CCEDF929962}.Debug|x86.ActiveCfg = Debug|Any CPU
		{066B11A1-B05D-4DD4-B372-1CCEDF929962}.Release|Any CPU.ActiveCfg = Release|Any CPU
		{066B11A1-B05D-4DD4-B372-1CCEDF929962}.Release|Any CPU.Build.0 = Release|Any CPU
		{066B11A1-B05D-4DD4-B372-1CCEDF929962}.Release|ARM.ActiveCfg = Release|Any CPU
		{066B11A1-B05D-4DD4-B372-1CCEDF929962}.Release|x64.ActiveCfg = Release|Any CPU
		{066B11A1-B05D-4DD4-B372-1CCEDF929962}.Release|x86.ActiveCfg = Release|Any CPU
		{07D1F6C6-F490-4AA5-B000-0173DEACF572}.Addins debug|Any CPU.ActiveCfg = Release|Any CPU
		{07D1F6C6-F490-4AA5-B000-0173DEACF572}.Addins debug|Any CPU.Build.0 = Release|Any CPU
		{07D1F6C6-F490-4AA5-B000-0173DEACF572}.Addins debug|ARM.ActiveCfg = Debug|Any CPU
		{07D1F6C6-F490-4AA5-B000-0173DEACF572}.Addins debug|x64.ActiveCfg = Debug|Any CPU
		{07D1F6C6-F490-4AA5-B000-0173DEACF572}.Addins debug|x86.ActiveCfg = Debug|Any CPU
		{07D1F6C6-F490-4AA5-B000-0173DEACF572}.Debug|Any CPU.ActiveCfg = Debug|Any CPU
		{07D1F6C6-F490-4AA5-B000-0173DEACF572}.Debug|Any CPU.Build.0 = Debug|Any CPU
		{07D1F6C6-F490-4AA5-B000-0173DEACF572}.Debug|ARM.ActiveCfg = Debug|Any CPU
		{07D1F6C6-F490-4AA5-B000-0173DEACF572}.Debug|x64.ActiveCfg = Debug|Any CPU
		{07D1F6C6-F490-4AA5-B000-0173DEACF572}.Debug|x86.ActiveCfg = Debug|Any CPU
		{07D1F6C6-F490-4AA5-B000-0173DEACF572}.Release|Any CPU.ActiveCfg = Release|Any CPU
		{07D1F6C6-F490-4AA5-B000-0173DEACF572}.Release|Any CPU.Build.0 = Release|Any CPU
		{07D1F6C6-F490-4AA5-B000-0173DEACF572}.Release|ARM.ActiveCfg = Release|Any CPU
		{07D1F6C6-F490-4AA5-B000-0173DEACF572}.Release|x64.ActiveCfg = Release|Any CPU
		{07D1F6C6-F490-4AA5-B000-0173DEACF572}.Release|x86.ActiveCfg = Release|Any CPU
		{4CF721F2-0E6E-4140-9AB3-12D003759747}.Addins debug|Any CPU.ActiveCfg = Release|Any CPU
		{4CF721F2-0E6E-4140-9AB3-12D003759747}.Addins debug|Any CPU.Build.0 = Release|Any CPU
		{4CF721F2-0E6E-4140-9AB3-12D003759747}.Addins debug|ARM.ActiveCfg = Debug|Any CPU
		{4CF721F2-0E6E-4140-9AB3-12D003759747}.Addins debug|x64.ActiveCfg = Debug|Any CPU
		{4CF721F2-0E6E-4140-9AB3-12D003759747}.Addins debug|x86.ActiveCfg = Debug|Any CPU
		{4CF721F2-0E6E-4140-9AB3-12D003759747}.Debug|Any CPU.ActiveCfg = Debug|Any CPU
		{4CF721F2-0E6E-4140-9AB3-12D003759747}.Debug|Any CPU.Build.0 = Debug|Any CPU
		{4CF721F2-0E6E-4140-9AB3-12D003759747}.Debug|ARM.ActiveCfg = Debug|Any CPU
		{4CF721F2-0E6E-4140-9AB3-12D003759747}.Debug|x64.ActiveCfg = Debug|Any CPU
		{4CF721F2-0E6E-4140-9AB3-12D003759747}.Debug|x86.ActiveCfg = Debug|Any CPU
		{4CF721F2-0E6E-4140-9AB3-12D003759747}.Release|Any CPU.ActiveCfg = Release|Any CPU
		{4CF721F2-0E6E-4140-9AB3-12D003759747}.Release|Any CPU.Build.0 = Release|Any CPU
		{4CF721F2-0E6E-4140-9AB3-12D003759747}.Release|ARM.ActiveCfg = Release|Any CPU
		{4CF721F2-0E6E-4140-9AB3-12D003759747}.Release|x64.ActiveCfg = Release|Any CPU
		{4CF721F2-0E6E-4140-9AB3-12D003759747}.Release|x86.ActiveCfg = Release|Any CPU
		{512DB2DB-61A0-4723-A6AC-E9AE23243283}.Addins debug|Any CPU.ActiveCfg = Release|Any CPU
		{512DB2DB-61A0-4723-A6AC-E9AE23243283}.Addins debug|Any CPU.Build.0 = Release|Any CPU
		{512DB2DB-61A0-4723-A6AC-E9AE23243283}.Addins debug|ARM.ActiveCfg = Debug|Any CPU
		{512DB2DB-61A0-4723-A6AC-E9AE23243283}.Addins debug|x64.ActiveCfg = Debug|Any CPU
		{512DB2DB-61A0-4723-A6AC-E9AE23243283}.Addins debug|x86.ActiveCfg = Debug|Any CPU
		{512DB2DB-61A0-4723-A6AC-E9AE23243283}.Debug|Any CPU.ActiveCfg = Debug|Any CPU
		{512DB2DB-61A0-4723-A6AC-E9AE23243283}.Debug|Any CPU.Build.0 = Debug|Any CPU
		{512DB2DB-61A0-4723-A6AC-E9AE23243283}.Debug|ARM.ActiveCfg = Debug|Any CPU
		{512DB2DB-61A0-4723-A6AC-E9AE23243283}.Debug|x64.ActiveCfg = Debug|Any CPU
		{512DB2DB-61A0-4723-A6AC-E9AE23243283}.Debug|x86.ActiveCfg = Debug|Any CPU
		{512DB2DB-61A0-4723-A6AC-E9AE23243283}.Release|Any CPU.ActiveCfg = Release|Any CPU
		{512DB2DB-61A0-4723-A6AC-E9AE23243283}.Release|Any CPU.Build.0 = Release|Any CPU
		{512DB2DB-61A0-4723-A6AC-E9AE23243283}.Release|ARM.ActiveCfg = Release|Any CPU
		{512DB2DB-61A0-4723-A6AC-E9AE23243283}.Release|x64.ActiveCfg = Release|Any CPU
		{512DB2DB-61A0-4723-A6AC-E9AE23243283}.Release|x86.ActiveCfg = Release|Any CPU
		{3F5F1E88-DA00-40C3-9F19-8582B5D516D7}.Addins debug|Any CPU.ActiveCfg = Release|Any CPU
		{3F5F1E88-DA00-40C3-9F19-8582B5D516D7}.Addins debug|Any CPU.Build.0 = Release|Any CPU
		{3F5F1E88-DA00-40C3-9F19-8582B5D516D7}.Addins debug|ARM.ActiveCfg = Debug|Any CPU
		{3F5F1E88-DA00-40C3-9F19-8582B5D516D7}.Addins debug|x64.ActiveCfg = Debug|Any CPU
		{3F5F1E88-DA00-40C3-9F19-8582B5D516D7}.Addins debug|x86.ActiveCfg = Debug|Any CPU
		{3F5F1E88-DA00-40C3-9F19-8582B5D516D7}.Debug|Any CPU.ActiveCfg = Debug|Any CPU
		{3F5F1E88-DA00-40C3-9F19-8582B5D516D7}.Debug|Any CPU.Build.0 = Debug|Any CPU
		{3F5F1E88-DA00-40C3-9F19-8582B5D516D7}.Debug|ARM.ActiveCfg = Debug|Any CPU
		{3F5F1E88-DA00-40C3-9F19-8582B5D516D7}.Debug|x64.ActiveCfg = Debug|Any CPU
		{3F5F1E88-DA00-40C3-9F19-8582B5D516D7}.Debug|x86.ActiveCfg = Debug|Any CPU
		{3F5F1E88-DA00-40C3-9F19-8582B5D516D7}.Release|Any CPU.ActiveCfg = Release|Any CPU
		{3F5F1E88-DA00-40C3-9F19-8582B5D516D7}.Release|Any CPU.Build.0 = Release|Any CPU
		{3F5F1E88-DA00-40C3-9F19-8582B5D516D7}.Release|ARM.ActiveCfg = Release|Any CPU
		{3F5F1E88-DA00-40C3-9F19-8582B5D516D7}.Release|x64.ActiveCfg = Release|Any CPU
		{3F5F1E88-DA00-40C3-9F19-8582B5D516D7}.Release|x86.ActiveCfg = Release|Any CPU
		{508AE811-A03A-4138-8CCC-ABDE03C67010}.Addins debug|Any CPU.ActiveCfg = Release|Any CPU
		{508AE811-A03A-4138-8CCC-ABDE03C67010}.Addins debug|Any CPU.Build.0 = Release|Any CPU
		{508AE811-A03A-4138-8CCC-ABDE03C67010}.Addins debug|ARM.ActiveCfg = Debug|Any CPU
		{508AE811-A03A-4138-8CCC-ABDE03C67010}.Addins debug|x64.ActiveCfg = Debug|Any CPU
		{508AE811-A03A-4138-8CCC-ABDE03C67010}.Addins debug|x86.ActiveCfg = Debug|Any CPU
		{508AE811-A03A-4138-8CCC-ABDE03C67010}.Debug|Any CPU.ActiveCfg = Debug|Any CPU
		{508AE811-A03A-4138-8CCC-ABDE03C67010}.Debug|Any CPU.Build.0 = Debug|Any CPU
		{508AE811-A03A-4138-8CCC-ABDE03C67010}.Debug|ARM.ActiveCfg = Debug|Any CPU
		{508AE811-A03A-4138-8CCC-ABDE03C67010}.Debug|x64.ActiveCfg = Debug|Any CPU
		{508AE811-A03A-4138-8CCC-ABDE03C67010}.Debug|x86.ActiveCfg = Debug|Any CPU
		{508AE811-A03A-4138-8CCC-ABDE03C67010}.Release|Any CPU.ActiveCfg = Release|Any CPU
		{508AE811-A03A-4138-8CCC-ABDE03C67010}.Release|Any CPU.Build.0 = Release|Any CPU
		{508AE811-A03A-4138-8CCC-ABDE03C67010}.Release|ARM.ActiveCfg = Release|Any CPU
		{508AE811-A03A-4138-8CCC-ABDE03C67010}.Release|x64.ActiveCfg = Release|Any CPU
		{508AE811-A03A-4138-8CCC-ABDE03C67010}.Release|x86.ActiveCfg = Release|Any CPU
		{EC7DF5B3-7912-4848-AFA1-E68E0E860101}.Addins debug|Any CPU.ActiveCfg = Release|Any CPU
		{EC7DF5B3-7912-4848-AFA1-E68E0E860101}.Addins debug|Any CPU.Build.0 = Release|Any CPU
		{EC7DF5B3-7912-4848-AFA1-E68E0E860101}.Addins debug|ARM.ActiveCfg = Release|ARM
		{EC7DF5B3-7912-4848-AFA1-E68E0E860101}.Addins debug|ARM.Build.0 = Release|ARM
		{EC7DF5B3-7912-4848-AFA1-E68E0E860101}.Addins debug|x64.ActiveCfg = Release|x64
		{EC7DF5B3-7912-4848-AFA1-E68E0E860101}.Addins debug|x64.Build.0 = Release|x64
		{EC7DF5B3-7912-4848-AFA1-E68E0E860101}.Addins debug|x86.ActiveCfg = Release|x86
		{EC7DF5B3-7912-4848-AFA1-E68E0E860101}.Addins debug|x86.Build.0 = Release|x86
		{EC7DF5B3-7912-4848-AFA1-E68E0E860101}.Debug|Any CPU.ActiveCfg = Debug|Any CPU
		{EC7DF5B3-7912-4848-AFA1-E68E0E860101}.Debug|Any CPU.Build.0 = Debug|Any CPU
		{EC7DF5B3-7912-4848-AFA1-E68E0E860101}.Debug|ARM.ActiveCfg = Debug|ARM
		{EC7DF5B3-7912-4848-AFA1-E68E0E860101}.Debug|ARM.Build.0 = Debug|ARM
		{EC7DF5B3-7912-4848-AFA1-E68E0E860101}.Debug|x64.ActiveCfg = Debug|x64
		{EC7DF5B3-7912-4848-AFA1-E68E0E860101}.Debug|x64.Build.0 = Debug|x64
		{EC7DF5B3-7912-4848-AFA1-E68E0E860101}.Debug|x86.ActiveCfg = Debug|x86
		{EC7DF5B3-7912-4848-AFA1-E68E0E860101}.Debug|x86.Build.0 = Debug|x86
		{EC7DF5B3-7912-4848-AFA1-E68E0E860101}.Release|Any CPU.ActiveCfg = Release|Any CPU
		{EC7DF5B3-7912-4848-AFA1-E68E0E860101}.Release|Any CPU.Build.0 = Release|Any CPU
		{EC7DF5B3-7912-4848-AFA1-E68E0E860101}.Release|ARM.ActiveCfg = Release|ARM
		{EC7DF5B3-7912-4848-AFA1-E68E0E860101}.Release|ARM.Build.0 = Release|ARM
		{EC7DF5B3-7912-4848-AFA1-E68E0E860101}.Release|x64.ActiveCfg = Release|x64
		{EC7DF5B3-7912-4848-AFA1-E68E0E860101}.Release|x64.Build.0 = Release|x64
		{EC7DF5B3-7912-4848-AFA1-E68E0E860101}.Release|x86.ActiveCfg = Release|x86
		{EC7DF5B3-7912-4848-AFA1-E68E0E860101}.Release|x86.Build.0 = Release|x86
		{A676FF74-1EC6-4B36-96D7-F3FAA313F0FE}.Addins debug|Any CPU.ActiveCfg = Release|Any CPU
		{A676FF74-1EC6-4B36-96D7-F3FAA313F0FE}.Addins debug|Any CPU.Build.0 = Release|Any CPU
		{A676FF74-1EC6-4B36-96D7-F3FAA313F0FE}.Addins debug|ARM.ActiveCfg = Release|ARM
		{A676FF74-1EC6-4B36-96D7-F3FAA313F0FE}.Addins debug|ARM.Build.0 = Release|ARM
		{A676FF74-1EC6-4B36-96D7-F3FAA313F0FE}.Addins debug|x64.ActiveCfg = Release|x64
		{A676FF74-1EC6-4B36-96D7-F3FAA313F0FE}.Addins debug|x64.Build.0 = Release|x64
		{A676FF74-1EC6-4B36-96D7-F3FAA313F0FE}.Addins debug|x86.ActiveCfg = Release|x86
		{A676FF74-1EC6-4B36-96D7-F3FAA313F0FE}.Addins debug|x86.Build.0 = Release|x86
		{A676FF74-1EC6-4B36-96D7-F3FAA313F0FE}.Debug|Any CPU.ActiveCfg = Debug|Any CPU
		{A676FF74-1EC6-4B36-96D7-F3FAA313F0FE}.Debug|Any CPU.Build.0 = Debug|Any CPU
		{A676FF74-1EC6-4B36-96D7-F3FAA313F0FE}.Debug|ARM.ActiveCfg = Debug|ARM
		{A676FF74-1EC6-4B36-96D7-F3FAA313F0FE}.Debug|ARM.Build.0 = Debug|ARM
		{A676FF74-1EC6-4B36-96D7-F3FAA313F0FE}.Debug|x64.ActiveCfg = Debug|x64
		{A676FF74-1EC6-4B36-96D7-F3FAA313F0FE}.Debug|x64.Build.0 = Debug|x64
		{A676FF74-1EC6-4B36-96D7-F3FAA313F0FE}.Debug|x86.ActiveCfg = Debug|x86
		{A676FF74-1EC6-4B36-96D7-F3FAA313F0FE}.Debug|x86.Build.0 = Debug|x86
		{A676FF74-1EC6-4B36-96D7-F3FAA313F0FE}.Release|Any CPU.ActiveCfg = Release|Any CPU
		{A676FF74-1EC6-4B36-96D7-F3FAA313F0FE}.Release|Any CPU.Build.0 = Release|Any CPU
		{A676FF74-1EC6-4B36-96D7-F3FAA313F0FE}.Release|ARM.ActiveCfg = Release|ARM
		{A676FF74-1EC6-4B36-96D7-F3FAA313F0FE}.Release|ARM.Build.0 = Release|ARM
		{A676FF74-1EC6-4B36-96D7-F3FAA313F0FE}.Release|x64.ActiveCfg = Release|x64
		{A676FF74-1EC6-4B36-96D7-F3FAA313F0FE}.Release|x64.Build.0 = Release|x64
		{A676FF74-1EC6-4B36-96D7-F3FAA313F0FE}.Release|x86.ActiveCfg = Release|x86
		{A676FF74-1EC6-4B36-96D7-F3FAA313F0FE}.Release|x86.Build.0 = Release|x86
		{5A164ABA-F62B-491D-B9A8-9E567C3B6F8E}.Addins debug|Any CPU.ActiveCfg = Release|Any CPU
		{5A164ABA-F62B-491D-B9A8-9E567C3B6F8E}.Addins debug|Any CPU.Build.0 = Release|Any CPU
		{5A164ABA-F62B-491D-B9A8-9E567C3B6F8E}.Addins debug|Any CPU.Deploy.0 = Release|Any CPU
		{5A164ABA-F62B-491D-B9A8-9E567C3B6F8E}.Addins debug|ARM.ActiveCfg = Release|ARM
		{5A164ABA-F62B-491D-B9A8-9E567C3B6F8E}.Addins debug|ARM.Build.0 = Release|ARM
		{5A164ABA-F62B-491D-B9A8-9E567C3B6F8E}.Addins debug|ARM.Deploy.0 = Release|ARM
		{5A164ABA-F62B-491D-B9A8-9E567C3B6F8E}.Addins debug|x64.ActiveCfg = Release|x64
		{5A164ABA-F62B-491D-B9A8-9E567C3B6F8E}.Addins debug|x64.Build.0 = Release|x64
		{5A164ABA-F62B-491D-B9A8-9E567C3B6F8E}.Addins debug|x64.Deploy.0 = Release|x64
		{5A164ABA-F62B-491D-B9A8-9E567C3B6F8E}.Addins debug|x86.ActiveCfg = Release|x86
		{5A164ABA-F62B-491D-B9A8-9E567C3B6F8E}.Addins debug|x86.Build.0 = Release|x86
		{5A164ABA-F62B-491D-B9A8-9E567C3B6F8E}.Addins debug|x86.Deploy.0 = Release|x86
		{5A164ABA-F62B-491D-B9A8-9E567C3B6F8E}.Debug|Any CPU.ActiveCfg = Debug|Any CPU
		{5A164ABA-F62B-491D-B9A8-9E567C3B6F8E}.Debug|Any CPU.Build.0 = Debug|Any CPU
		{5A164ABA-F62B-491D-B9A8-9E567C3B6F8E}.Debug|Any CPU.Deploy.0 = Debug|Any CPU
		{5A164ABA-F62B-491D-B9A8-9E567C3B6F8E}.Debug|ARM.ActiveCfg = Debug|ARM
		{5A164ABA-F62B-491D-B9A8-9E567C3B6F8E}.Debug|ARM.Build.0 = Debug|ARM
		{5A164ABA-F62B-491D-B9A8-9E567C3B6F8E}.Debug|ARM.Deploy.0 = Debug|ARM
		{5A164ABA-F62B-491D-B9A8-9E567C3B6F8E}.Debug|x64.ActiveCfg = Debug|x64
		{5A164ABA-F62B-491D-B9A8-9E567C3B6F8E}.Debug|x64.Build.0 = Debug|x64
		{5A164ABA-F62B-491D-B9A8-9E567C3B6F8E}.Debug|x64.Deploy.0 = Debug|x64
		{5A164ABA-F62B-491D-B9A8-9E567C3B6F8E}.Debug|x86.ActiveCfg = Debug|x86
		{5A164ABA-F62B-491D-B9A8-9E567C3B6F8E}.Debug|x86.Build.0 = Debug|x86
		{5A164ABA-F62B-491D-B9A8-9E567C3B6F8E}.Debug|x86.Deploy.0 = Debug|x86
		{5A164ABA-F62B-491D-B9A8-9E567C3B6F8E}.Release|Any CPU.ActiveCfg = Release|Any CPU
		{5A164ABA-F62B-491D-B9A8-9E567C3B6F8E}.Release|Any CPU.Build.0 = Release|Any CPU
		{5A164ABA-F62B-491D-B9A8-9E567C3B6F8E}.Release|Any CPU.Deploy.0 = Release|Any CPU
		{5A164ABA-F62B-491D-B9A8-9E567C3B6F8E}.Release|ARM.ActiveCfg = Release|ARM
		{5A164ABA-F62B-491D-B9A8-9E567C3B6F8E}.Release|ARM.Build.0 = Release|ARM
		{5A164ABA-F62B-491D-B9A8-9E567C3B6F8E}.Release|ARM.Deploy.0 = Release|ARM
		{5A164ABA-F62B-491D-B9A8-9E567C3B6F8E}.Release|x64.ActiveCfg = Release|x64
		{5A164ABA-F62B-491D-B9A8-9E567C3B6F8E}.Release|x64.Build.0 = Release|x64
		{5A164ABA-F62B-491D-B9A8-9E567C3B6F8E}.Release|x64.Deploy.0 = Release|x64
		{5A164ABA-F62B-491D-B9A8-9E567C3B6F8E}.Release|x86.ActiveCfg = Release|x86
		{5A164ABA-F62B-491D-B9A8-9E567C3B6F8E}.Release|x86.Build.0 = Release|x86
		{5A164ABA-F62B-491D-B9A8-9E567C3B6F8E}.Release|x86.Deploy.0 = Release|x86
	EndGlobalSection
	GlobalSection(SolutionProperties) = preSolution
		HideSolutionNode = FALSE
	EndGlobalSection
	GlobalSection(NestedProjects) = preSolution
		{6AE03941-7AD0-4022-A641-B137B9CD2B0F} = {969DB691-49FB-4785-98F4-2112CC1BA7C4}
		{B83B1717-4AFA-4DD8-AB3C-A713C7963271} = {969DB691-49FB-4785-98F4-2112CC1BA7C4}
		{6EEDF770-D05C-441E-A523-7C97F620B9BB} = {969DB691-49FB-4785-98F4-2112CC1BA7C4}
		{036B6E0A-C34C-4EE6-A359-C467D7E9D1EF} = {969DB691-49FB-4785-98F4-2112CC1BA7C4}
		{066B11A1-B05D-4DD4-B372-1CCEDF929962} = {969DB691-49FB-4785-98F4-2112CC1BA7C4}
		{07D1F6C6-F490-4AA5-B000-0173DEACF572} = {969DB691-49FB-4785-98F4-2112CC1BA7C4}
		{508AE811-A03A-4138-8CCC-ABDE03C67010} = {969DB691-49FB-4785-98F4-2112CC1BA7C4}
		{5A164ABA-F62B-491D-B9A8-9E567C3B6F8E} = {969DB691-49FB-4785-98F4-2112CC1BA7C4}
		{4CF721F2-0E6E-4140-9AB3-12D003759747} = {F7130D3D-4E62-4EB3-B74C-1E819E017048}
		{512DB2DB-61A0-4723-A6AC-E9AE23243283} = {F7130D3D-4E62-4EB3-B74C-1E819E017048}
		{3F5F1E88-DA00-40C3-9F19-8582B5D516D7} = {F7130D3D-4E62-4EB3-B74C-1E819E017048}
	EndGlobalSection
EndGlobal
