
Microsoft Visual Studio Solution File, Format Version 11.00
# Visual Studio 2010 Express for Windows Phone
Project("{FAE04EC0-301F-11D3-BF4B-00C04F79EFBC}") = "Mapsui.WindowsPhone", "Mapsui.WindowsPhone\Mapsui.WindowsPhone.csproj", "{DFFCC582-B69B-4976-B540-599AD8ADEC2C}"
EndProject
Project("{FAE04EC0-301F-11D3-BF4B-00C04F79EFBC}") = "SharpMap-WP", "SharpMapCore\SharpMap-WP.csproj", "{447C19D2-93B7-419F-AEF5-5E1DE6A22AC5}"
EndProject
Project("{FAE04EC0-301F-11D3-BF4B-00C04F79EFBC}") = "SilverlightRendering-WP", "SilverlightRendering\SilverlightRendering-WP.csproj", "{64D25982-92AF-48AF-9459-EA60B1ED6276}"
EndProject
Project("{FAE04EC0-301F-11D3-BF4B-00C04F79EFBC}") = "Mapsui.Windows-WP", "Mapsui.Windows\Mapsui.Windows-WP.csproj", "{A3007089-4FFE-4CC4-ACDC-A9BAAFE1904B}"
EndProject
Global
	GlobalSection(SolutionConfigurationPlatforms) = preSolution
		Debug|Any CPU = Debug|Any CPU
		Release|Any CPU = Release|Any CPU
	EndGlobalSection
	GlobalSection(ProjectConfigurationPlatforms) = postSolution
		{DFFCC582-B69B-4976-B540-599AD8ADEC2C}.Debug|Any CPU.ActiveCfg = Debug|Any CPU
		{DFFCC582-B69B-4976-B540-599AD8ADEC2C}.Debug|Any CPU.Build.0 = Debug|Any CPU
		{DFFCC582-B69B-4976-B540-599AD8ADEC2C}.Debug|Any CPU.Deploy.0 = Debug|Any CPU
		{DFFCC582-B69B-4976-B540-599AD8ADEC2C}.Release|Any CPU.ActiveCfg = Release|Any CPU
		{DFFCC582-B69B-4976-B540-599AD8ADEC2C}.Release|Any CPU.Build.0 = Release|Any CPU
		{DFFCC582-B69B-4976-B540-599AD8ADEC2C}.Release|Any CPU.Deploy.0 = Release|Any CPU
		{447C19D2-93B7-419F-AEF5-5E1DE6A22AC5}.Debug|Any CPU.ActiveCfg = Debug|Any CPU
		{447C19D2-93B7-419F-AEF5-5E1DE6A22AC5}.Debug|Any CPU.Build.0 = Debug|Any CPU
		{447C19D2-93B7-419F-AEF5-5E1DE6A22AC5}.Release|Any CPU.ActiveCfg = Release|Any CPU
		{447C19D2-93B7-419F-AEF5-5E1DE6A22AC5}.Release|Any CPU.Build.0 = Release|Any CPU
		{64D25982-92AF-48AF-9459-EA60B1ED6276}.Debug|Any CPU.ActiveCfg = Debug|Any CPU
		{64D25982-92AF-48AF-9459-EA60B1ED6276}.Debug|Any CPU.Build.0 = Debug|Any CPU
		{64D25982-92AF-48AF-9459-EA60B1ED6276}.Release|Any CPU.ActiveCfg = Release|Any CPU
		{64D25982-92AF-48AF-9459-EA60B1ED6276}.Release|Any CPU.Build.0 = Release|Any CPU
		{A3007089-4FFE-4CC4-ACDC-A9BAAFE1904B}.Debug|Any CPU.ActiveCfg = Debug|Any CPU
		{A3007089-4FFE-4CC4-ACDC-A9BAAFE1904B}.Debug|Any CPU.Build.0 = Debug|Any CPU
		{A3007089-4FFE-4CC4-ACDC-A9BAAFE1904B}.Release|Any CPU.ActiveCfg = Release|Any CPU
		{A3007089-4FFE-4CC4-ACDC-A9BAAFE1904B}.Release|Any CPU.Build.0 = Release|Any CPU
	EndGlobalSection
	GlobalSection(SolutionProperties) = preSolution
		HideSolutionNode = FALSE
	EndGlobalSection
EndGlobal
