
Microsoft Visual Studio Solution File, Format Version 12.00
# Visual Studio 2012
VisualStudioVersion = 14.0.24720.0
MinimumVisualStudioVersion = 10.0.40219.1
Project("{FAE04EC0-301F-11D3-BF4B-00C04F79EFBC}") = "Mapsui", "Mapsui\Mapsui.csproj", "{D74C052A-C07E-4B37-A898-134218ACA5C9}"
EndProject
Project("{2150E333-8FDC-42A3-9474-1A3956D46DE8}") = "Samples", "Samples", "{969DB691-49FB-4785-98F4-2112CC1BA7C4}"
EndProject
Project("{FAE04EC0-301F-11D3-BF4B-00C04F79EFBC}") = "Mapsui.Samples.Common", "Samples\Mapsui.Samples.Common\Mapsui.Samples.Common.csproj", "{508AE811-A03A-4138-8CCC-ABDE03C67010}"
EndProject
Project("{FAE04EC0-301F-11D3-BF4B-00C04F79EFBC}") = "Mapsui.Samples.iOS", "Samples\Mapsui.Samples.iOS\Mapsui.Samples.iOS.csproj", "{B59EF8B1-7948-481A-8C74-72C91E2A9B2A}"
EndProject
Project("{2150E333-8FDC-42A3-9474-1A3956D46DE8}") = "Tests", "Tests", "{F7130D3D-4E62-4EB3-B74C-1E819E017048}"
EndProject
Project("{FAE04EC0-301F-11D3-BF4B-00C04F79EFBC}") = "Mapsui.Tests.Common", "Tests\Mapsui.Tests.Common\Mapsui.Tests.Common.csproj", "{81BB36D2-4D01-44E3-9024-E7CBD10DA316}"
EndProject
Project("{FAE04EC0-301F-11D3-BF4B-00C04F79EFBC}") = "Mapsui.Rendering.OpenTK.iOS.Tests", "Tests\Mapsui.Rendering.OpenTK.iOS.Tests\Mapsui.Rendering.OpenTK.iOS.Tests.csproj", "{A736A2B4-56CB-4A61-B887-319BBC551F30}"
EndProject
Project("{FAE04EC0-301F-11D3-BF4B-00C04F79EFBC}") = "Mapsui.UI.iOS", "Mapsui.UI.iOS\Mapsui.UI.iOS.csproj", "{F783F99B-AAFA-4FB5-80F6-871D679BDB19}"
EndProject
Project("{FAE04EC0-301F-11D3-BF4B-00C04F79EFBC}") = "Mapsui.Rendering.iOS", "Mapsui.Rendering.iOS\Mapsui.Rendering.iOS.csproj", "{B142AB17-285F-48C8-B6C6-94586028333B}"
EndProject
Project("{FAE04EC0-301F-11D3-BF4B-00C04F79EFBC}") = "Mapsui.Rendering.OpenTK-iOS", "Mapsui.Rendering.OpenTK-iOS\Mapsui.Rendering.OpenTK-iOS.csproj", "{2D1A291B-0B35-423B-B428-49474D52A73B}"
EndProject
Project("{FAE04EC0-301F-11D3-BF4B-00C04F79EFBC}") = "Mapsui.Geometries", "Mapsui.Geometries\Mapsui.Geometries.csproj", "{EE55B62D-FFA2-4C24-A4AD-7A47ACE55CE5}"
EndProject
Project("{2150E333-8FDC-42A3-9474-1A3956D46DE8}") = "Solution", "Solution", "{08F7A74F-3AAF-4A0F-8E64-ADE4BCC4AA6F}"
	ProjectSection(SolutionItems) = preProject
		.gitignore = .gitignore
		Mapsui.sln.DotSettings = Mapsui.sln.DotSettings
		README.md = README.md
	EndProjectSection
EndProject
Project("{2150E333-8FDC-42A3-9474-1A3956D46DE8}") = "Scripts", "Scripts", "{B2DB6CAC-1C30-42C9-B628-BACEBF790AB9}"
	ProjectSection(SolutionItems) = preProject
		Scripts\build.proj = Scripts\build.proj
		Scripts\build_with_ios.proj = Scripts\build_with_ios.proj
		Scripts\buildpack.bat = Scripts\buildpack.bat
		Scripts\buildpackpush.bat = Scripts\buildpackpush.bat
		Scripts\Mapsui.nuspec = Scripts\Mapsui.nuspec
		Scripts\readme.txt = Scripts\readme.txt
		Scripts\rename.ps1 = Scripts\rename.ps1
		Scripts\updateversionnumber.proj = Scripts\updateversionnumber.proj
	EndProjectSection
EndProject
Project("{FAE04EC0-301F-11D3-BF4B-00C04F79EFBC}") = "Mapsui.Samples.MapControlUIKit", "Samples\Mapsui.Samples.MapControlUIKit\Mapsui.Samples.MapControlUIKit.csproj", "{A73E2D42-A501-47D7-A0AD-106CC94D4348}"
EndProject
Global
	GlobalSection(SolutionConfigurationPlatforms) = preSolution
		Addins debug|Any CPU = Addins debug|Any CPU
		Addins debug|ARM = Addins debug|ARM
		Addins debug|iPhone = Addins debug|iPhone
		Addins debug|iPhoneSimulator = Addins debug|iPhoneSimulator
		Addins debug|Mixed Platforms = Addins debug|Mixed Platforms
		Addins debug|x64 = Addins debug|x64
		Addins debug|x86 = Addins debug|x86
		Ad-Hoc|Any CPU = Ad-Hoc|Any CPU
		Ad-Hoc|ARM = Ad-Hoc|ARM
		Ad-Hoc|iPhone = Ad-Hoc|iPhone
		Ad-Hoc|iPhoneSimulator = Ad-Hoc|iPhoneSimulator
		Ad-Hoc|Mixed Platforms = Ad-Hoc|Mixed Platforms
		Ad-Hoc|x64 = Ad-Hoc|x64
		Ad-Hoc|x86 = Ad-Hoc|x86
		Android|Any CPU = Android|Any CPU
		Android|ARM = Android|ARM
		Android|iPhone = Android|iPhone
		Android|iPhoneSimulator = Android|iPhoneSimulator
		Android|Mixed Platforms = Android|Mixed Platforms
		Android|x64 = Android|x64
		Android|x86 = Android|x86
		AppStore|Any CPU = AppStore|Any CPU
		AppStore|ARM = AppStore|ARM
		AppStore|iPhone = AppStore|iPhone
		AppStore|iPhoneSimulator = AppStore|iPhoneSimulator
		AppStore|Mixed Platforms = AppStore|Mixed Platforms
		AppStore|x64 = AppStore|x64
		AppStore|x86 = AppStore|x86
		Debug|Any CPU = Debug|Any CPU
		Debug|ARM = Debug|ARM
		Debug|iPhone = Debug|iPhone
		Debug|iPhoneSimulator = Debug|iPhoneSimulator
		Debug|Mixed Platforms = Debug|Mixed Platforms
		Debug|x64 = Debug|x64
		Debug|x86 = Debug|x86
		iOS|Any CPU = iOS|Any CPU
		iOS|ARM = iOS|ARM
		iOS|iPhone = iOS|iPhone
		iOS|iPhoneSimulator = iOS|iPhoneSimulator
		iOS|Mixed Platforms = iOS|Mixed Platforms
		iOS|x64 = iOS|x64
		iOS|x86 = iOS|x86
		Linux|Any CPU = Linux|Any CPU
		Linux|ARM = Linux|ARM
		Linux|iPhone = Linux|iPhone
		Linux|iPhoneSimulator = Linux|iPhoneSimulator
		Linux|Mixed Platforms = Linux|Mixed Platforms
		Linux|x64 = Linux|x64
		Linux|x86 = Linux|x86
		OSX|Any CPU = OSX|Any CPU
		OSX|ARM = OSX|ARM
		OSX|iPhone = OSX|iPhone
		OSX|iPhoneSimulator = OSX|iPhoneSimulator
		OSX|Mixed Platforms = OSX|Mixed Platforms
		OSX|x64 = OSX|x64
		OSX|x86 = OSX|x86
		PSM|Any CPU = PSM|Any CPU
		PSM|ARM = PSM|ARM
		PSM|iPhone = PSM|iPhone
		PSM|iPhoneSimulator = PSM|iPhoneSimulator
		PSM|Mixed Platforms = PSM|Mixed Platforms
		PSM|x64 = PSM|x64
		PSM|x86 = PSM|x86
		Release|Any CPU = Release|Any CPU
		Release|ARM = Release|ARM
		Release|iPhone = Release|iPhone
		Release|iPhoneSimulator = Release|iPhoneSimulator
		Release|Mixed Platforms = Release|Mixed Platforms
		Release|x64 = Release|x64
		Release|x86 = Release|x86
		Windows|Any CPU = Windows|Any CPU
		Windows|ARM = Windows|ARM
		Windows|iPhone = Windows|iPhone
		Windows|iPhoneSimulator = Windows|iPhoneSimulator
		Windows|Mixed Platforms = Windows|Mixed Platforms
		Windows|x64 = Windows|x64
		Windows|x86 = Windows|x86
		Windows8|Any CPU = Windows8|Any CPU
		Windows8|ARM = Windows8|ARM
		Windows8|iPhone = Windows8|iPhone
		Windows8|iPhoneSimulator = Windows8|iPhoneSimulator
		Windows8|Mixed Platforms = Windows8|Mixed Platforms
		Windows8|x64 = Windows8|x64
		Windows8|x86 = Windows8|x86
	EndGlobalSection
	GlobalSection(ProjectConfigurationPlatforms) = postSolution
		{2D1A291B-0B35-423B-B428-49474D52A73B}.Debug|iPhone.ActiveCfg = Debug|Any CPU
		{2D1A291B-0B35-423B-B428-49474D52A73B}.Debug|iPhoneSimulator.ActiveCfg = Debug|Any CPU
		{2D1A291B-0B35-423B-B428-49474D52A73B}.Debug|iPhoneSimulator.Build.0 = Debug|Any CPU
		{2D1A291B-0B35-423B-B428-49474D52A73B}.Debug|Any CPU.ActiveCfg = Debug|Any CPU
		{2D1A291B-0B35-423B-B428-49474D52A73B}.Debug|Any CPU.Build.0 = Debug|Any CPU
		{2D1A291B-0B35-423B-B428-49474D52A73B}.Debug|iPhone.Build.0 = Debug|Any CPU
		{508AE811-A03A-4138-8CCC-ABDE03C67010}.Debug|iPhone.ActiveCfg = Debug|Any CPU
		{508AE811-A03A-4138-8CCC-ABDE03C67010}.Debug|iPhoneSimulator.ActiveCfg = Debug|Any CPU
		{508AE811-A03A-4138-8CCC-ABDE03C67010}.Debug|iPhoneSimulator.Build.0 = Debug|Any CPU
		{508AE811-A03A-4138-8CCC-ABDE03C67010}.Debug|Any CPU.ActiveCfg = Debug|Any CPU
		{508AE811-A03A-4138-8CCC-ABDE03C67010}.Debug|Any CPU.Build.0 = Debug|Any CPU
		{508AE811-A03A-4138-8CCC-ABDE03C67010}.Debug|iPhone.Build.0 = Debug|Any CPU
		{81BB36D2-4D01-44E3-9024-E7CBD10DA316}.Debug|iPhone.ActiveCfg = Debug|Any CPU
		{81BB36D2-4D01-44E3-9024-E7CBD10DA316}.Debug|iPhoneSimulator.ActiveCfg = Debug|Any CPU
		{81BB36D2-4D01-44E3-9024-E7CBD10DA316}.Debug|iPhoneSimulator.Build.0 = Debug|Any CPU
		{81BB36D2-4D01-44E3-9024-E7CBD10DA316}.Debug|Any CPU.ActiveCfg = Debug|Any CPU
		{81BB36D2-4D01-44E3-9024-E7CBD10DA316}.Debug|Any CPU.Build.0 = Debug|Any CPU
		{81BB36D2-4D01-44E3-9024-E7CBD10DA316}.Debug|iPhone.Build.0 = Debug|Any CPU
		{A736A2B4-56CB-4A61-B887-319BBC551F30}.Debug|iPhone.ActiveCfg = Debug|iPhone
		{A736A2B4-56CB-4A61-B887-319BBC551F30}.Debug|iPhone.Deploy.0 = Debug|iPhone
		{A736A2B4-56CB-4A61-B887-319BBC551F30}.Debug|iPhoneSimulator.ActiveCfg = Debug|iPhoneSimulator
		{A736A2B4-56CB-4A61-B887-319BBC551F30}.Debug|iPhoneSimulator.Build.0 = Debug|iPhoneSimulator
		{A736A2B4-56CB-4A61-B887-319BBC551F30}.Debug|iPhoneSimulator.Deploy.0 = Debug|iPhoneSimulator
		{A736A2B4-56CB-4A61-B887-319BBC551F30}.Debug|Any CPU.ActiveCfg = Debug|iPhoneSimulator
		{B142AB17-285F-48C8-B6C6-94586028333B}.Debug|iPhone.ActiveCfg = Debug|Any CPU
		{B142AB17-285F-48C8-B6C6-94586028333B}.Debug|iPhoneSimulator.ActiveCfg = Debug|Any CPU
		{B142AB17-285F-48C8-B6C6-94586028333B}.Debug|iPhoneSimulator.Build.0 = Debug|Any CPU
		{B142AB17-285F-48C8-B6C6-94586028333B}.Debug|Any CPU.ActiveCfg = Debug|Any CPU
		{B142AB17-285F-48C8-B6C6-94586028333B}.Debug|Any CPU.Build.0 = Debug|Any CPU
		{B142AB17-285F-48C8-B6C6-94586028333B}.Debug|iPhone.Build.0 = Debug|Any CPU
		{B59EF8B1-7948-481A-8C74-72C91E2A9B2A}.Debug|iPhone.ActiveCfg = Debug|iPhone
		{B59EF8B1-7948-481A-8C74-72C91E2A9B2A}.Debug|iPhone.Build.0 = Debug|iPhone
		{B59EF8B1-7948-481A-8C74-72C91E2A9B2A}.Debug|iPhoneSimulator.ActiveCfg = Debug|iPhoneSimulator
		{B59EF8B1-7948-481A-8C74-72C91E2A9B2A}.Debug|iPhoneSimulator.Build.0 = Debug|iPhoneSimulator
		{B59EF8B1-7948-481A-8C74-72C91E2A9B2A}.Debug|Any CPU.ActiveCfg = Debug|iPhoneSimulator
		{B59EF8B1-7948-481A-8C74-72C91E2A9B2A}.Debug|Any CPU.Build.0 = Debug|iPhoneSimulator
		{D74C052A-C07E-4B37-A898-134218ACA5C9}.Debug|iPhone.ActiveCfg = Debug|Any CPU
		{D74C052A-C07E-4B37-A898-134218ACA5C9}.Debug|iPhoneSimulator.ActiveCfg = Debug|Any CPU
		{D74C052A-C07E-4B37-A898-134218ACA5C9}.Debug|iPhoneSimulator.Build.0 = Debug|Any CPU
		{D74C052A-C07E-4B37-A898-134218ACA5C9}.Debug|Any CPU.ActiveCfg = Debug|Any CPU
		{D74C052A-C07E-4B37-A898-134218ACA5C9}.Debug|Any CPU.Build.0 = Debug|Any CPU
		{D74C052A-C07E-4B37-A898-134218ACA5C9}.Debug|iPhone.Build.0 = Debug|Any CPU
		{EE55B62D-FFA2-4C24-A4AD-7A47ACE55CE5}.Debug|iPhone.ActiveCfg = Debug|Any CPU
		{EE55B62D-FFA2-4C24-A4AD-7A47ACE55CE5}.Debug|iPhoneSimulator.ActiveCfg = Debug|Any CPU
		{EE55B62D-FFA2-4C24-A4AD-7A47ACE55CE5}.Debug|iPhoneSimulator.Build.0 = Debug|Any CPU
		{EE55B62D-FFA2-4C24-A4AD-7A47ACE55CE5}.Debug|Any CPU.ActiveCfg = Debug|Any CPU
		{EE55B62D-FFA2-4C24-A4AD-7A47ACE55CE5}.Debug|Any CPU.Build.0 = Debug|Any CPU
		{EE55B62D-FFA2-4C24-A4AD-7A47ACE55CE5}.Debug|iPhone.Build.0 = Debug|Any CPU
		{F783F99B-AAFA-4FB5-80F6-871D679BDB19}.Debug|iPhone.ActiveCfg = Debug|Any CPU
		{F783F99B-AAFA-4FB5-80F6-871D679BDB19}.Debug|iPhoneSimulator.ActiveCfg = Debug|Any CPU
		{F783F99B-AAFA-4FB5-80F6-871D679BDB19}.Debug|iPhoneSimulator.Build.0 = Debug|Any CPU
		{F783F99B-AAFA-4FB5-80F6-871D679BDB19}.Debug|Any CPU.ActiveCfg = Debug|Any CPU
		{F783F99B-AAFA-4FB5-80F6-871D679BDB19}.Debug|Any CPU.Build.0 = Debug|Any CPU
		{F783F99B-AAFA-4FB5-80F6-871D679BDB19}.Debug|iPhone.Build.0 = Debug|Any CPU
		{A73E2D42-A501-47D7-A0AD-106CC94D4348}.Addins debug|Any CPU.ActiveCfg = Debug|iPhoneSimulator
		{A73E2D42-A501-47D7-A0AD-106CC94D4348}.Addins debug|Any CPU.Build.0 = Debug|iPhoneSimulator
		{A73E2D42-A501-47D7-A0AD-106CC94D4348}.Addins debug|ARM.ActiveCfg = Debug|iPhoneSimulator
		{A73E2D42-A501-47D7-A0AD-106CC94D4348}.Addins debug|ARM.Build.0 = Debug|iPhoneSimulator
		{A73E2D42-A501-47D7-A0AD-106CC94D4348}.Addins debug|iPhone.ActiveCfg = Debug|iPhoneSimulator
		{A73E2D42-A501-47D7-A0AD-106CC94D4348}.Addins debug|iPhone.Build.0 = Debug|iPhoneSimulator
		{A73E2D42-A501-47D7-A0AD-106CC94D4348}.Addins debug|iPhoneSimulator.ActiveCfg = Debug|iPhoneSimulator
		{A73E2D42-A501-47D7-A0AD-106CC94D4348}.Addins debug|iPhoneSimulator.Build.0 = Debug|iPhoneSimulator
		{A73E2D42-A501-47D7-A0AD-106CC94D4348}.Addins debug|Mixed Platforms.ActiveCfg = Debug|iPhoneSimulator
		{A73E2D42-A501-47D7-A0AD-106CC94D4348}.Addins debug|Mixed Platforms.Build.0 = Debug|iPhoneSimulator
		{A73E2D42-A501-47D7-A0AD-106CC94D4348}.Addins debug|x64.ActiveCfg = Debug|iPhoneSimulator
		{A73E2D42-A501-47D7-A0AD-106CC94D4348}.Addins debug|x64.Build.0 = Debug|iPhoneSimulator
		{A73E2D42-A501-47D7-A0AD-106CC94D4348}.Addins debug|x86.ActiveCfg = Debug|iPhoneSimulator
		{A73E2D42-A501-47D7-A0AD-106CC94D4348}.Addins debug|x86.Build.0 = Debug|iPhoneSimulator
		{A73E2D42-A501-47D7-A0AD-106CC94D4348}.Ad-Hoc|Any CPU.ActiveCfg = Debug|iPhoneSimulator
		{A73E2D42-A501-47D7-A0AD-106CC94D4348}.Ad-Hoc|Any CPU.Build.0 = Debug|iPhoneSimulator
		{A73E2D42-A501-47D7-A0AD-106CC94D4348}.Ad-Hoc|ARM.ActiveCfg = Debug|iPhoneSimulator
		{A73E2D42-A501-47D7-A0AD-106CC94D4348}.Ad-Hoc|ARM.Build.0 = Debug|iPhoneSimulator
		{A73E2D42-A501-47D7-A0AD-106CC94D4348}.Ad-Hoc|iPhone.ActiveCfg = Debug|iPhoneSimulator
		{A73E2D42-A501-47D7-A0AD-106CC94D4348}.Ad-Hoc|iPhone.Build.0 = Debug|iPhoneSimulator
		{A73E2D42-A501-47D7-A0AD-106CC94D4348}.Ad-Hoc|iPhoneSimulator.ActiveCfg = Debug|iPhoneSimulator
		{A73E2D42-A501-47D7-A0AD-106CC94D4348}.Ad-Hoc|iPhoneSimulator.Build.0 = Debug|iPhoneSimulator
		{A73E2D42-A501-47D7-A0AD-106CC94D4348}.Ad-Hoc|Mixed Platforms.ActiveCfg = Debug|iPhoneSimulator
		{A73E2D42-A501-47D7-A0AD-106CC94D4348}.Ad-Hoc|Mixed Platforms.Build.0 = Debug|iPhoneSimulator
		{A73E2D42-A501-47D7-A0AD-106CC94D4348}.Ad-Hoc|x64.ActiveCfg = Debug|iPhoneSimulator
		{A73E2D42-A501-47D7-A0AD-106CC94D4348}.Ad-Hoc|x64.Build.0 = Debug|iPhoneSimulator
		{A73E2D42-A501-47D7-A0AD-106CC94D4348}.Ad-Hoc|x86.ActiveCfg = Debug|iPhoneSimulator
		{A73E2D42-A501-47D7-A0AD-106CC94D4348}.Ad-Hoc|x86.Build.0 = Debug|iPhoneSimulator
		{A73E2D42-A501-47D7-A0AD-106CC94D4348}.Android|Any CPU.ActiveCfg = Debug|iPhoneSimulator
		{A73E2D42-A501-47D7-A0AD-106CC94D4348}.Android|Any CPU.Build.0 = Debug|iPhoneSimulator
		{A73E2D42-A501-47D7-A0AD-106CC94D4348}.Android|ARM.ActiveCfg = Debug|iPhoneSimulator
		{A73E2D42-A501-47D7-A0AD-106CC94D4348}.Android|ARM.Build.0 = Debug|iPhoneSimulator
		{A73E2D42-A501-47D7-A0AD-106CC94D4348}.Android|iPhone.ActiveCfg = Debug|iPhoneSimulator
		{A73E2D42-A501-47D7-A0AD-106CC94D4348}.Android|iPhone.Build.0 = Debug|iPhoneSimulator
		{A73E2D42-A501-47D7-A0AD-106CC94D4348}.Android|iPhoneSimulator.ActiveCfg = Debug|iPhoneSimulator
		{A73E2D42-A501-47D7-A0AD-106CC94D4348}.Android|iPhoneSimulator.Build.0 = Debug|iPhoneSimulator
		{A73E2D42-A501-47D7-A0AD-106CC94D4348}.Android|Mixed Platforms.ActiveCfg = Debug|iPhoneSimulator
		{A73E2D42-A501-47D7-A0AD-106CC94D4348}.Android|Mixed Platforms.Build.0 = Debug|iPhoneSimulator
		{A73E2D42-A501-47D7-A0AD-106CC94D4348}.Android|x64.ActiveCfg = Debug|iPhoneSimulator
		{A73E2D42-A501-47D7-A0AD-106CC94D4348}.Android|x64.Build.0 = Debug|iPhoneSimulator
		{A73E2D42-A501-47D7-A0AD-106CC94D4348}.Android|x86.ActiveCfg = Debug|iPhoneSimulator
		{A73E2D42-A501-47D7-A0AD-106CC94D4348}.Android|x86.Build.0 = Debug|iPhoneSimulator
		{A73E2D42-A501-47D7-A0AD-106CC94D4348}.AppStore|Any CPU.ActiveCfg = Debug|iPhoneSimulator
		{A73E2D42-A501-47D7-A0AD-106CC94D4348}.AppStore|Any CPU.Build.0 = Debug|iPhoneSimulator
		{A73E2D42-A501-47D7-A0AD-106CC94D4348}.AppStore|ARM.ActiveCfg = Debug|iPhoneSimulator
		{A73E2D42-A501-47D7-A0AD-106CC94D4348}.AppStore|ARM.Build.0 = Debug|iPhoneSimulator
		{A73E2D42-A501-47D7-A0AD-106CC94D4348}.AppStore|iPhone.ActiveCfg = Debug|iPhoneSimulator
		{A73E2D42-A501-47D7-A0AD-106CC94D4348}.AppStore|iPhone.Build.0 = Debug|iPhoneSimulator
		{A73E2D42-A501-47D7-A0AD-106CC94D4348}.AppStore|iPhoneSimulator.ActiveCfg = Debug|iPhoneSimulator
		{A73E2D42-A501-47D7-A0AD-106CC94D4348}.AppStore|iPhoneSimulator.Build.0 = Debug|iPhoneSimulator
		{A73E2D42-A501-47D7-A0AD-106CC94D4348}.AppStore|Mixed Platforms.ActiveCfg = Debug|iPhoneSimulator
		{A73E2D42-A501-47D7-A0AD-106CC94D4348}.AppStore|Mixed Platforms.Build.0 = Debug|iPhoneSimulator
		{A73E2D42-A501-47D7-A0AD-106CC94D4348}.AppStore|x64.ActiveCfg = Debug|iPhoneSimulator
		{A73E2D42-A501-47D7-A0AD-106CC94D4348}.AppStore|x64.Build.0 = Debug|iPhoneSimulator
		{A73E2D42-A501-47D7-A0AD-106CC94D4348}.AppStore|x86.ActiveCfg = Debug|iPhoneSimulator
		{A73E2D42-A501-47D7-A0AD-106CC94D4348}.AppStore|x86.Build.0 = Debug|iPhoneSimulator
		{A73E2D42-A501-47D7-A0AD-106CC94D4348}.Debug|Any CPU.ActiveCfg = Debug|iPhoneSimulator
		{A73E2D42-A501-47D7-A0AD-106CC94D4348}.Debug|Any CPU.Build.0 = Debug|iPhoneSimulator
		{A73E2D42-A501-47D7-A0AD-106CC94D4348}.Debug|ARM.ActiveCfg = Debug|iPhoneSimulator
		{A73E2D42-A501-47D7-A0AD-106CC94D4348}.Debug|ARM.Build.0 = Debug|iPhoneSimulator
		{A73E2D42-A501-47D7-A0AD-106CC94D4348}.Debug|iPhone.ActiveCfg = Debug|iPhone
		{A73E2D42-A501-47D7-A0AD-106CC94D4348}.Debug|iPhone.Build.0 = Debug|iPhone
		{A73E2D42-A501-47D7-A0AD-106CC94D4348}.Debug|iPhoneSimulator.ActiveCfg = Debug|iPhoneSimulator
		{A73E2D42-A501-47D7-A0AD-106CC94D4348}.Debug|iPhoneSimulator.Build.0 = Debug|iPhoneSimulator
		{A73E2D42-A501-47D7-A0AD-106CC94D4348}.Debug|Mixed Platforms.ActiveCfg = Debug|iPhoneSimulator
		{A73E2D42-A501-47D7-A0AD-106CC94D4348}.Debug|Mixed Platforms.Build.0 = Debug|iPhoneSimulator
		{A73E2D42-A501-47D7-A0AD-106CC94D4348}.Debug|x64.ActiveCfg = Debug|iPhoneSimulator
		{A73E2D42-A501-47D7-A0AD-106CC94D4348}.Debug|x64.Build.0 = Debug|iPhoneSimulator
		{A73E2D42-A501-47D7-A0AD-106CC94D4348}.Debug|x86.ActiveCfg = Debug|iPhoneSimulator
		{A73E2D42-A501-47D7-A0AD-106CC94D4348}.Debug|x86.Build.0 = Debug|iPhoneSimulator
		{A73E2D42-A501-47D7-A0AD-106CC94D4348}.iOS|Any CPU.ActiveCfg = Debug|iPhoneSimulator
		{A73E2D42-A501-47D7-A0AD-106CC94D4348}.iOS|Any CPU.Build.0 = Debug|iPhoneSimulator
		{A73E2D42-A501-47D7-A0AD-106CC94D4348}.iOS|ARM.ActiveCfg = Debug|iPhoneSimulator
		{A73E2D42-A501-47D7-A0AD-106CC94D4348}.iOS|ARM.Build.0 = Debug|iPhoneSimulator
		{A73E2D42-A501-47D7-A0AD-106CC94D4348}.iOS|iPhone.ActiveCfg = Debug|iPhoneSimulator
		{A73E2D42-A501-47D7-A0AD-106CC94D4348}.iOS|iPhone.Build.0 = Debug|iPhoneSimulator
		{A73E2D42-A501-47D7-A0AD-106CC94D4348}.iOS|iPhoneSimulator.ActiveCfg = Debug|iPhoneSimulator
		{A73E2D42-A501-47D7-A0AD-106CC94D4348}.iOS|iPhoneSimulator.Build.0 = Debug|iPhoneSimulator
		{A73E2D42-A501-47D7-A0AD-106CC94D4348}.iOS|Mixed Platforms.ActiveCfg = Debug|iPhoneSimulator
		{A73E2D42-A501-47D7-A0AD-106CC94D4348}.iOS|Mixed Platforms.Build.0 = Debug|iPhoneSimulator
		{A73E2D42-A501-47D7-A0AD-106CC94D4348}.iOS|x64.ActiveCfg = Debug|iPhoneSimulator
		{A73E2D42-A501-47D7-A0AD-106CC94D4348}.iOS|x64.Build.0 = Debug|iPhoneSimulator
		{A73E2D42-A501-47D7-A0AD-106CC94D4348}.iOS|x86.ActiveCfg = Debug|iPhoneSimulator
		{A73E2D42-A501-47D7-A0AD-106CC94D4348}.iOS|x86.Build.0 = Debug|iPhoneSimulator
		{A73E2D42-A501-47D7-A0AD-106CC94D4348}.Linux|Any CPU.ActiveCfg = Debug|iPhoneSimulator
		{A73E2D42-A501-47D7-A0AD-106CC94D4348}.Linux|Any CPU.Build.0 = Debug|iPhoneSimulator
		{A73E2D42-A501-47D7-A0AD-106CC94D4348}.Linux|ARM.ActiveCfg = Debug|iPhoneSimulator
		{A73E2D42-A501-47D7-A0AD-106CC94D4348}.Linux|ARM.Build.0 = Debug|iPhoneSimulator
		{A73E2D42-A501-47D7-A0AD-106CC94D4348}.Linux|iPhone.ActiveCfg = Debug|iPhoneSimulator
		{A73E2D42-A501-47D7-A0AD-106CC94D4348}.Linux|iPhone.Build.0 = Debug|iPhoneSimulator
		{A73E2D42-A501-47D7-A0AD-106CC94D4348}.Linux|iPhoneSimulator.ActiveCfg = Debug|iPhoneSimulator
		{A73E2D42-A501-47D7-A0AD-106CC94D4348}.Linux|iPhoneSimulator.Build.0 = Debug|iPhoneSimulator
		{A73E2D42-A501-47D7-A0AD-106CC94D4348}.Linux|Mixed Platforms.ActiveCfg = Debug|iPhoneSimulator
		{A73E2D42-A501-47D7-A0AD-106CC94D4348}.Linux|Mixed Platforms.Build.0 = Debug|iPhoneSimulator
		{A73E2D42-A501-47D7-A0AD-106CC94D4348}.Linux|x64.ActiveCfg = Debug|iPhoneSimulator
		{A73E2D42-A501-47D7-A0AD-106CC94D4348}.Linux|x64.Build.0 = Debug|iPhoneSimulator
		{A73E2D42-A501-47D7-A0AD-106CC94D4348}.Linux|x86.ActiveCfg = Debug|iPhoneSimulator
		{A73E2D42-A501-47D7-A0AD-106CC94D4348}.Linux|x86.Build.0 = Debug|iPhoneSimulator
		{A73E2D42-A501-47D7-A0AD-106CC94D4348}.OSX|Any CPU.ActiveCfg = Debug|iPhoneSimulator
		{A73E2D42-A501-47D7-A0AD-106CC94D4348}.OSX|Any CPU.Build.0 = Debug|iPhoneSimulator
		{A73E2D42-A501-47D7-A0AD-106CC94D4348}.OSX|ARM.ActiveCfg = Debug|iPhoneSimulator
		{A73E2D42-A501-47D7-A0AD-106CC94D4348}.OSX|ARM.Build.0 = Debug|iPhoneSimulator
		{A73E2D42-A501-47D7-A0AD-106CC94D4348}.OSX|iPhone.ActiveCfg = Debug|iPhoneSimulator
		{A73E2D42-A501-47D7-A0AD-106CC94D4348}.OSX|iPhone.Build.0 = Debug|iPhoneSimulator
		{A73E2D42-A501-47D7-A0AD-106CC94D4348}.OSX|iPhoneSimulator.ActiveCfg = Debug|iPhoneSimulator
		{A73E2D42-A501-47D7-A0AD-106CC94D4348}.OSX|iPhoneSimulator.Build.0 = Debug|iPhoneSimulator
		{A73E2D42-A501-47D7-A0AD-106CC94D4348}.OSX|Mixed Platforms.ActiveCfg = Debug|iPhoneSimulator
		{A73E2D42-A501-47D7-A0AD-106CC94D4348}.OSX|Mixed Platforms.Build.0 = Debug|iPhoneSimulator
		{A73E2D42-A501-47D7-A0AD-106CC94D4348}.OSX|x64.ActiveCfg = Debug|iPhoneSimulator
		{A73E2D42-A501-47D7-A0AD-106CC94D4348}.OSX|x64.Build.0 = Debug|iPhoneSimulator
		{A73E2D42-A501-47D7-A0AD-106CC94D4348}.OSX|x86.ActiveCfg = Debug|iPhoneSimulator
		{A73E2D42-A501-47D7-A0AD-106CC94D4348}.OSX|x86.Build.0 = Debug|iPhoneSimulator
		{A73E2D42-A501-47D7-A0AD-106CC94D4348}.PSM|Any CPU.ActiveCfg = Debug|iPhoneSimulator
		{A73E2D42-A501-47D7-A0AD-106CC94D4348}.PSM|Any CPU.Build.0 = Debug|iPhoneSimulator
		{A73E2D42-A501-47D7-A0AD-106CC94D4348}.PSM|ARM.ActiveCfg = Debug|iPhoneSimulator
		{A73E2D42-A501-47D7-A0AD-106CC94D4348}.PSM|ARM.Build.0 = Debug|iPhoneSimulator
		{A73E2D42-A501-47D7-A0AD-106CC94D4348}.PSM|iPhone.ActiveCfg = Debug|iPhoneSimulator
		{A73E2D42-A501-47D7-A0AD-106CC94D4348}.PSM|iPhone.Build.0 = Debug|iPhoneSimulator
		{A73E2D42-A501-47D7-A0AD-106CC94D4348}.PSM|iPhoneSimulator.ActiveCfg = Debug|iPhoneSimulator
		{A73E2D42-A501-47D7-A0AD-106CC94D4348}.PSM|iPhoneSimulator.Build.0 = Debug|iPhoneSimulator
		{A73E2D42-A501-47D7-A0AD-106CC94D4348}.PSM|Mixed Platforms.ActiveCfg = Debug|iPhoneSimulator
		{A73E2D42-A501-47D7-A0AD-106CC94D4348}.PSM|Mixed Platforms.Build.0 = Debug|iPhoneSimulator
		{A73E2D42-A501-47D7-A0AD-106CC94D4348}.PSM|x64.ActiveCfg = Debug|iPhoneSimulator
		{A73E2D42-A501-47D7-A0AD-106CC94D4348}.PSM|x64.Build.0 = Debug|iPhoneSimulator
		{A73E2D42-A501-47D7-A0AD-106CC94D4348}.PSM|x86.ActiveCfg = Debug|iPhoneSimulator
		{A73E2D42-A501-47D7-A0AD-106CC94D4348}.PSM|x86.Build.0 = Debug|iPhoneSimulator
		{A73E2D42-A501-47D7-A0AD-106CC94D4348}.Release|Any CPU.ActiveCfg = Debug|iPhoneSimulator
		{A73E2D42-A501-47D7-A0AD-106CC94D4348}.Release|Any CPU.Build.0 = Debug|iPhoneSimulator
		{A73E2D42-A501-47D7-A0AD-106CC94D4348}.Release|ARM.ActiveCfg = Debug|iPhoneSimulator
		{A73E2D42-A501-47D7-A0AD-106CC94D4348}.Release|ARM.Build.0 = Debug|iPhoneSimulator
		{A73E2D42-A501-47D7-A0AD-106CC94D4348}.Release|iPhone.ActiveCfg = Release|iPhone
		{A73E2D42-A501-47D7-A0AD-106CC94D4348}.Release|iPhone.Build.0 = Release|iPhone
		{A73E2D42-A501-47D7-A0AD-106CC94D4348}.Release|iPhoneSimulator.ActiveCfg = Release|iPhoneSimulator
		{A73E2D42-A501-47D7-A0AD-106CC94D4348}.Release|iPhoneSimulator.Build.0 = Release|iPhoneSimulator
		{A73E2D42-A501-47D7-A0AD-106CC94D4348}.Release|Mixed Platforms.ActiveCfg = Debug|iPhoneSimulator
		{A73E2D42-A501-47D7-A0AD-106CC94D4348}.Release|Mixed Platforms.Build.0 = Debug|iPhoneSimulator
		{A73E2D42-A501-47D7-A0AD-106CC94D4348}.Release|x64.ActiveCfg = Debug|iPhoneSimulator
		{A73E2D42-A501-47D7-A0AD-106CC94D4348}.Release|x64.Build.0 = Debug|iPhoneSimulator
		{A73E2D42-A501-47D7-A0AD-106CC94D4348}.Release|x86.ActiveCfg = Debug|iPhoneSimulator
		{A73E2D42-A501-47D7-A0AD-106CC94D4348}.Release|x86.Build.0 = Debug|iPhoneSimulator
		{A73E2D42-A501-47D7-A0AD-106CC94D4348}.Windows|Any CPU.ActiveCfg = Debug|iPhoneSimulator
		{A73E2D42-A501-47D7-A0AD-106CC94D4348}.Windows|Any CPU.Build.0 = Debug|iPhoneSimulator
		{A73E2D42-A501-47D7-A0AD-106CC94D4348}.Windows|ARM.ActiveCfg = Debug|iPhoneSimulator
		{A73E2D42-A501-47D7-A0AD-106CC94D4348}.Windows|ARM.Build.0 = Debug|iPhoneSimulator
		{A73E2D42-A501-47D7-A0AD-106CC94D4348}.Windows|iPhone.ActiveCfg = Debug|iPhoneSimulator
		{A73E2D42-A501-47D7-A0AD-106CC94D4348}.Windows|iPhone.Build.0 = Debug|iPhoneSimulator
		{A73E2D42-A501-47D7-A0AD-106CC94D4348}.Windows|iPhoneSimulator.ActiveCfg = Debug|iPhoneSimulator
		{A73E2D42-A501-47D7-A0AD-106CC94D4348}.Windows|iPhoneSimulator.Build.0 = Debug|iPhoneSimulator
		{A73E2D42-A501-47D7-A0AD-106CC94D4348}.Windows|Mixed Platforms.ActiveCfg = Debug|iPhoneSimulator
		{A73E2D42-A501-47D7-A0AD-106CC94D4348}.Windows|Mixed Platforms.Build.0 = Debug|iPhoneSimulator
		{A73E2D42-A501-47D7-A0AD-106CC94D4348}.Windows|x64.ActiveCfg = Debug|iPhoneSimulator
		{A73E2D42-A501-47D7-A0AD-106CC94D4348}.Windows|x64.Build.0 = Debug|iPhoneSimulator
		{A73E2D42-A501-47D7-A0AD-106CC94D4348}.Windows|x86.ActiveCfg = Debug|iPhoneSimulator
		{A73E2D42-A501-47D7-A0AD-106CC94D4348}.Windows|x86.Build.0 = Debug|iPhoneSimulator
		{A73E2D42-A501-47D7-A0AD-106CC94D4348}.Windows8|Any CPU.ActiveCfg = Debug|iPhoneSimulator
		{A73E2D42-A501-47D7-A0AD-106CC94D4348}.Windows8|Any CPU.Build.0 = Debug|iPhoneSimulator
		{A73E2D42-A501-47D7-A0AD-106CC94D4348}.Windows8|ARM.ActiveCfg = Debug|iPhoneSimulator
		{A73E2D42-A501-47D7-A0AD-106CC94D4348}.Windows8|ARM.Build.0 = Debug|iPhoneSimulator
		{A73E2D42-A501-47D7-A0AD-106CC94D4348}.Windows8|iPhone.ActiveCfg = Debug|iPhoneSimulator
		{A73E2D42-A501-47D7-A0AD-106CC94D4348}.Windows8|iPhone.Build.0 = Debug|iPhoneSimulator
		{A73E2D42-A501-47D7-A0AD-106CC94D4348}.Windows8|iPhoneSimulator.ActiveCfg = Debug|iPhoneSimulator
		{A73E2D42-A501-47D7-A0AD-106CC94D4348}.Windows8|iPhoneSimulator.Build.0 = Debug|iPhoneSimulator
		{A73E2D42-A501-47D7-A0AD-106CC94D4348}.Windows8|Mixed Platforms.ActiveCfg = Debug|iPhoneSimulator
		{A73E2D42-A501-47D7-A0AD-106CC94D4348}.Windows8|Mixed Platforms.Build.0 = Debug|iPhoneSimulator
		{A73E2D42-A501-47D7-A0AD-106CC94D4348}.Windows8|x64.ActiveCfg = Debug|iPhoneSimulator
		{A73E2D42-A501-47D7-A0AD-106CC94D4348}.Windows8|x64.Build.0 = Debug|iPhoneSimulator
		{A73E2D42-A501-47D7-A0AD-106CC94D4348}.Windows8|x86.ActiveCfg = Debug|iPhoneSimulator
		{A73E2D42-A501-47D7-A0AD-106CC94D4348}.Windows8|x86.Build.0 = Debug|iPhoneSimulator
	EndGlobalSection
	GlobalSection(NestedProjects) = preSolution
		{508AE811-A03A-4138-8CCC-ABDE03C67010} = {969DB691-49FB-4785-98F4-2112CC1BA7C4}
		{B59EF8B1-7948-481A-8C74-72C91E2A9B2A} = {969DB691-49FB-4785-98F4-2112CC1BA7C4}
		{81BB36D2-4D01-44E3-9024-E7CBD10DA316} = {F7130D3D-4E62-4EB3-B74C-1E819E017048}
		{A736A2B4-56CB-4A61-B887-319BBC551F30} = {F7130D3D-4E62-4EB3-B74C-1E819E017048}
		{A73E2D42-A501-47D7-A0AD-106CC94D4348} = {969DB691-49FB-4785-98F4-2112CC1BA7C4}
	EndGlobalSection
	GlobalSection(MonoDevelopProperties) = preSolution
		Policies = $0
		$0.DotNetNamingPolicy = $1
		$1.DirectoryNamespaceAssociation = None
		$1.ResourceNamePolicy = FileFormatDefault
		$0.StandardHeader = $2
		$2.Text = 
		$2.IncludeInNewFiles = True
		$0.NameConventionPolicy = $3
		$3.Rules = $4
		$4.NamingRule = $5
		$5.AffectedEntity = None
		$5.VisibilityMask = VisibilityMask
		$5.NamingStyle = None
		$5.IncludeInstanceMembers = True
		$5.IncludeStaticEntities = True
	EndGlobalSection
	GlobalSection(SolutionProperties) = preSolution
		HideSolutionNode = FALSE
	EndGlobalSection
EndGlobal
