
Microsoft Visual Studio Solution File, Format Version 12.00
# Visual Studio 15
VisualStudioVersion = 15.0.26730.10
MinimumVisualStudioVersion = 10.0.40219.1

Project("{D954291E-2A0B-460D-934E-DC6B0785DB48}") = "Mapsui.Samples.Forms", "Mapsui.Samples.Forms\Mapsui.Samples.Forms.shproj", "{73FCB5F4-ABAF-4279-ACC2-4C9C8D9F5C40}"
EndProject


Project("{FAE04EC0-301F-11D3-BF4B-00C04F79EFBC}") = "Mapsui.Samples.Forms.iOS", "Mapsui.Samples.Forms.iOS\Mapsui.Samples.Forms.iOS.csproj", "{DE3B0CBF-CC20-4457-884B-2E5150B45A01}"
EndProject


Project("{FAE04EC0-301F-11D3-BF4B-00C04F79EFBC}") = "Mapsui.Samples.Forms.Android", "Mapsui.Samples.Forms.Android\Mapsui.Samples.Forms.Android.csproj", "{71353A7E-BFA9-4680-A345-EA19BF69F60E}"
EndProject

Global
	GlobalSection(SolutionConfigurationPlatforms) = preSolution
		Ad-Hoc|Any CPU = Ad-Hoc|Any CPU
		Ad-Hoc|ARM = Ad-Hoc|ARM
		Ad-Hoc|iPhone = Ad-Hoc|iPhone
		Ad-Hoc|iPhoneSimulator = Ad-Hoc|iPhoneSimulator
		Ad-Hoc|x64 = Ad-Hoc|x64
		Ad-Hoc|x86 = Ad-Hoc|x86
		AppStore|Any CPU = AppStore|Any CPU
		AppStore|ARM = AppStore|ARM
		AppStore|iPhone = AppStore|iPhone
		AppStore|iPhoneSimulator = AppStore|iPhoneSimulator
		AppStore|x64 = AppStore|x64
		AppStore|x86 = AppStore|x86
		Debug|Any CPU = Debug|Any CPU
		Debug|ARM = Debug|ARM
		Debug|iPhone = Debug|iPhone
		Debug|iPhoneSimulator = Debug|iPhoneSimulator
		Debug|x64 = Debug|x64
		Debug|x86 = Debug|x86
		Release|Any CPU = Release|Any CPU
		Release|ARM = Release|ARM
		Release|iPhone = Release|iPhone
		Release|iPhoneSimulator = Release|iPhoneSimulator
		Release|x64 = Release|x64
		Release|x86 = Release|x86
	EndGlobalSection
	GlobalSection(ProjectConfigurationPlatforms) = postSolution
		{3F92085E-265B-44E3-AAD3-0E98F9D7CC8B}.Ad-Hoc|Any CPU.ActiveCfg = Debug|Any CPU
		{3F92085E-265B-44E3-AAD3-0E98F9D7CC8B}.Ad-Hoc|Any CPU.Build.0 = Debug|Any CPU
		{3F92085E-265B-44E3-AAD3-0E98F9D7CC8B}.Ad-Hoc|ARM.ActiveCfg = Debug|Any CPU
		{3F92085E-265B-44E3-AAD3-0E98F9D7CC8B}.Ad-Hoc|ARM.Build.0 = Debug|Any CPU
		{3F92085E-265B-44E3-AAD3-0E98F9D7CC8B}.Ad-Hoc|iPhone.ActiveCfg = Debug|Any CPU
		{3F92085E-265B-44E3-AAD3-0E98F9D7CC8B}.Ad-Hoc|iPhone.Build.0 = Debug|Any CPU
		{3F92085E-265B-44E3-AAD3-0E98F9D7CC8B}.Ad-Hoc|iPhoneSimulator.ActiveCfg = Debug|Any CPU
		{3F92085E-265B-44E3-AAD3-0E98F9D7CC8B}.Ad-Hoc|iPhoneSimulator.Build.0 = Debug|Any CPU
		{3F92085E-265B-44E3-AAD3-0E98F9D7CC8B}.Ad-Hoc|x64.ActiveCfg = Debug|Any CPU
		{3F92085E-265B-44E3-AAD3-0E98F9D7CC8B}.Ad-Hoc|x64.Build.0 = Debug|Any CPU
		{3F92085E-265B-44E3-AAD3-0E98F9D7CC8B}.Ad-Hoc|x86.ActiveCfg = Debug|Any CPU
		{3F92085E-265B-44E3-AAD3-0E98F9D7CC8B}.Ad-Hoc|x86.Build.0 = Debug|Any CPU
		{3F92085E-265B-44E3-AAD3-0E98F9D7CC8B}.AppStore|Any CPU.ActiveCfg = Debug|Any CPU
		{3F92085E-265B-44E3-AAD3-0E98F9D7CC8B}.AppStore|Any CPU.Build.0 = Debug|Any CPU
		{3F92085E-265B-44E3-AAD3-0E98F9D7CC8B}.AppStore|ARM.ActiveCfg = Debug|Any CPU
		{3F92085E-265B-44E3-AAD3-0E98F9D7CC8B}.AppStore|ARM.Build.0 = Debug|Any CPU
		{3F92085E-265B-44E3-AAD3-0E98F9D7CC8B}.AppStore|iPhone.ActiveCfg = Debug|Any CPU
		{3F92085E-265B-44E3-AAD3-0E98F9D7CC8B}.AppStore|iPhone.Build.0 = Debug|Any CPU
		{3F92085E-265B-44E3-AAD3-0E98F9D7CC8B}.AppStore|iPhoneSimulator.ActiveCfg = Debug|Any CPU
		{3F92085E-265B-44E3-AAD3-0E98F9D7CC8B}.AppStore|iPhoneSimulator.Build.0 = Debug|Any CPU
		{3F92085E-265B-44E3-AAD3-0E98F9D7CC8B}.AppStore|x64.ActiveCfg = Debug|Any CPU
		{3F92085E-265B-44E3-AAD3-0E98F9D7CC8B}.AppStore|x64.Build.0 = Debug|Any CPU
		{3F92085E-265B-44E3-AAD3-0E98F9D7CC8B}.AppStore|x86.ActiveCfg = Debug|Any CPU
		{3F92085E-265B-44E3-AAD3-0E98F9D7CC8B}.AppStore|x86.Build.0 = Debug|Any CPU
		{3F92085E-265B-44E3-AAD3-0E98F9D7CC8B}.Debug|Any CPU.ActiveCfg = Debug|Any CPU
		{3F92085E-265B-44E3-AAD3-0E98F9D7CC8B}.Debug|Any CPU.Build.0 = Debug|Any CPU
		{3F92085E-265B-44E3-AAD3-0E98F9D7CC8B}.Debug|ARM.ActiveCfg = Debug|Any CPU
		{3F92085E-265B-44E3-AAD3-0E98F9D7CC8B}.Debug|ARM.Build.0 = Debug|Any CPU
		{3F92085E-265B-44E3-AAD3-0E98F9D7CC8B}.Debug|iPhone.ActiveCfg = Debug|Any CPU
		{3F92085E-265B-44E3-AAD3-0E98F9D7CC8B}.Debug|iPhone.Build.0 = Debug|Any CPU
		{3F92085E-265B-44E3-AAD3-0E98F9D7CC8B}.Debug|iPhoneSimulator.ActiveCfg = Debug|Any CPU
		{3F92085E-265B-44E3-AAD3-0E98F9D7CC8B}.Debug|iPhoneSimulator.Build.0 = Debug|Any CPU
		{3F92085E-265B-44E3-AAD3-0E98F9D7CC8B}.Debug|x64.ActiveCfg = Debug|Any CPU
		{3F92085E-265B-44E3-AAD3-0E98F9D7CC8B}.Debug|x64.Build.0 = Debug|Any CPU
		{3F92085E-265B-44E3-AAD3-0E98F9D7CC8B}.Debug|x86.ActiveCfg = Debug|Any CPU
		{3F92085E-265B-44E3-AAD3-0E98F9D7CC8B}.Debug|x86.Build.0 = Debug|Any CPU
		{3F92085E-265B-44E3-AAD3-0E98F9D7CC8B}.Release|Any CPU.ActiveCfg = Release|Any CPU
		{3F92085E-265B-44E3-AAD3-0E98F9D7CC8B}.Release|Any CPU.Build.0 = Release|Any CPU
		{3F92085E-265B-44E3-AAD3-0E98F9D7CC8B}.Release|ARM.ActiveCfg = Release|Any CPU
		{3F92085E-265B-44E3-AAD3-0E98F9D7CC8B}.Release|ARM.Build.0 = Release|Any CPU
		{3F92085E-265B-44E3-AAD3-0E98F9D7CC8B}.Release|iPhone.ActiveCfg = Release|Any CPU
		{3F92085E-265B-44E3-AAD3-0E98F9D7CC8B}.Release|iPhone.Build.0 = Release|Any CPU
		{3F92085E-265B-44E3-AAD3-0E98F9D7CC8B}.Release|iPhoneSimulator.ActiveCfg = Release|Any CPU
		{3F92085E-265B-44E3-AAD3-0E98F9D7CC8B}.Release|iPhoneSimulator.Build.0 = Release|Any CPU
		{3F92085E-265B-44E3-AAD3-0E98F9D7CC8B}.Release|x64.ActiveCfg = Release|Any CPU
		{3F92085E-265B-44E3-AAD3-0E98F9D7CC8B}.Release|x64.Build.0 = Release|Any CPU
		{3F92085E-265B-44E3-AAD3-0E98F9D7CC8B}.Release|x86.ActiveCfg = Release|Any CPU
		{3F92085E-265B-44E3-AAD3-0E98F9D7CC8B}.Release|x86.Build.0 = Release|Any CPU
		{DE3B0CBF-CC20-4457-884B-2E5150B45A01}.Ad-Hoc|Any CPU.ActiveCfg = Ad-Hoc|iPhone
		{DE3B0CBF-CC20-4457-884B-2E5150B45A01}.Ad-Hoc|ARM.ActiveCfg = Ad-Hoc|iPhone
		{DE3B0CBF-CC20-4457-884B-2E5150B45A01}.Ad-Hoc|iPhone.ActiveCfg = Ad-Hoc|iPhone
		{DE3B0CBF-CC20-4457-884B-2E5150B45A01}.Ad-Hoc|iPhone.Build.0 = Ad-Hoc|iPhone
		{DE3B0CBF-CC20-4457-884B-2E5150B45A01}.Ad-Hoc|iPhoneSimulator.ActiveCfg = Ad-Hoc|iPhoneSimulator
		{DE3B0CBF-CC20-4457-884B-2E5150B45A01}.Ad-Hoc|iPhoneSimulator.Build.0 = Ad-Hoc|iPhoneSimulator
		{DE3B0CBF-CC20-4457-884B-2E5150B45A01}.Ad-Hoc|x64.ActiveCfg = Ad-Hoc|iPhone
		{DE3B0CBF-CC20-4457-884B-2E5150B45A01}.Ad-Hoc|x86.ActiveCfg = Ad-Hoc|iPhone
		{DE3B0CBF-CC20-4457-884B-2E5150B45A01}.AppStore|Any CPU.ActiveCfg = AppStore|iPhone
		{DE3B0CBF-CC20-4457-884B-2E5150B45A01}.AppStore|ARM.ActiveCfg = AppStore|iPhone
		{DE3B0CBF-CC20-4457-884B-2E5150B45A01}.AppStore|iPhone.ActiveCfg = AppStore|iPhone
		{DE3B0CBF-CC20-4457-884B-2E5150B45A01}.AppStore|iPhone.Build.0 = AppStore|iPhone
		{DE3B0CBF-CC20-4457-884B-2E5150B45A01}.AppStore|iPhoneSimulator.ActiveCfg = AppStore|iPhoneSimulator
		{DE3B0CBF-CC20-4457-884B-2E5150B45A01}.AppStore|iPhoneSimulator.Build.0 = AppStore|iPhoneSimulator
		{DE3B0CBF-CC20-4457-884B-2E5150B45A01}.AppStore|x64.ActiveCfg = AppStore|iPhone
		{DE3B0CBF-CC20-4457-884B-2E5150B45A01}.AppStore|x86.ActiveCfg = AppStore|iPhone
		{DE3B0CBF-CC20-4457-884B-2E5150B45A01}.Debug|Any CPU.ActiveCfg = Debug|iPhone
		{DE3B0CBF-CC20-4457-884B-2E5150B45A01}.Debug|ARM.ActiveCfg = Debug|iPhone
		{DE3B0CBF-CC20-4457-884B-2E5150B45A01}.Debug|iPhone.ActiveCfg = Debug|iPhone
		{DE3B0CBF-CC20-4457-884B-2E5150B45A01}.Debug|iPhone.Build.0 = Debug|iPhone
		{DE3B0CBF-CC20-4457-884B-2E5150B45A01}.Debug|iPhoneSimulator.ActiveCfg = Debug|iPhoneSimulator
		{DE3B0CBF-CC20-4457-884B-2E5150B45A01}.Debug|iPhoneSimulator.Build.0 = Debug|iPhoneSimulator
		{DE3B0CBF-CC20-4457-884B-2E5150B45A01}.Debug|x64.ActiveCfg = Debug|iPhone
		{DE3B0CBF-CC20-4457-884B-2E5150B45A01}.Debug|x86.ActiveCfg = Debug|iPhone
		{DE3B0CBF-CC20-4457-884B-2E5150B45A01}.Release|Any CPU.ActiveCfg = Release|iPhone
		{DE3B0CBF-CC20-4457-884B-2E5150B45A01}.Release|ARM.ActiveCfg = Release|iPhone
		{DE3B0CBF-CC20-4457-884B-2E5150B45A01}.Release|iPhone.ActiveCfg = Release|iPhone
		{DE3B0CBF-CC20-4457-884B-2E5150B45A01}.Release|iPhone.Build.0 = Release|iPhone
		{DE3B0CBF-CC20-4457-884B-2E5150B45A01}.Release|iPhoneSimulator.ActiveCfg = Release|iPhoneSimulator
		{DE3B0CBF-CC20-4457-884B-2E5150B45A01}.Release|iPhoneSimulator.Build.0 = Release|iPhoneSimulator
		{DE3B0CBF-CC20-4457-884B-2E5150B45A01}.Release|x64.ActiveCfg = Release|iPhone
		{DE3B0CBF-CC20-4457-884B-2E5150B45A01}.Release|x86.ActiveCfg = Release|iPhone
		{EAAB7EDF-7955-40CF-A8FB-A9B501CFF012}.Ad-Hoc|Any CPU.ActiveCfg = Release|x86
		{EAAB7EDF-7955-40CF-A8FB-A9B501CFF012}.Ad-Hoc|Any CPU.Build.0 = Release|x86
		{EAAB7EDF-7955-40CF-A8FB-A9B501CFF012}.Ad-Hoc|Any CPU.Deploy.0 = Release|x86
		{EAAB7EDF-7955-40CF-A8FB-A9B501CFF012}.Ad-Hoc|ARM.ActiveCfg = Release|ARM
		{EAAB7EDF-7955-40CF-A8FB-A9B501CFF012}.Ad-Hoc|ARM.Build.0 = Release|ARM
		{EAAB7EDF-7955-40CF-A8FB-A9B501CFF012}.Ad-Hoc|ARM.Deploy.0 = Release|ARM
		{EAAB7EDF-7955-40CF-A8FB-A9B501CFF012}.Ad-Hoc|iPhone.ActiveCfg = Release|x86
		{EAAB7EDF-7955-40CF-A8FB-A9B501CFF012}.Ad-Hoc|iPhone.Build.0 = Release|x86
		{EAAB7EDF-7955-40CF-A8FB-A9B501CFF012}.Ad-Hoc|iPhone.Deploy.0 = Release|x86
		{EAAB7EDF-7955-40CF-A8FB-A9B501CFF012}.Ad-Hoc|iPhoneSimulator.ActiveCfg = Release|x86
		{EAAB7EDF-7955-40CF-A8FB-A9B501CFF012}.Ad-Hoc|iPhoneSimulator.Build.0 = Release|x86
		{EAAB7EDF-7955-40CF-A8FB-A9B501CFF012}.Ad-Hoc|iPhoneSimulator.Deploy.0 = Release|x86
		{EAAB7EDF-7955-40CF-A8FB-A9B501CFF012}.Ad-Hoc|x64.ActiveCfg = Release|x64
		{EAAB7EDF-7955-40CF-A8FB-A9B501CFF012}.Ad-Hoc|x64.Build.0 = Release|x64
		{EAAB7EDF-7955-40CF-A8FB-A9B501CFF012}.Ad-Hoc|x64.Deploy.0 = Release|x64
		{EAAB7EDF-7955-40CF-A8FB-A9B501CFF012}.Ad-Hoc|x86.ActiveCfg = Release|x86
		{EAAB7EDF-7955-40CF-A8FB-A9B501CFF012}.Ad-Hoc|x86.Build.0 = Release|x86
		{EAAB7EDF-7955-40CF-A8FB-A9B501CFF012}.Ad-Hoc|x86.Deploy.0 = Release|x86
		{EAAB7EDF-7955-40CF-A8FB-A9B501CFF012}.AppStore|Any CPU.ActiveCfg = Release|x86
		{EAAB7EDF-7955-40CF-A8FB-A9B501CFF012}.AppStore|Any CPU.Build.0 = Release|x86
		{EAAB7EDF-7955-40CF-A8FB-A9B501CFF012}.AppStore|Any CPU.Deploy.0 = Release|x86
		{EAAB7EDF-7955-40CF-A8FB-A9B501CFF012}.AppStore|ARM.ActiveCfg = Release|ARM
		{EAAB7EDF-7955-40CF-A8FB-A9B501CFF012}.AppStore|ARM.Build.0 = Release|ARM
		{EAAB7EDF-7955-40CF-A8FB-A9B501CFF012}.AppStore|ARM.Deploy.0 = Release|ARM
		{EAAB7EDF-7955-40CF-A8FB-A9B501CFF012}.AppStore|iPhone.ActiveCfg = Release|x86
		{EAAB7EDF-7955-40CF-A8FB-A9B501CFF012}.AppStore|iPhone.Build.0 = Release|x86
		{EAAB7EDF-7955-40CF-A8FB-A9B501CFF012}.AppStore|iPhone.Deploy.0 = Release|x86
		{EAAB7EDF-7955-40CF-A8FB-A9B501CFF012}.AppStore|iPhoneSimulator.ActiveCfg = Release|x86
		{EAAB7EDF-7955-40CF-A8FB-A9B501CFF012}.AppStore|iPhoneSimulator.Build.0 = Release|x86
		{EAAB7EDF-7955-40CF-A8FB-A9B501CFF012}.AppStore|iPhoneSimulator.Deploy.0 = Release|x86
		{EAAB7EDF-7955-40CF-A8FB-A9B501CFF012}.AppStore|x64.ActiveCfg = Release|x64
		{EAAB7EDF-7955-40CF-A8FB-A9B501CFF012}.AppStore|x64.Build.0 = Release|x64
		{EAAB7EDF-7955-40CF-A8FB-A9B501CFF012}.AppStore|x64.Deploy.0 = Release|x64
		{EAAB7EDF-7955-40CF-A8FB-A9B501CFF012}.AppStore|x86.ActiveCfg = Release|x86
		{EAAB7EDF-7955-40CF-A8FB-A9B501CFF012}.AppStore|x86.Build.0 = Release|x86
		{EAAB7EDF-7955-40CF-A8FB-A9B501CFF012}.AppStore|x86.Deploy.0 = Release|x86
		{EAAB7EDF-7955-40CF-A8FB-A9B501CFF012}.Debug|Any CPU.ActiveCfg = Debug|x86
		{EAAB7EDF-7955-40CF-A8FB-A9B501CFF012}.Debug|ARM.ActiveCfg = Debug|ARM
		{EAAB7EDF-7955-40CF-A8FB-A9B501CFF012}.Debug|ARM.Build.0 = Debug|ARM
		{EAAB7EDF-7955-40CF-A8FB-A9B501CFF012}.Debug|ARM.Deploy.0 = Debug|ARM
		{EAAB7EDF-7955-40CF-A8FB-A9B501CFF012}.Debug|iPhone.ActiveCfg = Debug|x86
		{EAAB7EDF-7955-40CF-A8FB-A9B501CFF012}.Debug|iPhoneSimulator.ActiveCfg = Debug|x86
		{EAAB7EDF-7955-40CF-A8FB-A9B501CFF012}.Debug|x64.ActiveCfg = Debug|x64
		{EAAB7EDF-7955-40CF-A8FB-A9B501CFF012}.Debug|x64.Build.0 = Debug|x64
		{EAAB7EDF-7955-40CF-A8FB-A9B501CFF012}.Debug|x64.Deploy.0 = Debug|x64
		{EAAB7EDF-7955-40CF-A8FB-A9B501CFF012}.Debug|x86.ActiveCfg = Debug|x86
		{EAAB7EDF-7955-40CF-A8FB-A9B501CFF012}.Debug|x86.Build.0 = Debug|x86
		{EAAB7EDF-7955-40CF-A8FB-A9B501CFF012}.Debug|x86.Deploy.0 = Debug|x86
		{EAAB7EDF-7955-40CF-A8FB-A9B501CFF012}.Release|Any CPU.ActiveCfg = Release|x86
		{EAAB7EDF-7955-40CF-A8FB-A9B501CFF012}.Release|ARM.ActiveCfg = Release|ARM
		{EAAB7EDF-7955-40CF-A8FB-A9B501CFF012}.Release|ARM.Build.0 = Release|ARM
		{EAAB7EDF-7955-40CF-A8FB-A9B501CFF012}.Release|ARM.Deploy.0 = Release|ARM
		{EAAB7EDF-7955-40CF-A8FB-A9B501CFF012}.Release|iPhone.ActiveCfg = Release|x86
		{EAAB7EDF-7955-40CF-A8FB-A9B501CFF012}.Release|iPhoneSimulator.ActiveCfg = Release|x86
		{EAAB7EDF-7955-40CF-A8FB-A9B501CFF012}.Release|x64.ActiveCfg = Release|x64
		{EAAB7EDF-7955-40CF-A8FB-A9B501CFF012}.Release|x64.Build.0 = Release|x64
		{EAAB7EDF-7955-40CF-A8FB-A9B501CFF012}.Release|x64.Deploy.0 = Release|x64
		{EAAB7EDF-7955-40CF-A8FB-A9B501CFF012}.Release|x86.ActiveCfg = Release|x86
		{EAAB7EDF-7955-40CF-A8FB-A9B501CFF012}.Release|x86.Build.0 = Release|x86
		{EAAB7EDF-7955-40CF-A8FB-A9B501CFF012}.Release|x86.Deploy.0 = Release|x86
		{20FDA6ED-B68E-4610-807B-F358668F181E}.Ad-Hoc|Any CPU.ActiveCfg = Release|Any CPU
		{20FDA6ED-B68E-4610-807B-F358668F181E}.Ad-Hoc|Any CPU.Build.0 = Release|Any CPU
		{20FDA6ED-B68E-4610-807B-F358668F181E}.Ad-Hoc|Any CPU.Deploy.0 = Release|Any CPU
		{20FDA6ED-B68E-4610-807B-F358668F181E}.Ad-Hoc|ARM.ActiveCfg = Release|Any CPU
		{20FDA6ED-B68E-4610-807B-F358668F181E}.Ad-Hoc|ARM.Build.0 = Release|Any CPU
		{20FDA6ED-B68E-4610-807B-F358668F181E}.Ad-Hoc|ARM.Deploy.0 = Release|Any CPU
		{20FDA6ED-B68E-4610-807B-F358668F181E}.Ad-Hoc|iPhone.ActiveCfg = Release|Any CPU
		{20FDA6ED-B68E-4610-807B-F358668F181E}.Ad-Hoc|iPhone.Build.0 = Release|Any CPU
		{20FDA6ED-B68E-4610-807B-F358668F181E}.Ad-Hoc|iPhone.Deploy.0 = Release|Any CPU
		{20FDA6ED-B68E-4610-807B-F358668F181E}.Ad-Hoc|iPhoneSimulator.ActiveCfg = Release|Any CPU
		{20FDA6ED-B68E-4610-807B-F358668F181E}.Ad-Hoc|iPhoneSimulator.Build.0 = Release|Any CPU
		{20FDA6ED-B68E-4610-807B-F358668F181E}.Ad-Hoc|iPhoneSimulator.Deploy.0 = Release|Any CPU
		{20FDA6ED-B68E-4610-807B-F358668F181E}.Ad-Hoc|x64.ActiveCfg = Release|Any CPU
		{20FDA6ED-B68E-4610-807B-F358668F181E}.Ad-Hoc|x64.Build.0 = Release|Any CPU
		{20FDA6ED-B68E-4610-807B-F358668F181E}.Ad-Hoc|x64.Deploy.0 = Release|Any CPU
		{20FDA6ED-B68E-4610-807B-F358668F181E}.Ad-Hoc|x86.ActiveCfg = Release|Any CPU
		{20FDA6ED-B68E-4610-807B-F358668F181E}.Ad-Hoc|x86.Build.0 = Release|Any CPU
		{20FDA6ED-B68E-4610-807B-F358668F181E}.Ad-Hoc|x86.Deploy.0 = Release|Any CPU
		{20FDA6ED-B68E-4610-807B-F358668F181E}.AppStore|Any CPU.ActiveCfg = Release|Any CPU
		{20FDA6ED-B68E-4610-807B-F358668F181E}.AppStore|Any CPU.Build.0 = Release|Any CPU
		{20FDA6ED-B68E-4610-807B-F358668F181E}.AppStore|Any CPU.Deploy.0 = Release|Any CPU
		{20FDA6ED-B68E-4610-807B-F358668F181E}.AppStore|ARM.ActiveCfg = Release|Any CPU
		{20FDA6ED-B68E-4610-807B-F358668F181E}.AppStore|ARM.Build.0 = Release|Any CPU
		{20FDA6ED-B68E-4610-807B-F358668F181E}.AppStore|ARM.Deploy.0 = Release|Any CPU
		{20FDA6ED-B68E-4610-807B-F358668F181E}.AppStore|iPhone.ActiveCfg = Release|Any CPU
		{20FDA6ED-B68E-4610-807B-F358668F181E}.AppStore|iPhone.Build.0 = Release|Any CPU
		{20FDA6ED-B68E-4610-807B-F358668F181E}.AppStore|iPhone.Deploy.0 = Release|Any CPU
		{20FDA6ED-B68E-4610-807B-F358668F181E}.AppStore|iPhoneSimulator.ActiveCfg = Release|Any CPU
		{20FDA6ED-B68E-4610-807B-F358668F181E}.AppStore|iPhoneSimulator.Build.0 = Release|Any CPU
		{20FDA6ED-B68E-4610-807B-F358668F181E}.AppStore|iPhoneSimulator.Deploy.0 = Release|Any CPU
		{20FDA6ED-B68E-4610-807B-F358668F181E}.AppStore|x64.ActiveCfg = Release|Any CPU
		{20FDA6ED-B68E-4610-807B-F358668F181E}.AppStore|x64.Build.0 = Release|Any CPU
		{20FDA6ED-B68E-4610-807B-F358668F181E}.AppStore|x64.Deploy.0 = Release|Any CPU
		{20FDA6ED-B68E-4610-807B-F358668F181E}.AppStore|x86.ActiveCfg = Release|Any CPU
		{20FDA6ED-B68E-4610-807B-F358668F181E}.AppStore|x86.Build.0 = Release|Any CPU
		{20FDA6ED-B68E-4610-807B-F358668F181E}.AppStore|x86.Deploy.0 = Release|Any CPU
		{20FDA6ED-B68E-4610-807B-F358668F181E}.Debug|Any CPU.ActiveCfg = Debug|Any CPU
		{20FDA6ED-B68E-4610-807B-F358668F181E}.Debug|Any CPU.Build.0 = Debug|Any CPU
		{20FDA6ED-B68E-4610-807B-F358668F181E}.Debug|Any CPU.Deploy.0 = Debug|Any CPU
		{20FDA6ED-B68E-4610-807B-F358668F181E}.Debug|ARM.ActiveCfg = Debug|Any CPU
		{20FDA6ED-B68E-4610-807B-F358668F181E}.Debug|ARM.Build.0 = Debug|Any CPU
		{20FDA6ED-B68E-4610-807B-F358668F181E}.Debug|ARM.Deploy.0 = Debug|Any CPU
		{20FDA6ED-B68E-4610-807B-F358668F181E}.Debug|iPhone.ActiveCfg = Debug|Any CPU
		{20FDA6ED-B68E-4610-807B-F358668F181E}.Debug|iPhone.Build.0 = Debug|Any CPU
		{20FDA6ED-B68E-4610-807B-F358668F181E}.Debug|iPhone.Deploy.0 = Debug|Any CPU
		{20FDA6ED-B68E-4610-807B-F358668F181E}.Debug|iPhoneSimulator.ActiveCfg = Debug|Any CPU
		{20FDA6ED-B68E-4610-807B-F358668F181E}.Debug|iPhoneSimulator.Build.0 = Debug|Any CPU
		{20FDA6ED-B68E-4610-807B-F358668F181E}.Debug|iPhoneSimulator.Deploy.0 = Debug|Any CPU
		{20FDA6ED-B68E-4610-807B-F358668F181E}.Debug|x64.ActiveCfg = Debug|Any CPU
		{20FDA6ED-B68E-4610-807B-F358668F181E}.Debug|x64.Build.0 = Debug|Any CPU
		{20FDA6ED-B68E-4610-807B-F358668F181E}.Debug|x64.Deploy.0 = Debug|Any CPU
		{20FDA6ED-B68E-4610-807B-F358668F181E}.Debug|x86.ActiveCfg = Debug|Any CPU
		{20FDA6ED-B68E-4610-807B-F358668F181E}.Debug|x86.Build.0 = Debug|Any CPU
		{20FDA6ED-B68E-4610-807B-F358668F181E}.Debug|x86.Deploy.0 = Debug|Any CPU
		{20FDA6ED-B68E-4610-807B-F358668F181E}.Release|Any CPU.ActiveCfg = Release|Any CPU
		{20FDA6ED-B68E-4610-807B-F358668F181E}.Release|Any CPU.Build.0 = Release|Any CPU
		{20FDA6ED-B68E-4610-807B-F358668F181E}.Release|Any CPU.Deploy.0 = Release|Any CPU
		{20FDA6ED-B68E-4610-807B-F358668F181E}.Release|ARM.ActiveCfg = Release|Any CPU
		{20FDA6ED-B68E-4610-807B-F358668F181E}.Release|ARM.Build.0 = Release|Any CPU
		{20FDA6ED-B68E-4610-807B-F358668F181E}.Release|ARM.Deploy.0 = Release|Any CPU
		{20FDA6ED-B68E-4610-807B-F358668F181E}.Release|iPhone.ActiveCfg = Release|Any CPU
		{20FDA6ED-B68E-4610-807B-F358668F181E}.Release|iPhone.Build.0 = Release|Any CPU
		{20FDA6ED-B68E-4610-807B-F358668F181E}.Release|iPhone.Deploy.0 = Release|Any CPU
		{20FDA6ED-B68E-4610-807B-F358668F181E}.Release|iPhoneSimulator.ActiveCfg = Release|Any CPU
		{20FDA6ED-B68E-4610-807B-F358668F181E}.Release|iPhoneSimulator.Build.0 = Release|Any CPU
		{20FDA6ED-B68E-4610-807B-F358668F181E}.Release|iPhoneSimulator.Deploy.0 = Release|Any CPU
		{20FDA6ED-B68E-4610-807B-F358668F181E}.Release|x64.ActiveCfg = Release|Any CPU
		{20FDA6ED-B68E-4610-807B-F358668F181E}.Release|x64.Build.0 = Release|Any CPU
		{20FDA6ED-B68E-4610-807B-F358668F181E}.Release|x64.Deploy.0 = Release|Any CPU
		{20FDA6ED-B68E-4610-807B-F358668F181E}.Release|x86.ActiveCfg = Release|Any CPU
		{20FDA6ED-B68E-4610-807B-F358668F181E}.Release|x86.Build.0 = Release|Any CPU
		{20FDA6ED-B68E-4610-807B-F358668F181E}.Release|x86.Deploy.0 = Release|Any CPU
		{B445DF73-AC9E-4276-9FBA-7CB5AD5D2518}.Ad-Hoc|Any CPU.ActiveCfg = Release|Any CPU
		{B445DF73-AC9E-4276-9FBA-7CB5AD5D2518}.Ad-Hoc|Any CPU.Build.0 = Release|Any CPU
		{B445DF73-AC9E-4276-9FBA-7CB5AD5D2518}.Ad-Hoc|ARM.ActiveCfg = Release|Any CPU
		{B445DF73-AC9E-4276-9FBA-7CB5AD5D2518}.Ad-Hoc|ARM.Build.0 = Release|Any CPU
		{B445DF73-AC9E-4276-9FBA-7CB5AD5D2518}.Ad-Hoc|iPhone.ActiveCfg = Release|Any CPU
		{B445DF73-AC9E-4276-9FBA-7CB5AD5D2518}.Ad-Hoc|iPhone.Build.0 = Release|Any CPU
		{B445DF73-AC9E-4276-9FBA-7CB5AD5D2518}.Ad-Hoc|iPhoneSimulator.ActiveCfg = Release|Any CPU
		{B445DF73-AC9E-4276-9FBA-7CB5AD5D2518}.Ad-Hoc|iPhoneSimulator.Build.0 = Release|Any CPU
		{B445DF73-AC9E-4276-9FBA-7CB5AD5D2518}.Ad-Hoc|x64.ActiveCfg = Release|Any CPU
		{B445DF73-AC9E-4276-9FBA-7CB5AD5D2518}.Ad-Hoc|x64.Build.0 = Release|Any CPU
		{B445DF73-AC9E-4276-9FBA-7CB5AD5D2518}.Ad-Hoc|x86.ActiveCfg = Release|Any CPU
		{B445DF73-AC9E-4276-9FBA-7CB5AD5D2518}.Ad-Hoc|x86.Build.0 = Release|Any CPU
		{B445DF73-AC9E-4276-9FBA-7CB5AD5D2518}.AppStore|Any CPU.ActiveCfg = Release|Any CPU
		{B445DF73-AC9E-4276-9FBA-7CB5AD5D2518}.AppStore|Any CPU.Build.0 = Release|Any CPU
		{B445DF73-AC9E-4276-9FBA-7CB5AD5D2518}.AppStore|ARM.ActiveCfg = Release|Any CPU
		{B445DF73-AC9E-4276-9FBA-7CB5AD5D2518}.AppStore|ARM.Build.0 = Release|Any CPU
		{B445DF73-AC9E-4276-9FBA-7CB5AD5D2518}.AppStore|iPhone.ActiveCfg = Release|Any CPU
		{B445DF73-AC9E-4276-9FBA-7CB5AD5D2518}.AppStore|iPhone.Build.0 = Release|Any CPU
		{B445DF73-AC9E-4276-9FBA-7CB5AD5D2518}.AppStore|iPhoneSimulator.ActiveCfg = Release|Any CPU
		{B445DF73-AC9E-4276-9FBA-7CB5AD5D2518}.AppStore|iPhoneSimulator.Build.0 = Release|Any CPU
		{B445DF73-AC9E-4276-9FBA-7CB5AD5D2518}.AppStore|x64.ActiveCfg = Release|Any CPU
		{B445DF73-AC9E-4276-9FBA-7CB5AD5D2518}.AppStore|x64.Build.0 = Release|Any CPU
		{B445DF73-AC9E-4276-9FBA-7CB5AD5D2518}.AppStore|x86.ActiveCfg = Release|Any CPU
		{B445DF73-AC9E-4276-9FBA-7CB5AD5D2518}.AppStore|x86.Build.0 = Release|Any CPU
		{B445DF73-AC9E-4276-9FBA-7CB5AD5D2518}.Debug|Any CPU.ActiveCfg = Debug|Any CPU
		{B445DF73-AC9E-4276-9FBA-7CB5AD5D2518}.Debug|Any CPU.Build.0 = Debug|Any CPU
		{B445DF73-AC9E-4276-9FBA-7CB5AD5D2518}.Debug|ARM.ActiveCfg = Debug|Any CPU
		{B445DF73-AC9E-4276-9FBA-7CB5AD5D2518}.Debug|ARM.Build.0 = Debug|Any CPU
		{B445DF73-AC9E-4276-9FBA-7CB5AD5D2518}.Debug|iPhone.ActiveCfg = Debug|Any CPU
		{B445DF73-AC9E-4276-9FBA-7CB5AD5D2518}.Debug|iPhone.Build.0 = Debug|Any CPU
		{B445DF73-AC9E-4276-9FBA-7CB5AD5D2518}.Debug|iPhoneSimulator.ActiveCfg = Debug|Any CPU
		{B445DF73-AC9E-4276-9FBA-7CB5AD5D2518}.Debug|iPhoneSimulator.Build.0 = Debug|Any CPU
		{B445DF73-AC9E-4276-9FBA-7CB5AD5D2518}.Debug|x64.ActiveCfg = Debug|Any CPU
		{B445DF73-AC9E-4276-9FBA-7CB5AD5D2518}.Debug|x64.Build.0 = Debug|Any CPU
		{B445DF73-AC9E-4276-9FBA-7CB5AD5D2518}.Debug|x86.ActiveCfg = Debug|Any CPU
		{B445DF73-AC9E-4276-9FBA-7CB5AD5D2518}.Debug|x86.Build.0 = Debug|Any CPU
		{B445DF73-AC9E-4276-9FBA-7CB5AD5D2518}.Release|Any CPU.ActiveCfg = Release|Any CPU
		{B445DF73-AC9E-4276-9FBA-7CB5AD5D2518}.Release|Any CPU.Build.0 = Release|Any CPU
		{B445DF73-AC9E-4276-9FBA-7CB5AD5D2518}.Release|ARM.ActiveCfg = Release|Any CPU
		{B445DF73-AC9E-4276-9FBA-7CB5AD5D2518}.Release|ARM.Build.0 = Release|Any CPU
		{B445DF73-AC9E-4276-9FBA-7CB5AD5D2518}.Release|iPhone.ActiveCfg = Release|Any CPU
		{B445DF73-AC9E-4276-9FBA-7CB5AD5D2518}.Release|iPhone.Build.0 = Release|Any CPU
		{B445DF73-AC9E-4276-9FBA-7CB5AD5D2518}.Release|iPhoneSimulator.ActiveCfg = Release|Any CPU
		{B445DF73-AC9E-4276-9FBA-7CB5AD5D2518}.Release|iPhoneSimulator.Build.0 = Release|Any CPU
		{B445DF73-AC9E-4276-9FBA-7CB5AD5D2518}.Release|x64.ActiveCfg = Release|Any CPU
		{B445DF73-AC9E-4276-9FBA-7CB5AD5D2518}.Release|x64.Build.0 = Release|Any CPU
		{B445DF73-AC9E-4276-9FBA-7CB5AD5D2518}.Release|x86.ActiveCfg = Release|Any CPU
		{B445DF73-AC9E-4276-9FBA-7CB5AD5D2518}.Release|x86.Build.0 = Release|Any CPU
	EndGlobalSection
	GlobalSection(SolutionProperties) = preSolution
		HideSolutionNode = FALSE
	EndGlobalSection
	GlobalSection(ExtensibilityGlobals) = postSolution
		SolutionGuid = {F6D05029-56B8-4E45-AF2D-0E76295DDBA2}
	EndGlobalSection
EndGlobal
