
Microsoft Visual Studio Solution File, Format Version 12.00
# Visual Studio 15
VisualStudioVersion = 15.0.26730.10
MinimumVisualStudioVersion = 10.0.40219.1

Project("{D954291E-2A0B-460D-934E-DC6B0785DB48}") = "Mapsui.Samples.Forms", "Mapsui.Samples.Forms\Mapsui.Samples.Forms\Mapsui.Samples.Forms.shproj", "{D06F60EB-6A5D-46A2-9A36-10421641823F}"
EndProject


Project("{FAE04EC0-301F-11D3-BF4B-00C04F79EFBC}") = "Mapsui.Samples.Forms.iOS", "Mapsui.Samples.Forms\Mapsui.Samples.Forms.iOS\Mapsui.Samples.Forms.iOS.csproj", "{AEE711E8-E7E9-4D2C-B5D5-7C61ABD3C5C6}"
EndProject


Project("{FAE04EC0-301F-11D3-BF4B-00C04F79EFBC}") = "Mapsui.Samples.Forms.Android", "Mapsui.Samples.Forms\Mapsui.Samples.Forms.Android\Mapsui.Samples.Forms.Android.csproj", "{FE512AE7-C448-4CDD-888A-5F89827B1F8F}"
EndProject

Project("{FAE04EC0-301F-11D3-BF4B-00C04F79EFBC}") = "Mapsui.Samples.Forms.UWP", "Mapsui.Samples.Forms\Mapsui.Samples.Forms.UWP\Mapsui.Samples.Forms.UWP.csproj", "{CE902507-A162-4C2F-9545-A6BEB0DE3317}"
EndProject

Global
	GlobalSection(SolutionConfigurationPlatforms) = preSolution
		Ad-Hoc|Any CPU = Ad-Hoc|Any CPU
		Ad-Hoc|ARM = Ad-Hoc|ARM
		Ad-Hoc|iPhone = Ad-Hoc|iPhone
		Ad-Hoc|iPhoneSimulator = Ad-Hoc|iPhoneSimulator
		Ad-Hoc|x64 = Ad-Hoc|x64
		Ad-Hoc|x86 = Ad-Hoc|x86
		AppStore|Any CPU = AppStore|Any CPU
		AppStore|ARM = AppStore|ARM
		AppStore|iPhone = AppStore|iPhone
		AppStore|iPhoneSimulator = AppStore|iPhoneSimulator
		AppStore|x64 = AppStore|x64
		AppStore|x86 = AppStore|x86
		Debug|Any CPU = Debug|Any CPU
		Debug|ARM = Debug|ARM
		Debug|iPhone = Debug|iPhone
		Debug|iPhoneSimulator = Debug|iPhoneSimulator
		Debug|x64 = Debug|x64
		Debug|x86 = Debug|x86
		Release|Any CPU = Release|Any CPU
		Release|ARM = Release|ARM
		Release|iPhone = Release|iPhone
		Release|iPhoneSimulator = Release|iPhoneSimulator
		Release|x64 = Release|x64
		Release|x86 = Release|x86
	EndGlobalSection
	GlobalSection(ProjectConfigurationPlatforms) = postSolution
		{C6F3C39E-0947-4388-BB52-710E8ECE8E13}.Ad-Hoc|Any CPU.ActiveCfg = Debug|Any CPU
		{C6F3C39E-0947-4388-BB52-710E8ECE8E13}.Ad-Hoc|Any CPU.Build.0 = Debug|Any CPU
		{C6F3C39E-0947-4388-BB52-710E8ECE8E13}.Ad-Hoc|ARM.ActiveCfg = Debug|Any CPU
		{C6F3C39E-0947-4388-BB52-710E8ECE8E13}.Ad-Hoc|ARM.Build.0 = Debug|Any CPU
		{C6F3C39E-0947-4388-BB52-710E8ECE8E13}.Ad-Hoc|iPhone.ActiveCfg = Debug|Any CPU
		{C6F3C39E-0947-4388-BB52-710E8ECE8E13}.Ad-Hoc|iPhone.Build.0 = Debug|Any CPU
		{C6F3C39E-0947-4388-BB52-710E8ECE8E13}.Ad-Hoc|iPhoneSimulator.ActiveCfg = Debug|Any CPU
		{C6F3C39E-0947-4388-BB52-710E8ECE8E13}.Ad-Hoc|iPhoneSimulator.Build.0 = Debug|Any CPU
		{C6F3C39E-0947-4388-BB52-710E8ECE8E13}.Ad-Hoc|x64.ActiveCfg = Debug|Any CPU
		{C6F3C39E-0947-4388-BB52-710E8ECE8E13}.Ad-Hoc|x64.Build.0 = Debug|Any CPU
		{C6F3C39E-0947-4388-BB52-710E8ECE8E13}.Ad-Hoc|x86.ActiveCfg = Debug|Any CPU
		{C6F3C39E-0947-4388-BB52-710E8ECE8E13}.Ad-Hoc|x86.Build.0 = Debug|Any CPU
		{C6F3C39E-0947-4388-BB52-710E8ECE8E13}.AppStore|Any CPU.ActiveCfg = Debug|Any CPU
		{C6F3C39E-0947-4388-BB52-710E8ECE8E13}.AppStore|Any CPU.Build.0 = Debug|Any CPU
		{C6F3C39E-0947-4388-BB52-710E8ECE8E13}.AppStore|ARM.ActiveCfg = Debug|Any CPU
		{C6F3C39E-0947-4388-BB52-710E8ECE8E13}.AppStore|ARM.Build.0 = Debug|Any CPU
		{C6F3C39E-0947-4388-BB52-710E8ECE8E13}.AppStore|iPhone.ActiveCfg = Debug|Any CPU
		{C6F3C39E-0947-4388-BB52-710E8ECE8E13}.AppStore|iPhone.Build.0 = Debug|Any CPU
		{C6F3C39E-0947-4388-BB52-710E8ECE8E13}.AppStore|iPhoneSimulator.ActiveCfg = Debug|Any CPU
		{C6F3C39E-0947-4388-BB52-710E8ECE8E13}.AppStore|iPhoneSimulator.Build.0 = Debug|Any CPU
		{C6F3C39E-0947-4388-BB52-710E8ECE8E13}.AppStore|x64.ActiveCfg = Debug|Any CPU
		{C6F3C39E-0947-4388-BB52-710E8ECE8E13}.AppStore|x64.Build.0 = Debug|Any CPU
		{C6F3C39E-0947-4388-BB52-710E8ECE8E13}.AppStore|x86.ActiveCfg = Debug|Any CPU
		{C6F3C39E-0947-4388-BB52-710E8ECE8E13}.AppStore|x86.Build.0 = Debug|Any CPU
		{C6F3C39E-0947-4388-BB52-710E8ECE8E13}.Debug|Any CPU.ActiveCfg = Debug|Any CPU
		{C6F3C39E-0947-4388-BB52-710E8ECE8E13}.Debug|Any CPU.Build.0 = Debug|Any CPU
		{C6F3C39E-0947-4388-BB52-710E8ECE8E13}.Debug|ARM.ActiveCfg = Debug|Any CPU
		{C6F3C39E-0947-4388-BB52-710E8ECE8E13}.Debug|ARM.Build.0 = Debug|Any CPU
		{C6F3C39E-0947-4388-BB52-710E8ECE8E13}.Debug|iPhone.ActiveCfg = Debug|Any CPU
		{C6F3C39E-0947-4388-BB52-710E8ECE8E13}.Debug|iPhone.Build.0 = Debug|Any CPU
		{C6F3C39E-0947-4388-BB52-710E8ECE8E13}.Debug|iPhoneSimulator.ActiveCfg = Debug|Any CPU
		{C6F3C39E-0947-4388-BB52-710E8ECE8E13}.Debug|iPhoneSimulator.Build.0 = Debug|Any CPU
		{C6F3C39E-0947-4388-BB52-710E8ECE8E13}.Debug|x64.ActiveCfg = Debug|Any CPU
		{C6F3C39E-0947-4388-BB52-710E8ECE8E13}.Debug|x64.Build.0 = Debug|Any CPU
		{C6F3C39E-0947-4388-BB52-710E8ECE8E13}.Debug|x86.ActiveCfg = Debug|Any CPU
		{C6F3C39E-0947-4388-BB52-710E8ECE8E13}.Debug|x86.Build.0 = Debug|Any CPU
		{C6F3C39E-0947-4388-BB52-710E8ECE8E13}.Release|Any CPU.ActiveCfg = Release|Any CPU
		{C6F3C39E-0947-4388-BB52-710E8ECE8E13}.Release|Any CPU.Build.0 = Release|Any CPU
		{C6F3C39E-0947-4388-BB52-710E8ECE8E13}.Release|ARM.ActiveCfg = Release|Any CPU
		{C6F3C39E-0947-4388-BB52-710E8ECE8E13}.Release|ARM.Build.0 = Release|Any CPU
		{C6F3C39E-0947-4388-BB52-710E8ECE8E13}.Release|iPhone.ActiveCfg = Release|Any CPU
		{C6F3C39E-0947-4388-BB52-710E8ECE8E13}.Release|iPhone.Build.0 = Release|Any CPU
		{C6F3C39E-0947-4388-BB52-710E8ECE8E13}.Release|iPhoneSimulator.ActiveCfg = Release|Any CPU
		{C6F3C39E-0947-4388-BB52-710E8ECE8E13}.Release|iPhoneSimulator.Build.0 = Release|Any CPU
		{C6F3C39E-0947-4388-BB52-710E8ECE8E13}.Release|x64.ActiveCfg = Release|Any CPU
		{C6F3C39E-0947-4388-BB52-710E8ECE8E13}.Release|x64.Build.0 = Release|Any CPU
		{C6F3C39E-0947-4388-BB52-710E8ECE8E13}.Release|x86.ActiveCfg = Release|Any CPU
		{C6F3C39E-0947-4388-BB52-710E8ECE8E13}.Release|x86.Build.0 = Release|Any CPU
		{AEE711E8-E7E9-4D2C-B5D5-7C61ABD3C5C6}.Ad-Hoc|Any CPU.ActiveCfg = Ad-Hoc|iPhone
		{AEE711E8-E7E9-4D2C-B5D5-7C61ABD3C5C6}.Ad-Hoc|ARM.ActiveCfg = Ad-Hoc|iPhone
		{AEE711E8-E7E9-4D2C-B5D5-7C61ABD3C5C6}.Ad-Hoc|iPhone.ActiveCfg = Ad-Hoc|iPhone
		{AEE711E8-E7E9-4D2C-B5D5-7C61ABD3C5C6}.Ad-Hoc|iPhone.Build.0 = Ad-Hoc|iPhone
		{AEE711E8-E7E9-4D2C-B5D5-7C61ABD3C5C6}.Ad-Hoc|iPhoneSimulator.ActiveCfg = Ad-Hoc|iPhoneSimulator
		{AEE711E8-E7E9-4D2C-B5D5-7C61ABD3C5C6}.Ad-Hoc|iPhoneSimulator.Build.0 = Ad-Hoc|iPhoneSimulator
		{AEE711E8-E7E9-4D2C-B5D5-7C61ABD3C5C6}.Ad-Hoc|x64.ActiveCfg = Ad-Hoc|iPhone
		{AEE711E8-E7E9-4D2C-B5D5-7C61ABD3C5C6}.Ad-Hoc|x86.ActiveCfg = Ad-Hoc|iPhone
		{AEE711E8-E7E9-4D2C-B5D5-7C61ABD3C5C6}.AppStore|Any CPU.ActiveCfg = AppStore|iPhone
		{AEE711E8-E7E9-4D2C-B5D5-7C61ABD3C5C6}.AppStore|ARM.ActiveCfg = AppStore|iPhone
		{AEE711E8-E7E9-4D2C-B5D5-7C61ABD3C5C6}.AppStore|iPhone.ActiveCfg = AppStore|iPhone
		{AEE711E8-E7E9-4D2C-B5D5-7C61ABD3C5C6}.AppStore|iPhone.Build.0 = AppStore|iPhone
		{AEE711E8-E7E9-4D2C-B5D5-7C61ABD3C5C6}.AppStore|iPhoneSimulator.ActiveCfg = AppStore|iPhoneSimulator
		{AEE711E8-E7E9-4D2C-B5D5-7C61ABD3C5C6}.AppStore|iPhoneSimulator.Build.0 = AppStore|iPhoneSimulator
		{AEE711E8-E7E9-4D2C-B5D5-7C61ABD3C5C6}.AppStore|x64.ActiveCfg = AppStore|iPhone
		{AEE711E8-E7E9-4D2C-B5D5-7C61ABD3C5C6}.AppStore|x86.ActiveCfg = AppStore|iPhone
		{AEE711E8-E7E9-4D2C-B5D5-7C61ABD3C5C6}.Debug|Any CPU.ActiveCfg = Debug|iPhone
		{AEE711E8-E7E9-4D2C-B5D5-7C61ABD3C5C6}.Debug|ARM.ActiveCfg = Debug|iPhone
		{AEE711E8-E7E9-4D2C-B5D5-7C61ABD3C5C6}.Debug|iPhone.ActiveCfg = Debug|iPhone
		{AEE711E8-E7E9-4D2C-B5D5-7C61ABD3C5C6}.Debug|iPhone.Build.0 = Debug|iPhone
		{AEE711E8-E7E9-4D2C-B5D5-7C61ABD3C5C6}.Debug|iPhoneSimulator.ActiveCfg = Debug|iPhoneSimulator
		{AEE711E8-E7E9-4D2C-B5D5-7C61ABD3C5C6}.Debug|iPhoneSimulator.Build.0 = Debug|iPhoneSimulator
		{AEE711E8-E7E9-4D2C-B5D5-7C61ABD3C5C6}.Debug|x64.ActiveCfg = Debug|iPhone
		{AEE711E8-E7E9-4D2C-B5D5-7C61ABD3C5C6}.Debug|x86.ActiveCfg = Debug|iPhone
		{AEE711E8-E7E9-4D2C-B5D5-7C61ABD3C5C6}.Release|Any CPU.ActiveCfg = Release|iPhone
		{AEE711E8-E7E9-4D2C-B5D5-7C61ABD3C5C6}.Release|ARM.ActiveCfg = Release|iPhone
		{AEE711E8-E7E9-4D2C-B5D5-7C61ABD3C5C6}.Release|iPhone.ActiveCfg = Release|iPhone
		{AEE711E8-E7E9-4D2C-B5D5-7C61ABD3C5C6}.Release|iPhone.Build.0 = Release|iPhone
		{AEE711E8-E7E9-4D2C-B5D5-7C61ABD3C5C6}.Release|iPhoneSimulator.ActiveCfg = Release|iPhoneSimulator
		{AEE711E8-E7E9-4D2C-B5D5-7C61ABD3C5C6}.Release|iPhoneSimulator.Build.0 = Release|iPhoneSimulator
		{AEE711E8-E7E9-4D2C-B5D5-7C61ABD3C5C6}.Release|x64.ActiveCfg = Release|iPhone
		{AEE711E8-E7E9-4D2C-B5D5-7C61ABD3C5C6}.Release|x86.ActiveCfg = Release|iPhone
		{CE902507-A162-4C2F-9545-A6BEB0DE3317}.Ad-Hoc|Any CPU.ActiveCfg = Release|x86
		{CE902507-A162-4C2F-9545-A6BEB0DE3317}.Ad-Hoc|Any CPU.Build.0 = Release|x86
		{CE902507-A162-4C2F-9545-A6BEB0DE3317}.Ad-Hoc|Any CPU.Deploy.0 = Release|x86
		{CE902507-A162-4C2F-9545-A6BEB0DE3317}.Ad-Hoc|ARM.ActiveCfg = Release|ARM
		{CE902507-A162-4C2F-9545-A6BEB0DE3317}.Ad-Hoc|ARM.Build.0 = Release|ARM
		{CE902507-A162-4C2F-9545-A6BEB0DE3317}.Ad-Hoc|ARM.Deploy.0 = Release|ARM
		{CE902507-A162-4C2F-9545-A6BEB0DE3317}.Ad-Hoc|iPhone.ActiveCfg = Release|x86
		{CE902507-A162-4C2F-9545-A6BEB0DE3317}.Ad-Hoc|iPhone.Build.0 = Release|x86
		{CE902507-A162-4C2F-9545-A6BEB0DE3317}.Ad-Hoc|iPhone.Deploy.0 = Release|x86
		{CE902507-A162-4C2F-9545-A6BEB0DE3317}.Ad-Hoc|iPhoneSimulator.ActiveCfg = Release|x86
		{CE902507-A162-4C2F-9545-A6BEB0DE3317}.Ad-Hoc|iPhoneSimulator.Build.0 = Release|x86
		{CE902507-A162-4C2F-9545-A6BEB0DE3317}.Ad-Hoc|iPhoneSimulator.Deploy.0 = Release|x86
		{CE902507-A162-4C2F-9545-A6BEB0DE3317}.Ad-Hoc|x64.ActiveCfg = Release|x64
		{CE902507-A162-4C2F-9545-A6BEB0DE3317}.Ad-Hoc|x64.Build.0 = Release|x64
		{CE902507-A162-4C2F-9545-A6BEB0DE3317}.Ad-Hoc|x64.Deploy.0 = Release|x64
		{CE902507-A162-4C2F-9545-A6BEB0DE3317}.Ad-Hoc|x86.ActiveCfg = Release|x86
		{CE902507-A162-4C2F-9545-A6BEB0DE3317}.Ad-Hoc|x86.Build.0 = Release|x86
		{CE902507-A162-4C2F-9545-A6BEB0DE3317}.Ad-Hoc|x86.Deploy.0 = Release|x86
		{CE902507-A162-4C2F-9545-A6BEB0DE3317}.AppStore|Any CPU.ActiveCfg = Release|x86
		{CE902507-A162-4C2F-9545-A6BEB0DE3317}.AppStore|Any CPU.Build.0 = Release|x86
		{CE902507-A162-4C2F-9545-A6BEB0DE3317}.AppStore|Any CPU.Deploy.0 = Release|x86
		{CE902507-A162-4C2F-9545-A6BEB0DE3317}.AppStore|ARM.ActiveCfg = Release|ARM
		{CE902507-A162-4C2F-9545-A6BEB0DE3317}.AppStore|ARM.Build.0 = Release|ARM
		{CE902507-A162-4C2F-9545-A6BEB0DE3317}.AppStore|ARM.Deploy.0 = Release|ARM
		{CE902507-A162-4C2F-9545-A6BEB0DE3317}.AppStore|iPhone.ActiveCfg = Release|x86
		{CE902507-A162-4C2F-9545-A6BEB0DE3317}.AppStore|iPhone.Build.0 = Release|x86
		{CE902507-A162-4C2F-9545-A6BEB0DE3317}.AppStore|iPhone.Deploy.0 = Release|x86
		{CE902507-A162-4C2F-9545-A6BEB0DE3317}.AppStore|iPhoneSimulator.ActiveCfg = Release|x86
		{CE902507-A162-4C2F-9545-A6BEB0DE3317}.AppStore|iPhoneSimulator.Build.0 = Release|x86
		{CE902507-A162-4C2F-9545-A6BEB0DE3317}.AppStore|iPhoneSimulator.Deploy.0 = Release|x86
		{CE902507-A162-4C2F-9545-A6BEB0DE3317}.AppStore|x64.ActiveCfg = Release|x64
		{CE902507-A162-4C2F-9545-A6BEB0DE3317}.AppStore|x64.Build.0 = Release|x64
		{CE902507-A162-4C2F-9545-A6BEB0DE3317}.AppStore|x64.Deploy.0 = Release|x64
		{CE902507-A162-4C2F-9545-A6BEB0DE3317}.AppStore|x86.ActiveCfg = Release|x86
		{CE902507-A162-4C2F-9545-A6BEB0DE3317}.AppStore|x86.Build.0 = Release|x86
		{CE902507-A162-4C2F-9545-A6BEB0DE3317}.AppStore|x86.Deploy.0 = Release|x86
		{CE902507-A162-4C2F-9545-A6BEB0DE3317}.Debug|Any CPU.ActiveCfg = Debug|x86
		{CE902507-A162-4C2F-9545-A6BEB0DE3317}.Debug|ARM.ActiveCfg = Debug|ARM
		{CE902507-A162-4C2F-9545-A6BEB0DE3317}.Debug|ARM.Build.0 = Debug|ARM
		{CE902507-A162-4C2F-9545-A6BEB0DE3317}.Debug|ARM.Deploy.0 = Debug|ARM
		{CE902507-A162-4C2F-9545-A6BEB0DE3317}.Debug|iPhone.ActiveCfg = Debug|x86
		{CE902507-A162-4C2F-9545-A6BEB0DE3317}.Debug|iPhoneSimulator.ActiveCfg = Debug|x86
		{CE902507-A162-4C2F-9545-A6BEB0DE3317}.Debug|x64.ActiveCfg = Debug|x64
		{CE902507-A162-4C2F-9545-A6BEB0DE3317}.Debug|x64.Build.0 = Debug|x64
		{CE902507-A162-4C2F-9545-A6BEB0DE3317}.Debug|x64.Deploy.0 = Debug|x64
		{CE902507-A162-4C2F-9545-A6BEB0DE3317}.Debug|x86.ActiveCfg = Debug|x86
		{CE902507-A162-4C2F-9545-A6BEB0DE3317}.Debug|x86.Build.0 = Debug|x86
		{CE902507-A162-4C2F-9545-A6BEB0DE3317}.Debug|x86.Deploy.0 = Debug|x86
		{CE902507-A162-4C2F-9545-A6BEB0DE3317}.Release|Any CPU.ActiveCfg = Release|x86
		{CE902507-A162-4C2F-9545-A6BEB0DE3317}.Release|ARM.ActiveCfg = Release|ARM
		{CE902507-A162-4C2F-9545-A6BEB0DE3317}.Release|ARM.Build.0 = Release|ARM
		{CE902507-A162-4C2F-9545-A6BEB0DE3317}.Release|ARM.Deploy.0 = Release|ARM
		{CE902507-A162-4C2F-9545-A6BEB0DE3317}.Release|iPhone.ActiveCfg = Release|x86
		{CE902507-A162-4C2F-9545-A6BEB0DE3317}.Release|iPhoneSimulator.ActiveCfg = Release|x86
		{CE902507-A162-4C2F-9545-A6BEB0DE3317}.Release|x64.ActiveCfg = Release|x64
		{CE902507-A162-4C2F-9545-A6BEB0DE3317}.Release|x64.Build.0 = Release|x64
		{CE902507-A162-4C2F-9545-A6BEB0DE3317}.Release|x64.Deploy.0 = Release|x64
		{CE902507-A162-4C2F-9545-A6BEB0DE3317}.Release|x86.ActiveCfg = Release|x86
		{CE902507-A162-4C2F-9545-A6BEB0DE3317}.Release|x86.Build.0 = Release|x86
		{CE902507-A162-4C2F-9545-A6BEB0DE3317}.Release|x86.Deploy.0 = Release|x86
		{20FDA6ED-B68E-4610-807B-F358668F181E}.Ad-Hoc|Any CPU.ActiveCfg = Release|Any CPU
		{20FDA6ED-B68E-4610-807B-F358668F181E}.Ad-Hoc|Any CPU.Build.0 = Release|Any CPU
		{20FDA6ED-B68E-4610-807B-F358668F181E}.Ad-Hoc|Any CPU.Deploy.0 = Release|Any CPU
		{20FDA6ED-B68E-4610-807B-F358668F181E}.Ad-Hoc|ARM.ActiveCfg = Release|Any CPU
		{20FDA6ED-B68E-4610-807B-F358668F181E}.Ad-Hoc|ARM.Build.0 = Release|Any CPU
		{20FDA6ED-B68E-4610-807B-F358668F181E}.Ad-Hoc|ARM.Deploy.0 = Release|Any CPU
		{20FDA6ED-B68E-4610-807B-F358668F181E}.Ad-Hoc|iPhone.ActiveCfg = Release|Any CPU
		{20FDA6ED-B68E-4610-807B-F358668F181E}.Ad-Hoc|iPhone.Build.0 = Release|Any CPU
		{20FDA6ED-B68E-4610-807B-F358668F181E}.Ad-Hoc|iPhone.Deploy.0 = Release|Any CPU
		{20FDA6ED-B68E-4610-807B-F358668F181E}.Ad-Hoc|iPhoneSimulator.ActiveCfg = Release|Any CPU
		{20FDA6ED-B68E-4610-807B-F358668F181E}.Ad-Hoc|iPhoneSimulator.Build.0 = Release|Any CPU
		{20FDA6ED-B68E-4610-807B-F358668F181E}.Ad-Hoc|iPhoneSimulator.Deploy.0 = Release|Any CPU
		{20FDA6ED-B68E-4610-807B-F358668F181E}.Ad-Hoc|x64.ActiveCfg = Release|Any CPU
		{20FDA6ED-B68E-4610-807B-F358668F181E}.Ad-Hoc|x64.Build.0 = Release|Any CPU
		{20FDA6ED-B68E-4610-807B-F358668F181E}.Ad-Hoc|x64.Deploy.0 = Release|Any CPU
		{20FDA6ED-B68E-4610-807B-F358668F181E}.Ad-Hoc|x86.ActiveCfg = Release|Any CPU
		{20FDA6ED-B68E-4610-807B-F358668F181E}.Ad-Hoc|x86.Build.0 = Release|Any CPU
		{20FDA6ED-B68E-4610-807B-F358668F181E}.Ad-Hoc|x86.Deploy.0 = Release|Any CPU
		{20FDA6ED-B68E-4610-807B-F358668F181E}.AppStore|Any CPU.ActiveCfg = Release|Any CPU
		{20FDA6ED-B68E-4610-807B-F358668F181E}.AppStore|Any CPU.Build.0 = Release|Any CPU
		{20FDA6ED-B68E-4610-807B-F358668F181E}.AppStore|Any CPU.Deploy.0 = Release|Any CPU
		{20FDA6ED-B68E-4610-807B-F358668F181E}.AppStore|ARM.ActiveCfg = Release|Any CPU
		{20FDA6ED-B68E-4610-807B-F358668F181E}.AppStore|ARM.Build.0 = Release|Any CPU
		{20FDA6ED-B68E-4610-807B-F358668F181E}.AppStore|ARM.Deploy.0 = Release|Any CPU
		{20FDA6ED-B68E-4610-807B-F358668F181E}.AppStore|iPhone.ActiveCfg = Release|Any CPU
		{20FDA6ED-B68E-4610-807B-F358668F181E}.AppStore|iPhone.Build.0 = Release|Any CPU
		{20FDA6ED-B68E-4610-807B-F358668F181E}.AppStore|iPhone.Deploy.0 = Release|Any CPU
		{20FDA6ED-B68E-4610-807B-F358668F181E}.AppStore|iPhoneSimulator.ActiveCfg = Release|Any CPU
		{20FDA6ED-B68E-4610-807B-F358668F181E}.AppStore|iPhoneSimulator.Build.0 = Release|Any CPU
		{20FDA6ED-B68E-4610-807B-F358668F181E}.AppStore|iPhoneSimulator.Deploy.0 = Release|Any CPU
		{20FDA6ED-B68E-4610-807B-F358668F181E}.AppStore|x64.ActiveCfg = Release|Any CPU
		{20FDA6ED-B68E-4610-807B-F358668F181E}.AppStore|x64.Build.0 = Release|Any CPU
		{20FDA6ED-B68E-4610-807B-F358668F181E}.AppStore|x64.Deploy.0 = Release|Any CPU
		{20FDA6ED-B68E-4610-807B-F358668F181E}.AppStore|x86.ActiveCfg = Release|Any CPU
		{20FDA6ED-B68E-4610-807B-F358668F181E}.AppStore|x86.Build.0 = Release|Any CPU
		{20FDA6ED-B68E-4610-807B-F358668F181E}.AppStore|x86.Deploy.0 = Release|Any CPU
		{20FDA6ED-B68E-4610-807B-F358668F181E}.Debug|Any CPU.ActiveCfg = Debug|Any CPU
		{20FDA6ED-B68E-4610-807B-F358668F181E}.Debug|Any CPU.Build.0 = Debug|Any CPU
		{20FDA6ED-B68E-4610-807B-F358668F181E}.Debug|Any CPU.Deploy.0 = Debug|Any CPU
		{20FDA6ED-B68E-4610-807B-F358668F181E}.Debug|ARM.ActiveCfg = Debug|Any CPU
		{20FDA6ED-B68E-4610-807B-F358668F181E}.Debug|ARM.Build.0 = Debug|Any CPU
		{20FDA6ED-B68E-4610-807B-F358668F181E}.Debug|ARM.Deploy.0 = Debug|Any CPU
		{20FDA6ED-B68E-4610-807B-F358668F181E}.Debug|iPhone.ActiveCfg = Debug|Any CPU
		{20FDA6ED-B68E-4610-807B-F358668F181E}.Debug|iPhone.Build.0 = Debug|Any CPU
		{20FDA6ED-B68E-4610-807B-F358668F181E}.Debug|iPhone.Deploy.0 = Debug|Any CPU
		{20FDA6ED-B68E-4610-807B-F358668F181E}.Debug|iPhoneSimulator.ActiveCfg = Debug|Any CPU
		{20FDA6ED-B68E-4610-807B-F358668F181E}.Debug|iPhoneSimulator.Build.0 = Debug|Any CPU
		{20FDA6ED-B68E-4610-807B-F358668F181E}.Debug|iPhoneSimulator.Deploy.0 = Debug|Any CPU
		{20FDA6ED-B68E-4610-807B-F358668F181E}.Debug|x64.ActiveCfg = Debug|Any CPU
		{20FDA6ED-B68E-4610-807B-F358668F181E}.Debug|x64.Build.0 = Debug|Any CPU
		{20FDA6ED-B68E-4610-807B-F358668F181E}.Debug|x64.Deploy.0 = Debug|Any CPU
		{20FDA6ED-B68E-4610-807B-F358668F181E}.Debug|x86.ActiveCfg = Debug|Any CPU
		{20FDA6ED-B68E-4610-807B-F358668F181E}.Debug|x86.Build.0 = Debug|Any CPU
		{20FDA6ED-B68E-4610-807B-F358668F181E}.Debug|x86.Deploy.0 = Debug|Any CPU
		{20FDA6ED-B68E-4610-807B-F358668F181E}.Release|Any CPU.ActiveCfg = Release|Any CPU
		{20FDA6ED-B68E-4610-807B-F358668F181E}.Release|Any CPU.Build.0 = Release|Any CPU
		{20FDA6ED-B68E-4610-807B-F358668F181E}.Release|Any CPU.Deploy.0 = Release|Any CPU
		{20FDA6ED-B68E-4610-807B-F358668F181E}.Release|ARM.ActiveCfg = Release|Any CPU
		{20FDA6ED-B68E-4610-807B-F358668F181E}.Release|ARM.Build.0 = Release|Any CPU
		{20FDA6ED-B68E-4610-807B-F358668F181E}.Release|ARM.Deploy.0 = Release|Any CPU
		{20FDA6ED-B68E-4610-807B-F358668F181E}.Release|iPhone.ActiveCfg = Release|Any CPU
		{20FDA6ED-B68E-4610-807B-F358668F181E}.Release|iPhone.Build.0 = Release|Any CPU
		{20FDA6ED-B68E-4610-807B-F358668F181E}.Release|iPhone.Deploy.0 = Release|Any CPU
		{20FDA6ED-B68E-4610-807B-F358668F181E}.Release|iPhoneSimulator.ActiveCfg = Release|Any CPU
		{20FDA6ED-B68E-4610-807B-F358668F181E}.Release|iPhoneSimulator.Build.0 = Release|Any CPU
		{20FDA6ED-B68E-4610-807B-F358668F181E}.Release|iPhoneSimulator.Deploy.0 = Release|Any CPU
		{20FDA6ED-B68E-4610-807B-F358668F181E}.Release|x64.ActiveCfg = Release|Any CPU
		{20FDA6ED-B68E-4610-807B-F358668F181E}.Release|x64.Build.0 = Release|Any CPU
		{20FDA6ED-B68E-4610-807B-F358668F181E}.Release|x64.Deploy.0 = Release|Any CPU
		{20FDA6ED-B68E-4610-807B-F358668F181E}.Release|x86.ActiveCfg = Release|Any CPU
		{20FDA6ED-B68E-4610-807B-F358668F181E}.Release|x86.Build.0 = Release|Any CPU
		{20FDA6ED-B68E-4610-807B-F358668F181E}.Release|x86.Deploy.0 = Release|Any CPU
		{B445DF73-AC9E-4276-9FBA-7CB5AD5D2518}.Ad-Hoc|Any CPU.ActiveCfg = Release|Any CPU
		{B445DF73-AC9E-4276-9FBA-7CB5AD5D2518}.Ad-Hoc|Any CPU.Build.0 = Release|Any CPU
		{B445DF73-AC9E-4276-9FBA-7CB5AD5D2518}.Ad-Hoc|ARM.ActiveCfg = Release|Any CPU
		{B445DF73-AC9E-4276-9FBA-7CB5AD5D2518}.Ad-Hoc|ARM.Build.0 = Release|Any CPU
		{B445DF73-AC9E-4276-9FBA-7CB5AD5D2518}.Ad-Hoc|iPhone.ActiveCfg = Release|Any CPU
		{B445DF73-AC9E-4276-9FBA-7CB5AD5D2518}.Ad-Hoc|iPhone.Build.0 = Release|Any CPU
		{B445DF73-AC9E-4276-9FBA-7CB5AD5D2518}.Ad-Hoc|iPhoneSimulator.ActiveCfg = Release|Any CPU
		{B445DF73-AC9E-4276-9FBA-7CB5AD5D2518}.Ad-Hoc|iPhoneSimulator.Build.0 = Release|Any CPU
		{B445DF73-AC9E-4276-9FBA-7CB5AD5D2518}.Ad-Hoc|x64.ActiveCfg = Release|Any CPU
		{B445DF73-AC9E-4276-9FBA-7CB5AD5D2518}.Ad-Hoc|x64.Build.0 = Release|Any CPU
		{B445DF73-AC9E-4276-9FBA-7CB5AD5D2518}.Ad-Hoc|x86.ActiveCfg = Release|Any CPU
		{B445DF73-AC9E-4276-9FBA-7CB5AD5D2518}.Ad-Hoc|x86.Build.0 = Release|Any CPU
		{B445DF73-AC9E-4276-9FBA-7CB5AD5D2518}.AppStore|Any CPU.ActiveCfg = Release|Any CPU
		{B445DF73-AC9E-4276-9FBA-7CB5AD5D2518}.AppStore|Any CPU.Build.0 = Release|Any CPU
		{B445DF73-AC9E-4276-9FBA-7CB5AD5D2518}.AppStore|ARM.ActiveCfg = Release|Any CPU
		{B445DF73-AC9E-4276-9FBA-7CB5AD5D2518}.AppStore|ARM.Build.0 = Release|Any CPU
		{B445DF73-AC9E-4276-9FBA-7CB5AD5D2518}.AppStore|iPhone.ActiveCfg = Release|Any CPU
		{B445DF73-AC9E-4276-9FBA-7CB5AD5D2518}.AppStore|iPhone.Build.0 = Release|Any CPU
		{B445DF73-AC9E-4276-9FBA-7CB5AD5D2518}.AppStore|iPhoneSimulator.ActiveCfg = Release|Any CPU
		{B445DF73-AC9E-4276-9FBA-7CB5AD5D2518}.AppStore|iPhoneSimulator.Build.0 = Release|Any CPU
		{B445DF73-AC9E-4276-9FBA-7CB5AD5D2518}.AppStore|x64.ActiveCfg = Release|Any CPU
		{B445DF73-AC9E-4276-9FBA-7CB5AD5D2518}.AppStore|x64.Build.0 = Release|Any CPU
		{B445DF73-AC9E-4276-9FBA-7CB5AD5D2518}.AppStore|x86.ActiveCfg = Release|Any CPU
		{B445DF73-AC9E-4276-9FBA-7CB5AD5D2518}.AppStore|x86.Build.0 = Release|Any CPU
		{B445DF73-AC9E-4276-9FBA-7CB5AD5D2518}.Debug|Any CPU.ActiveCfg = Debug|Any CPU
		{B445DF73-AC9E-4276-9FBA-7CB5AD5D2518}.Debug|Any CPU.Build.0 = Debug|Any CPU
		{B445DF73-AC9E-4276-9FBA-7CB5AD5D2518}.Debug|ARM.ActiveCfg = Debug|Any CPU
		{B445DF73-AC9E-4276-9FBA-7CB5AD5D2518}.Debug|ARM.Build.0 = Debug|Any CPU
		{B445DF73-AC9E-4276-9FBA-7CB5AD5D2518}.Debug|iPhone.ActiveCfg = Debug|Any CPU
		{B445DF73-AC9E-4276-9FBA-7CB5AD5D2518}.Debug|iPhone.Build.0 = Debug|Any CPU
		{B445DF73-AC9E-4276-9FBA-7CB5AD5D2518}.Debug|iPhoneSimulator.ActiveCfg = Debug|Any CPU
		{B445DF73-AC9E-4276-9FBA-7CB5AD5D2518}.Debug|iPhoneSimulator.Build.0 = Debug|Any CPU
		{B445DF73-AC9E-4276-9FBA-7CB5AD5D2518}.Debug|x64.ActiveCfg = Debug|Any CPU
		{B445DF73-AC9E-4276-9FBA-7CB5AD5D2518}.Debug|x64.Build.0 = Debug|Any CPU
		{B445DF73-AC9E-4276-9FBA-7CB5AD5D2518}.Debug|x86.ActiveCfg = Debug|Any CPU
		{B445DF73-AC9E-4276-9FBA-7CB5AD5D2518}.Debug|x86.Build.0 = Debug|Any CPU
		{B445DF73-AC9E-4276-9FBA-7CB5AD5D2518}.Release|Any CPU.ActiveCfg = Release|Any CPU
		{B445DF73-AC9E-4276-9FBA-7CB5AD5D2518}.Release|Any CPU.Build.0 = Release|Any CPU
		{B445DF73-AC9E-4276-9FBA-7CB5AD5D2518}.Release|ARM.ActiveCfg = Release|Any CPU
		{B445DF73-AC9E-4276-9FBA-7CB5AD5D2518}.Release|ARM.Build.0 = Release|Any CPU
		{B445DF73-AC9E-4276-9FBA-7CB5AD5D2518}.Release|iPhone.ActiveCfg = Release|Any CPU
		{B445DF73-AC9E-4276-9FBA-7CB5AD5D2518}.Release|iPhone.Build.0 = Release|Any CPU
		{B445DF73-AC9E-4276-9FBA-7CB5AD5D2518}.Release|iPhoneSimulator.ActiveCfg = Release|Any CPU
		{B445DF73-AC9E-4276-9FBA-7CB5AD5D2518}.Release|iPhoneSimulator.Build.0 = Release|Any CPU
		{B445DF73-AC9E-4276-9FBA-7CB5AD5D2518}.Release|x64.ActiveCfg = Release|Any CPU
		{B445DF73-AC9E-4276-9FBA-7CB5AD5D2518}.Release|x64.Build.0 = Release|Any CPU
		{B445DF73-AC9E-4276-9FBA-7CB5AD5D2518}.Release|x86.ActiveCfg = Release|Any CPU
		{B445DF73-AC9E-4276-9FBA-7CB5AD5D2518}.Release|x86.Build.0 = Release|Any CPU
	EndGlobalSection
	GlobalSection(SolutionProperties) = preSolution
		HideSolutionNode = FALSE
	EndGlobalSection
	GlobalSection(ExtensibilityGlobals) = postSolution
		SolutionGuid = {F6D05029-56B8-4E45-AF2D-0E76295DDBA2}
	EndGlobalSection
EndGlobal
